Microsoft Visual Studio Solution File, Format Version 12.00
# Visual Studio Version 17
VisualStudioVersion = 17.0.31903.59
MinimumVisualStudioVersion = 10.0.40219.1
Project("{FAE04EC0-301F-11D3-BF4B-00C04F79EFBC}") = "VerdeMart.OpenBoxesBridge", "src\VerdeMart.OpenBoxesBridge\VerdeMart.OpenBoxesBridge.csproj", "{B6F0E1D3-9C5F-4E2B-A1A2-1F0E5B6C7D8E}"
EndProject
Global
	GlobalSection(SolutionConfigurationPlatforms) = preSolution
		Debug|Any CPU = Debug|Any CPU
		Release|Any CPU = Release|Any CPU
	EndGlobalSection
	GlobalSection(ProjectConfigurationPlatforms) = postSolution
		{B6F0E1D3-9C5F-4E2B-A1A2-1F0E5B6C7D8E}.Debug|Any CPU.ActiveCfg = Debug|Any CPU
		{B6F0E1D3-9C5F-4E2B-A1A2-1F0E5B6C7D8E}.Debug|Any CPU.Build.0 = Debug|Any CPU
		{B6F0E1D3-9C5F-4E2B-A1A2-1F0E5B6C7D8E}.Release|Any CPU.ActiveCfg = Release|Any CPU
		{B6F0E1D3-9C5F-4E2B-A1A2-1F0E5B6C7D8E}.Release|Any CPU.Build.0 = Release|Any CPU
	EndGlobalSection
	GlobalSection(SolutionProperties) = preSolution
		HideSolutionNode = FALSE
	EndGlobalSection
EndGlobal
