
Microsoft Visual Studio Solution File, Format Version 11.00
# Visual Studio 2010
Project("{2150E333-8FDC-42A3-9474-1A3956D46DE8}") = "Dependencies", "Dependencies", "{3AB03A71-3059-48C7-87D2-77AC5C7A89E4}"
	ProjectSection(SolutionItems) = preProject
		Dependencies\AjaxControlToolkit.dll = Dependencies\AjaxControlToolkit.dll
		Dependencies\GCheckout.dll = Dependencies\GCheckout.dll
		Dependencies\Ionic.Zip.dll = Dependencies\Ionic.Zip.dll
		Dependencies\MigraDoc.DocumentObjectModel.dll = Dependencies\MigraDoc.DocumentObjectModel.dll
		Dependencies\MigraDoc.Rendering.dll = Dependencies\MigraDoc.Rendering.dll
		Dependencies\MigraDoc.RtfRendering.dll = Dependencies\MigraDoc.RtfRendering.dll
		Dependencies\Payflow_dotNET.dll = Dependencies\Payflow_dotNET.dll
		Dependencies\PdfSharp.Charting.dll = Dependencies\PdfSharp.Charting.dll
		Dependencies\PdfSharp.dll = Dependencies\PdfSharp.dll
		Dependencies\RssToolkit.dll = Dependencies\RssToolkit.dll
		Dependencies\USAePayAPI.dll = Dependencies\USAePayAPI.dll
	EndProjectSection
EndProject
Project("{2150E333-8FDC-42A3-9474-1A3956D46DE8}") = "Payment", "Payment", "{4CFBCFAB-08CD-4F5B-99FA-5BA79252B520}"
EndProject
Project("{2150E333-8FDC-42A3-9474-1A3956D46DE8}") = "Shipping", "Shipping", "{07C16165-F4BA-4344-AEDE-A1DA33CEDB4C}"
EndProject
Project("{2150E333-8FDC-42A3-9474-1A3956D46DE8}") = "Tax", "Tax", "{753EB1D7-133F-48AC-A14F-AE083BA0A9D2}"
EndProject
Project("{2150E333-8FDC-42A3-9474-1A3956D46DE8}") = "Libraries", "Libraries", "{A3E1635B-ECA0-46B2-B9BD-CA9340A23257}"
EndProject
Project("{FAE04EC0-301F-11D3-BF4B-00C04F79EFBC}") = "Nop.BusinessLogic", "Libraries\Nop.BusinessLogic\Nop.BusinessLogic.csproj", "{EDF31192-A159-48DA-A737-9935A8A5BC18}"
EndProject
Project("{FAE04EC0-301F-11D3-BF4B-00C04F79EFBC}") = "Nop.Payment.AuthorizeNet", "Payment\Nop.Payment.AuthorizeNet\Nop.Payment.AuthorizeNet.csproj", "{9DE22C67-7C2A-4321-8501-68F024E541D5}"
EndProject
Project("{FAE04EC0-301F-11D3-BF4B-00C04F79EFBC}") = "Nop.Payment.eWay", "Payment\Nop.Payment.eWay\Nop.Payment.eWay.csproj", "{DAC5D35D-971A-49BD-AA64-2018F8C18E37}"
EndProject
Project("{FAE04EC0-301F-11D3-BF4B-00C04F79EFBC}") = "Nop.Payment.Manual", "Payment\Nop.Payment.Manual\Nop.Payment.Manual.csproj", "{1D81D88C-CB3C-43E0-A305-DA26DAD04DB9}"
EndProject
Project("{FAE04EC0-301F-11D3-BF4B-00C04F79EFBC}") = "Nop.Payment.Moneybookers", "Payment\Nop.Payment.Moneybookers\Nop.Payment.Moneybookers.csproj", "{95EF905E-1744-4C55-A766-970DFEBF4B21}"
EndProject
Project("{FAE04EC0-301F-11D3-BF4B-00C04F79EFBC}") = "Nop.Payment.PayPal", "Payment\Nop.Payment.PayPal\Nop.Payment.PayPal.csproj", "{D62E5B76-9561-48BC-864A-F934DA28736C}"
EndProject
Project("{FAE04EC0-301F-11D3-BF4B-00C04F79EFBC}") = "Nop.Payment.TwoCheckout", "Payment\Nop.Payment.TwoCheckout\Nop.Payment.TwoCheckout.csproj", "{2DF66133-1618-4935-921E-BFF784735C3A}"
EndProject
Project("{FAE04EC0-301F-11D3-BF4B-00C04F79EFBC}") = "Nop.Payment.Worldpay", "Payment\Nop.Payment.Worldpay\Nop.Payment.Worldpay.csproj", "{52E712D4-946B-4DFE-B7AD-A1383AEE9146}"
EndProject
Project("{FAE04EC0-301F-11D3-BF4B-00C04F79EFBC}") = "Nop.Shipping.ShippingByTotal", "Shipping\Nop.Shipping.ShippingByTotal\Nop.Shipping.ShippingByTotal.csproj", "{DB0E4C93-A1E6-43DA-A068-8FDEAC9F30BE}"
EndProject
Project("{FAE04EC0-301F-11D3-BF4B-00C04F79EFBC}") = "Nop.Shipping.ShippingByWeight", "Shipping\Nop.Shipping.ShippingByWeight\Nop.Shipping.ShippingByWeight.csproj", "{FF0437D2-EA6D-4451-BE7A-666C7675B9EC}"
EndProject
Project("{FAE04EC0-301F-11D3-BF4B-00C04F79EFBC}") = "Nop.Shipping.FreeShipping", "Shipping\Nop.Shipping.FreeShipping\Nop.Shipping.FreeShipping.csproj", "{4383BA85-3EF8-4B18-9CA1-5D5A9A93135A}"
EndProject
Project("{FAE04EC0-301F-11D3-BF4B-00C04F79EFBC}") = "Nop.Shipping.ShippingByWeightAndCountry", "Shipping\Nop.Shipping.ShippingByWeightAndCountry\Nop.Shipping.ShippingByWeightAndCountry.csproj", "{86FD6898-29AE-4C6E-A3FA-D396345367CD}"
EndProject
Project("{FAE04EC0-301F-11D3-BF4B-00C04F79EFBC}") = "Nop.HttpModules.MembershipModule", "Libraries\Nop.HttpModules.MembershipModule\Nop.HttpModules.MembershipModule.csproj", "{ADC07038-4AAC-45E4-B652-75A971A413A5}"
EndProject
Project("{FAE04EC0-301F-11D3-BF4B-00C04F79EFBC}") = "Nop.Froogle", "Libraries\Nop.Froogle\Nop.Froogle.csproj", "{1DE849F3-EA26-43A8-9D49-32B6FECBF0AA}"
EndProject
Project("{FAE04EC0-301F-11D3-BF4B-00C04F79EFBC}") = "Nop.Shipping.USPS", "Shipping\Nop.Shipping.USPS\Nop.Shipping.USPS.csproj", "{8E00DA87-C4EC-4E72-AC41-801A1116AB96}"
EndProject
Project("{FAE04EC0-301F-11D3-BF4B-00C04F79EFBC}") = "Nop.Shipping.UPS", "Shipping\Nop.Shipping.UPS\Nop.Shipping.UPS.csproj", "{70F14126-DC82-448F-9642-EF529DAC9C78}"
EndProject
Project("{FAE04EC0-301F-11D3-BF4B-00C04F79EFBC}") = "Nop.Tax.FreeTaxProvider", "Tax\Nop.Tax.FreeTaxProvider\Nop.Tax.FreeTaxProvider.csproj", "{F7AAF6FC-8DB9-4DA1-A06B-CEF47DC23355}"
EndProject
Project("{FAE04EC0-301F-11D3-BF4B-00C04F79EFBC}") = "Nop.Tax.GeneralTaxProvider", "Tax\Nop.Tax.GeneralTaxProvider\Nop.Tax.GeneralTaxProvider.csproj", "{22840ACF-2626-4F01-A6F4-9F7425387074}"
EndProject
Project("{FAE04EC0-301F-11D3-BF4B-00C04F79EFBC}") = "Nop.Tax.StrikeIron", "Tax\Nop.Tax.StrikeIron\Nop.Tax.StrikeIron.csproj", "{13F8303C-64C6-4420-B957-E6F557BF4D43}"
EndProject
Project("{FAE04EC0-301F-11D3-BF4B-00C04F79EFBC}") = "Nop.Payment.GoogleCheckout", "Payment\Nop.Payment.GoogleCheckout\Nop.Payment.GoogleCheckout.csproj", "{C0B374F5-F9D9-4113-9C2D-6E50B1164388}"
EndProject
Project("{FAE04EC0-301F-11D3-BF4B-00C04F79EFBC}") = "Nop.Payment.CashOnDelivery", "Payment\Nop.Payment.CashOnDelivery\Nop.Payment.CashOnDelivery.csproj", "{9E28F403-67DD-430E-BF7E-5DC59CF78E14}"
EndProject
Project("{FAE04EC0-301F-11D3-BF4B-00C04F79EFBC}") = "Nop.Payment.PayFlowPro", "Payment\Nop.Payment.PayFlowPro\Nop.Payment.PayFlowPro.csproj", "{9FBF63D5-1C80-43F0-8CDA-702A08ED3C58}"
EndProject
Project("{FAE04EC0-301F-11D3-BF4B-00C04F79EFBC}") = "Nop.Payment.Check", "Payment\Nop.Payment.Check\Nop.Payment.Check.csproj", "{752A863D-9C63-4788-AAD9-8FCE11F21871}"
EndProject
Project("{FAE04EC0-301F-11D3-BF4B-00C04F79EFBC}") = "Nop.Payment.PurchaseOrder", "Payment\Nop.Payment.PurchaseOrder\Nop.Payment.PurchaseOrder.csproj", "{0B806A13-4B08-4855-AE3A-578057DB09CD}"
EndProject
Project("{FAE04EC0-301F-11D3-BF4B-00C04F79EFBC}") = "Nop.Payment.PSIGate", "Payment\Nop.Payment.PSIGate\Nop.Payment.PSIGate.csproj", "{2C573ADD-4B09-4CE1-9849-E25732938960}"
EndProject
Project("{FAE04EC0-301F-11D3-BF4B-00C04F79EFBC}") = "Nop.Payment.CDGcommerce", "Payment\Nop.Payment.CDGcommerce\Nop.Payment.CDGcommerce.csproj", "{23121FD0-FF0B-452C-85F5-47AF5CBD586C}"
EndProject
Project("{FAE04EC0-301F-11D3-BF4B-00C04F79EFBC}") = "UrlRewritingNet.UrlRewriter", "Libraries\UrlRewritingNet.UrlRewriter\UrlRewritingNet.UrlRewriter.csproj", "{44697772-09C1-4B28-B3F5-C28B693B06F7}"
EndProject
Project("{FAE04EC0-301F-11D3-BF4B-00C04F79EFBC}") = "NopCommerceStore", "NopCommerceStore\NopCommerceStore.csproj", "{036B2F92-F9C0-43CB-B00B-06A61B1C390D}"
EndProject
Project("{FAE04EC0-301F-11D3-BF4B-00C04F79EFBC}") = "Nop.HttpModules.BlacklistModule", "Libraries\Nop.HttpModules.BlacklistModule\Nop.HttpModules.BlacklistModule.csproj", "{4D26AD7F-0482-4B2D-A5A6-A1AE338B4F4D}"
EndProject
Project("{FAE04EC0-301F-11D3-BF4B-00C04F79EFBC}") = "Nop.Shipping.FixedRateShipping", "Shipping\Nop.Shipping.FixedRateShipping\Nop.Shipping.FixedRateShipping.csproj", "{B401F477-3472-4C70-B3FE-D094703709F8}"
EndProject
Project("{FAE04EC0-301F-11D3-BF4B-00C04F79EFBC}") = "Nop.Tax.FixedRateTaxProvider", "Tax\Nop.Tax.FixedRateTaxProvider\Nop.Tax.FixedRateTaxProvider.csproj", "{082B65A7-CDC8-471B-88A9-BA017FC9E80F}"
EndProject
Project("{FAE04EC0-301F-11D3-BF4B-00C04F79EFBC}") = "Nop.Shipping.FedEx", "Shipping\Nop.Shipping.FedEx\Nop.Shipping.FedEx.csproj", "{7FB67A64-F5F3-482A-9FC3-B4C63072BA22}"
EndProject
Project("{FAE04EC0-301F-11D3-BF4B-00C04F79EFBC}") = "Nop.Payment.eWayUK", "Payment\Nop.Payment.eWayUK\Nop.Payment.eWayUK.csproj", "{72A5D78D-0714-4C8B-9A80-4E614CB9FFBE}"
EndProject
Project("{FAE04EC0-301F-11D3-BF4B-00C04F79EFBC}") = "Nop.Controls", "Libraries\Nop.Controls\Nop.Controls.csproj", "{E682693C-DC17-4C46-BB57-6DC2C2B02555}"
EndProject
Project("{FAE04EC0-301F-11D3-BF4B-00C04F79EFBC}") = "Nop.Common", "Libraries\Nop.Common\Nop.Common.csproj", "{A598DC05-2E62-4114-AC3E-A6E58E085AFF}"
EndProject
Project("{FAE04EC0-301F-11D3-BF4B-00C04F79EFBC}") = "Nop.Shipping.CanadaPost", "Shipping\Nop.Shipping.CanadaPost\Nop.Shipping.CanadaPost.csproj", "{D662F994-301C-4D43-9DD6-126A02344192}"
EndProject
Project("{FAE04EC0-301F-11D3-BF4B-00C04F79EFBC}") = "Nop.Payment.Amazon", "Payment\Nop.Payment.Amazon\Nop.Payment.Amazon.csproj", "{A6680F19-D6F7-4DDC-9C8A-F9700872196B}"
EndProject
Project("{FAE04EC0-301F-11D3-BF4B-00C04F79EFBC}") = "Nop.Payment.ChronoPay", "Payment\Nop.Payment.ChronoPay\Nop.Payment.ChronoPay.csproj", "{D156F778-6950-4DA5-8363-30DACE29A720}"
EndProject
Project("{FAE04EC0-301F-11D3-BF4B-00C04F79EFBC}") = "Nop.Shipping.AustraliaPost", "Shipping\Nop.Shipping.AustraliaPost\Nop.Shipping.AustraliaPost.csproj", "{372F2340-971F-4F59-AEF3-B303F2AABF35}"
EndProject
Project("{FAE04EC0-301F-11D3-BF4B-00C04F79EFBC}") = "Nop.Payment.PayJunction", "Payment\Nop.Payment.PayJunction\Nop.Payment.PayJunction.csproj", "{075835EA-8B16-4CE9-A2B2-BAA167F4C58E}"
EndProject
Project("{FAE04EC0-301F-11D3-BF4B-00C04F79EFBC}") = "Nop.Payment.Assist", "Payment\Nop.Payment.Assist\Nop.Payment.Assist.csproj", "{0CF9F5E6-1F40-4CDB-9266-B17D89286610}"
EndProject
Project("{FAE04EC0-301F-11D3-BF4B-00C04F79EFBC}") = "Nop.Payment.CyberSource", "Payment\Nop.Payment.CyberSource\Nop.Payment.CyberSource.csproj", "{A1BD27EF-DE16-4D03-AB76-F20899261FCC}"
EndProject
Project("{FAE04EC0-301F-11D3-BF4B-00C04F79EFBC}") = "Nop.Payment.Svea", "Payment\Nop.Payment.Svea\Nop.Payment.Svea.csproj", "{12B4E3A7-8E7A-4686-BDA9-1AC544A4C793}"
EndProject
Project("{FAE04EC0-301F-11D3-BF4B-00C04F79EFBC}") = "Nop.Payment.Dibs", "Payment\Nop.Payment.Dibs\Nop.Payment.Dibs.csproj", "{CB167D55-3E0E-466D-99DF-A4C28CD052DD}"
EndProject
Project("{FAE04EC0-301F-11D3-BF4B-00C04F79EFBC}") = "Nop.Payment.PayInStore", "Payment\Nop.Payment.PayInStore\Nop.Payment.PayInStore.csproj", "{64CBE647-2157-46B6-8AE5-0B742D2382D7}"
EndProject
Project("{FAE04EC0-301F-11D3-BF4B-00C04F79EFBC}") = "Nop.Payment.Beanstream", "Payment\Nop.Payment.Beanstream\Nop.Payment.Beanstream.csproj", "{8057ED68-10FE-4D57-B260-74C7644534E9}"
EndProject
Project("{FAE04EC0-301F-11D3-BF4B-00C04F79EFBC}") = "Nop.Payment.Moneris", "Payment\Nop.Payment.Moneris\Nop.Payment.Moneris.csproj", "{9780997C-8255-47E4-A802-EF2ADFC6A002}"
EndProject
Project("{FAE04EC0-301F-11D3-BF4B-00C04F79EFBC}") = "Nop.Payment.PayPoint", "Payment\Nop.Payment.PayPoint\Nop.Payment.PayPoint.csproj", "{4B27500B-CA15-46DC-8CF8-5C8607691F3C}"
EndProject
Project("{FAE04EC0-301F-11D3-BF4B-00C04F79EFBC}") = "Nop.Payment.SecurePay", "Payment\Nop.Payment.SecurePay\Nop.Payment.SecurePay.csproj", "{45CD5C03-6B0A-44BB-A365-5963F7DC8A7F}"
EndProject
Project("{FAE04EC0-301F-11D3-BF4B-00C04F79EFBC}") = "Nop.Payment.USAePay", "Payment\Nop.Payment.USAePay\Nop.Payment.USAePay.csproj", "{6068514A-0F73-4478-A1AA-8120CE1057F8}"
EndProject
Project("{FAE04EC0-301F-11D3-BF4B-00C04F79EFBC}") = "Nop.Payment.iDeal", "Payment\Nop.Payment.iDeal\Nop.Payment.iDeal.csproj", "{E0567226-B2DD-468F-AC17-34EB60D117F3}"
EndProject
Project("{FAE04EC0-301F-11D3-BF4B-00C04F79EFBC}") = "Nop.Payment.Sermepa", "Payment\Nop.Payment.Sermepa\Nop.Payment.Sermepa.csproj", "{597C63E1-D88B-4E27-9093-2963860FE905}"
EndProject
Project("{FAE04EC0-301F-11D3-BF4B-00C04F79EFBC}") = "Nop.Payment.SagePay", "Payment\Nop.Payment.SagePay\Nop.Payment.SagePay.csproj", "{F7F08A65-1412-4FF7-B869-5B0407AE6915}"
EndProject
Project("{FAE04EC0-301F-11D3-BF4B-00C04F79EFBC}") = "Nop.Payment.QuickPay", "Payment\Nop.Payment.QuickPay\Nop.Payment.QuickPay.csproj", "{834E2826-C5D8-4C3F-8B79-51CB2BE462CA}"
EndProject
Project("{FAE04EC0-301F-11D3-BF4B-00C04F79EFBC}") = "Nop.Payment.Alipay", "Payment\Nop.Payment.Alipay\Nop.Payment.Alipay.csproj", "{7116F638-B9B6-454D-A12D-A81118023DFB}"
EndProject
Project("{FAE04EC0-301F-11D3-BF4B-00C04F79EFBC}") = "Nop.PriceGrabber", "Libraries\Nop.PriceGrabber\Nop.PriceGrabber.csproj", "{2E7C1D59-84AF-4E2A-870A-9D627AD68F56}"
EndProject
Project("{FAE04EC0-301F-11D3-BF4B-00C04F79EFBC}") = "Nop.Become", "Libraries\Nop.Become\Nop.Become.csproj", "{B91A4CB2-D8AF-4784-BED3-CF166FA5B7AD}"
EndProject
Project("{FAE04EC0-301F-11D3-BF4B-00C04F79EFBC}") = "Nop.Payment.CCAvenue", "Payment\Nop.Payment.CCAvenue\Nop.Payment.CCAvenue.csproj", "{2BD730CA-42B9-4BEE-8D89-963CA55BB74B}"
EndProject
Global
	GlobalSection(TeamFoundationVersionControl) = preSolution
		SccNumberOfProjects = 59
		SccEnterpriseProvider = {4CA58AB2-18FA-4F8D-95D4-32DDF27D184C}
		SccTeamFoundationServer = https://tfs.codeplex.com/tfs/tfs05
		SccLocalPath0 = .
		SccProjectUniqueName1 = Libraries\\Nop.Become\\Nop.Become.csproj
		SccProjectTopLevelParentUniqueName1 = NopCommerce.sln
		SccProjectName1 = Libraries/Nop.Become
		SccLocalPath1 = Libraries\\Nop.Become
		SccProjectUniqueName2 = Libraries\\Nop.BusinessLogic\\Nop.BusinessLogic.csproj
		SccProjectTopLevelParentUniqueName2 = NopCommerce.sln
		SccProjectName2 = Libraries/Nop.BusinessLogic
		SccLocalPath2 = Libraries\\Nop.BusinessLogic
		SccProjectUniqueName3 = Libraries\\Nop.Common\\Nop.Common.csproj
		SccProjectTopLevelParentUniqueName3 = NopCommerce.sln
		SccProjectName3 = Libraries/Nop.Common
		SccLocalPath3 = Libraries\\Nop.Common
		SccProjectUniqueName4 = Libraries\\Nop.Controls\\Nop.Controls.csproj
		SccProjectTopLevelParentUniqueName4 = NopCommerce.sln
		SccProjectName4 = Libraries/Nop.Controls
		SccLocalPath4 = Libraries\\Nop.Controls
		SccProjectUniqueName5 = Libraries\\Nop.Froogle\\Nop.Froogle.csproj
		SccProjectTopLevelParentUniqueName5 = NopCommerce.sln
		SccProjectName5 = Libraries/Nop.Froogle
		SccLocalPath5 = Libraries\\Nop.Froogle
		SccProjectUniqueName6 = Libraries\\Nop.HttpModules.BlacklistModule\\Nop.HttpModules.BlacklistModule.csproj
		SccProjectTopLevelParentUniqueName6 = NopCommerce.sln
		SccProjectName6 = Libraries/Nop.HttpModules.BlacklistModule
		SccLocalPath6 = Libraries\\Nop.HttpModules.BlacklistModule
		SccProjectUniqueName7 = Libraries\\Nop.HttpModules.MembershipModule\\Nop.HttpModules.MembershipModule.csproj
		SccProjectTopLevelParentUniqueName7 = NopCommerce.sln
		SccProjectName7 = Libraries/Nop.HttpModules.MembershipModule
		SccLocalPath7 = Libraries\\Nop.HttpModules.MembershipModule
		SccProjectUniqueName8 = Libraries\\Nop.PriceGrabber\\Nop.PriceGrabber.csproj
		SccProjectTopLevelParentUniqueName8 = NopCommerce.sln
		SccProjectName8 = Libraries/Nop.PriceGrabber
		SccLocalPath8 = Libraries\\Nop.PriceGrabber
		SccProjectUniqueName9 = Libraries\\UrlRewritingNet.UrlRewriter\\UrlRewritingNet.UrlRewriter.csproj
		SccProjectTopLevelParentUniqueName9 = NopCommerce.sln
		SccProjectName9 = Libraries/UrlRewritingNet.UrlRewriter
		SccLocalPath9 = Libraries\\UrlRewritingNet.UrlRewriter
		SccProjectUniqueName10 = NopCommerceStore\\NopCommerceStore.csproj
		SccProjectName10 = NopCommerceStore
		SccLocalPath10 = NopCommerceStore
		SccProjectUniqueName11 = Payment\\Nop.Payment.Alipay\\Nop.Payment.Alipay.csproj
		SccProjectTopLevelParentUniqueName11 = NopCommerce.sln
		SccProjectName11 = Payment/Nop.Payment.Alipay
		SccLocalPath11 = Payment\\Nop.Payment.Alipay
		SccProjectUniqueName12 = Payment\\Nop.Payment.Amazon\\Nop.Payment.Amazon.csproj
		SccProjectTopLevelParentUniqueName12 = NopCommerce.sln
		SccProjectName12 = Payment/Nop.Payment.Amazon
		SccLocalPath12 = Payment\\Nop.Payment.Amazon
		SccProjectUniqueName13 = Payment\\Nop.Payment.Assist\\Nop.Payment.Assist.csproj
		SccProjectTopLevelParentUniqueName13 = NopCommerce.sln
		SccProjectName13 = Payment/Nop.Payment.Assist
		SccLocalPath13 = Payment\\Nop.Payment.Assist
		SccProjectUniqueName14 = Payment\\Nop.Payment.AuthorizeNet\\Nop.Payment.AuthorizeNet.csproj
		SccProjectTopLevelParentUniqueName14 = NopCommerce.sln
		SccProjectName14 = Payment/Nop.Payment.AuthorizeNet
		SccLocalPath14 = Payment\\Nop.Payment.AuthorizeNet
		SccProjectUniqueName15 = Payment\\Nop.Payment.Beanstream\\Nop.Payment.Beanstream.csproj
		SccProjectTopLevelParentUniqueName15 = NopCommerce.sln
		SccProjectName15 = Payment/Nop.Payment.Beanstream
		SccLocalPath15 = Payment\\Nop.Payment.Beanstream
		SccProjectUniqueName16 = Payment\\Nop.Payment.CashOnDelivery\\Nop.Payment.CashOnDelivery.csproj
		SccProjectTopLevelParentUniqueName16 = NopCommerce.sln
		SccProjectName16 = Payment/Nop.Payment.CashOnDelivery
		SccLocalPath16 = Payment\\Nop.Payment.CashOnDelivery
		SccProjectUniqueName17 = Payment\\Nop.Payment.CDGcommerce\\Nop.Payment.CDGcommerce.csproj
		SccProjectTopLevelParentUniqueName17 = NopCommerce.sln
		SccProjectName17 = Payment/Nop.Payment.CDGcommerce
		SccLocalPath17 = Payment\\Nop.Payment.CDGcommerce
		SccProjectUniqueName18 = Payment\\Nop.Payment.Check\\Nop.Payment.Check.csproj
		SccProjectTopLevelParentUniqueName18 = NopCommerce.sln
		SccProjectName18 = Payment/Nop.Payment.Check
		SccLocalPath18 = Payment\\Nop.Payment.Check
		SccProjectUniqueName19 = Payment\\Nop.Payment.ChronoPay\\Nop.Payment.ChronoPay.csproj
		SccProjectTopLevelParentUniqueName19 = NopCommerce.sln
		SccProjectName19 = Payment/Nop.Payment.ChronoPay
		SccLocalPath19 = Payment\\Nop.Payment.ChronoPay
		SccProjectUniqueName20 = Payment\\Nop.Payment.CyberSource\\Nop.Payment.CyberSource.csproj
		SccProjectTopLevelParentUniqueName20 = NopCommerce.sln
		SccProjectName20 = Payment/Nop.Payment.CyberSource
		SccLocalPath20 = Payment\\Nop.Payment.CyberSource
		SccProjectUniqueName21 = Payment\\Nop.Payment.Dibs\\Nop.Payment.Dibs.csproj
		SccProjectTopLevelParentUniqueName21 = NopCommerce.sln
		SccProjectName21 = Payment/Nop.Payment.Dibs
		SccLocalPath21 = Payment\\Nop.Payment.Dibs
		SccProjectUniqueName22 = Payment\\Nop.Payment.eWay\\Nop.Payment.eWay.csproj
		SccProjectTopLevelParentUniqueName22 = NopCommerce.sln
		SccProjectName22 = Payment/Nop.Payment.eWay
		SccLocalPath22 = Payment\\Nop.Payment.eWay
		SccProjectUniqueName23 = Payment\\Nop.Payment.eWayUK\\Nop.Payment.eWayUK.csproj
		SccProjectTopLevelParentUniqueName23 = NopCommerce.sln
		SccProjectName23 = Payment/Nop.Payment.eWayUK
		SccLocalPath23 = Payment\\Nop.Payment.eWayUK
		SccProjectUniqueName24 = Payment\\Nop.Payment.GoogleCheckout\\Nop.Payment.GoogleCheckout.csproj
		SccProjectTopLevelParentUniqueName24 = NopCommerce.sln
		SccProjectName24 = Payment/Nop.Payment.GoogleCheckout
		SccLocalPath24 = Payment\\Nop.Payment.GoogleCheckout
		SccProjectUniqueName25 = Payment\\Nop.Payment.iDeal\\Nop.Payment.iDeal.csproj
		SccProjectTopLevelParentUniqueName25 = NopCommerce.sln
		SccProjectName25 = Payment/Nop.Payment.iDeal
		SccLocalPath25 = Payment\\Nop.Payment.iDeal
		SccProjectUniqueName26 = Payment\\Nop.Payment.Manual\\Nop.Payment.Manual.csproj
		SccProjectTopLevelParentUniqueName26 = NopCommerce.sln
		SccProjectName26 = Payment/Nop.Payment.Manual
		SccLocalPath26 = Payment\\Nop.Payment.Manual
		SccProjectUniqueName27 = Payment\\Nop.Payment.Moneris\\Nop.Payment.Moneris.csproj
		SccProjectTopLevelParentUniqueName27 = NopCommerce.sln
		SccProjectName27 = Payment/Nop.Payment.Moneris
		SccLocalPath27 = Payment\\Nop.Payment.Moneris
		SccProjectUniqueName28 = Payment\\Nop.Payment.Moneybookers\\Nop.Payment.Moneybookers.csproj
		SccProjectTopLevelParentUniqueName28 = NopCommerce.sln
		SccProjectName28 = Payment/Nop.Payment.Moneybookers
		SccLocalPath28 = Payment\\Nop.Payment.Moneybookers
		SccProjectUniqueName29 = Payment\\Nop.Payment.PayFlowPro\\Nop.Payment.PayFlowPro.csproj
		SccProjectTopLevelParentUniqueName29 = NopCommerce.sln
		SccProjectName29 = Payment/Nop.Payment.PayFlowPro
		SccLocalPath29 = Payment\\Nop.Payment.PayFlowPro
		SccProjectUniqueName30 = Payment\\Nop.Payment.PayInStore\\Nop.Payment.PayInStore.csproj
		SccProjectTopLevelParentUniqueName30 = NopCommerce.sln
		SccProjectName30 = Payment/Nop.Payment.PayInStore
		SccLocalPath30 = Payment\\Nop.Payment.PayInStore
		SccProjectUniqueName31 = Payment\\Nop.Payment.PayJunction\\Nop.Payment.PayJunction.csproj
		SccProjectTopLevelParentUniqueName31 = NopCommerce.sln
		SccProjectName31 = Payment/Nop.Payment.PayJunction
		SccLocalPath31 = Payment\\Nop.Payment.PayJunction
		SccProjectUniqueName32 = Payment\\Nop.Payment.PayPal\\Nop.Payment.PayPal.csproj
		SccProjectTopLevelParentUniqueName32 = NopCommerce.sln
		SccProjectName32 = Payment/Nop.Payment.PayPal
		SccLocalPath32 = Payment\\Nop.Payment.PayPal
		SccProjectUniqueName33 = Payment\\Nop.Payment.PayPoint\\Nop.Payment.PayPoint.csproj
		SccProjectTopLevelParentUniqueName33 = NopCommerce.sln
		SccProjectName33 = Payment/Nop.Payment.PayPoint
		SccLocalPath33 = Payment\\Nop.Payment.PayPoint
		SccProjectUniqueName34 = Payment\\Nop.Payment.PSIGate\\Nop.Payment.PSIGate.csproj
		SccProjectTopLevelParentUniqueName34 = NopCommerce.sln
		SccProjectName34 = Payment/Nop.Payment.PSIGate
		SccLocalPath34 = Payment\\Nop.Payment.PSIGate
		SccProjectUniqueName35 = Payment\\Nop.Payment.PurchaseOrder\\Nop.Payment.PurchaseOrder.csproj
		SccProjectTopLevelParentUniqueName35 = NopCommerce.sln
		SccProjectName35 = Payment/Nop.Payment.PurchaseOrder
		SccLocalPath35 = Payment\\Nop.Payment.PurchaseOrder
		SccProjectUniqueName36 = Payment\\Nop.Payment.QuickPay\\Nop.Payment.QuickPay.csproj
		SccProjectTopLevelParentUniqueName36 = NopCommerce.sln
		SccProjectName36 = Payment/Nop.Payment.QuickPay
		SccLocalPath36 = Payment\\Nop.Payment.QuickPay
		SccProjectUniqueName37 = Payment\\Nop.Payment.SagePay\\Nop.Payment.SagePay.csproj
		SccProjectTopLevelParentUniqueName37 = NopCommerce.sln
		SccProjectName37 = Payment/Nop.Payment.SagePay
		SccLocalPath37 = Payment\\Nop.Payment.SagePay
		SccProjectUniqueName38 = Payment\\Nop.Payment.SecurePay\\Nop.Payment.SecurePay.csproj
		SccProjectTopLevelParentUniqueName38 = NopCommerce.sln
		SccProjectName38 = Payment/Nop.Payment.SecurePay
		SccLocalPath38 = Payment\\Nop.Payment.SecurePay
		SccProjectUniqueName39 = Payment\\Nop.Payment.Sermepa\\Nop.Payment.Sermepa.csproj
		SccProjectTopLevelParentUniqueName39 = NopCommerce.sln
		SccProjectName39 = Payment/Nop.Payment.Sermepa
		SccLocalPath39 = Payment\\Nop.Payment.Sermepa
		SccProjectUniqueName40 = Payment\\Nop.Payment.Svea\\Nop.Payment.Svea.csproj
		SccProjectTopLevelParentUniqueName40 = NopCommerce.sln
		SccProjectName40 = Payment/Nop.Payment.Svea
		SccLocalPath40 = Payment\\Nop.Payment.Svea
		SccProjectUniqueName41 = Payment\\Nop.Payment.TwoCheckout\\Nop.Payment.TwoCheckout.csproj
		SccProjectTopLevelParentUniqueName41 = NopCommerce.sln
		SccProjectName41 = Payment/Nop.Payment.TwoCheckout
		SccLocalPath41 = Payment\\Nop.Payment.TwoCheckout
		SccProjectUniqueName42 = Payment\\Nop.Payment.USAePay\\Nop.Payment.USAePay.csproj
		SccProjectTopLevelParentUniqueName42 = NopCommerce.sln
		SccProjectName42 = Payment/Nop.Payment.USAePay
		SccLocalPath42 = Payment\\Nop.Payment.USAePay
		SccProjectUniqueName43 = Payment\\Nop.Payment.Worldpay\\Nop.Payment.Worldpay.csproj
		SccProjectTopLevelParentUniqueName43 = NopCommerce.sln
		SccProjectName43 = Payment/Nop.Payment.Worldpay
		SccLocalPath43 = Payment\\Nop.Payment.Worldpay
		SccProjectUniqueName44 = Shipping\\Nop.Shipping.AustraliaPost\\Nop.Shipping.AustraliaPost.csproj
		SccProjectTopLevelParentUniqueName44 = NopCommerce.sln
		SccProjectName44 = Shipping/Nop.Shipping.AustraliaPost
		SccLocalPath44 = Shipping\\Nop.Shipping.AustraliaPost
		SccProjectUniqueName45 = Shipping\\Nop.Shipping.CanadaPost\\Nop.Shipping.CanadaPost.csproj
		SccProjectTopLevelParentUniqueName45 = NopCommerce.sln
		SccProjectName45 = Shipping/Nop.Shipping.CanadaPost
		SccLocalPath45 = Shipping\\Nop.Shipping.CanadaPost
		SccProjectUniqueName46 = Shipping\\Nop.Shipping.FedEx\\Nop.Shipping.FedEx.csproj
		SccProjectTopLevelParentUniqueName46 = NopCommerce.sln
		SccProjectName46 = Shipping/Nop.Shipping.FedEx
		SccLocalPath46 = Shipping\\Nop.Shipping.FedEx
		SccProjectUniqueName47 = Shipping\\Nop.Shipping.FixedRateShipping\\Nop.Shipping.FixedRateShipping.csproj
		SccProjectTopLevelParentUniqueName47 = NopCommerce.sln
		SccProjectName47 = Shipping/Nop.Shipping.FixedRateShipping
		SccLocalPath47 = Shipping\\Nop.Shipping.FixedRateShipping
		SccProjectUniqueName48 = Shipping\\Nop.Shipping.FreeShipping\\Nop.Shipping.FreeShipping.csproj
		SccProjectTopLevelParentUniqueName48 = NopCommerce.sln
		SccProjectName48 = Shipping/Nop.Shipping.FreeShipping
		SccLocalPath48 = Shipping\\Nop.Shipping.FreeShipping
		SccProjectUniqueName49 = Shipping\\Nop.Shipping.ShippingByTotal\\Nop.Shipping.ShippingByTotal.csproj
		SccProjectTopLevelParentUniqueName49 = NopCommerce.sln
		SccProjectName49 = Shipping/Nop.Shipping.ShippingByTotal
		SccLocalPath49 = Shipping\\Nop.Shipping.ShippingByTotal
		SccProjectUniqueName50 = Shipping\\Nop.Shipping.ShippingByWeight\\Nop.Shipping.ShippingByWeight.csproj
		SccProjectTopLevelParentUniqueName50 = NopCommerce.sln
		SccProjectName50 = Shipping/Nop.Shipping.ShippingByWeight
		SccLocalPath50 = Shipping\\Nop.Shipping.ShippingByWeight
		SccProjectUniqueName51 = Shipping\\Nop.Shipping.ShippingByWeightAndCountry\\Nop.Shipping.ShippingByWeightAndCountry.csproj
		SccProjectTopLevelParentUniqueName51 = NopCommerce.sln
		SccProjectName51 = Shipping/Nop.Shipping.ShippingByWeightAndCountry
		SccLocalPath51 = Shipping\\Nop.Shipping.ShippingByWeightAndCountry
		SccProjectUniqueName52 = Shipping\\Nop.Shipping.UPS\\Nop.Shipping.UPS.csproj
		SccProjectTopLevelParentUniqueName52 = NopCommerce.sln
		SccProjectName52 = Shipping/Nop.Shipping.UPS
		SccLocalPath52 = Shipping\\Nop.Shipping.UPS
		SccProjectUniqueName53 = Shipping\\Nop.Shipping.USPS\\Nop.Shipping.USPS.csproj
		SccProjectTopLevelParentUniqueName53 = NopCommerce.sln
		SccProjectName53 = Shipping/Nop.Shipping.USPS
		SccLocalPath53 = Shipping\\Nop.Shipping.USPS
		SccProjectUniqueName54 = Tax\\Nop.Tax.FixedRateTaxProvider\\Nop.Tax.FixedRateTaxProvider.csproj
		SccProjectTopLevelParentUniqueName54 = NopCommerce.sln
		SccProjectName54 = Tax/Nop.Tax.FixedRateTaxProvider
		SccLocalPath54 = Tax\\Nop.Tax.FixedRateTaxProvider
		SccProjectUniqueName55 = Tax\\Nop.Tax.FreeTaxProvider\\Nop.Tax.FreeTaxProvider.csproj
		SccProjectTopLevelParentUniqueName55 = NopCommerce.sln
		SccProjectName55 = Tax/Nop.Tax.FreeTaxProvider
		SccLocalPath55 = Tax\\Nop.Tax.FreeTaxProvider
		SccProjectUniqueName56 = Tax\\Nop.Tax.GeneralTaxProvider\\Nop.Tax.GeneralTaxProvider.csproj
		SccProjectTopLevelParentUniqueName56 = NopCommerce.sln
		SccProjectName56 = Tax/Nop.Tax.GeneralTaxProvider
		SccLocalPath56 = Tax\\Nop.Tax.GeneralTaxProvider
		SccProjectUniqueName57 = Tax\\Nop.Tax.StrikeIron\\Nop.Tax.StrikeIron.csproj
		SccProjectTopLevelParentUniqueName57 = NopCommerce.sln
		SccProjectName57 = Tax/Nop.Tax.StrikeIron
		SccLocalPath57 = Tax\\Nop.Tax.StrikeIron
		SccProjectUniqueName58 = Payment\\Nop.Payment.CCAvenue\\Nop.Payment.CCAvenue.csproj
		SccProjectTopLevelParentUniqueName58 = NopCommerce.sln
		SccProjectName58 = Payment/Nop.Payment.CCAvenue
		SccLocalPath58 = Payment\\Nop.Payment.CCAvenue
	EndGlobalSection
	GlobalSection(SolutionConfigurationPlatforms) = preSolution
		Debug|.NET = Debug|.NET
		Debug|Any CPU = Debug|Any CPU
		Debug|Mixed Platforms = Debug|Mixed Platforms
		Release|.NET = Release|.NET
		Release|Any CPU = Release|Any CPU
		Release|Mixed Platforms = Release|Mixed Platforms
	EndGlobalSection
	GlobalSection(ProjectConfigurationPlatforms) = postSolution
		{EDF31192-A159-48DA-A737-9935A8A5BC18}.Debug|.NET.ActiveCfg = Debug|Any CPU
		{EDF31192-A159-48DA-A737-9935A8A5BC18}.Debug|Any CPU.ActiveCfg = Debug|Any CPU
		{EDF31192-A159-48DA-A737-9935A8A5BC18}.Debug|Any CPU.Build.0 = Debug|Any CPU
		{EDF31192-A159-48DA-A737-9935A8A5BC18}.Debug|Mixed Platforms.ActiveCfg = Debug|Any CPU
		{EDF31192-A159-48DA-A737-9935A8A5BC18}.Debug|Mixed Platforms.Build.0 = Debug|Any CPU
		{EDF31192-A159-48DA-A737-9935A8A5BC18}.Release|.NET.ActiveCfg = Release|Any CPU
		{EDF31192-A159-48DA-A737-9935A8A5BC18}.Release|Any CPU.ActiveCfg = Release|Any CPU
		{EDF31192-A159-48DA-A737-9935A8A5BC18}.Release|Any CPU.Build.0 = Release|Any CPU
		{EDF31192-A159-48DA-A737-9935A8A5BC18}.Release|Mixed Platforms.ActiveCfg = Release|Any CPU
		{EDF31192-A159-48DA-A737-9935A8A5BC18}.Release|Mixed Platforms.Build.0 = Release|Any CPU
		{9DE22C67-7C2A-4321-8501-68F024E541D5}.Debug|.NET.ActiveCfg = Debug|Any CPU
		{9DE22C67-7C2A-4321-8501-68F024E541D5}.Debug|Any CPU.ActiveCfg = Debug|Any CPU
		{9DE22C67-7C2A-4321-8501-68F024E541D5}.Debug|Any CPU.Build.0 = Debug|Any CPU
		{9DE22C67-7C2A-4321-8501-68F024E541D5}.Debug|Mixed Platforms.ActiveCfg = Debug|Any CPU
		{9DE22C67-7C2A-4321-8501-68F024E541D5}.Debug|Mixed Platforms.Build.0 = Debug|Any CPU
		{9DE22C67-7C2A-4321-8501-68F024E541D5}.Release|.NET.ActiveCfg = Release|Any CPU
		{9DE22C67-7C2A-4321-8501-68F024E541D5}.Release|Any CPU.ActiveCfg = Release|Any CPU
		{9DE22C67-7C2A-4321-8501-68F024E541D5}.Release|Any CPU.Build.0 = Release|Any CPU
		{9DE22C67-7C2A-4321-8501-68F024E541D5}.Release|Mixed Platforms.ActiveCfg = Release|Any CPU
		{9DE22C67-7C2A-4321-8501-68F024E541D5}.Release|Mixed Platforms.Build.0 = Release|Any CPU
		{DAC5D35D-971A-49BD-AA64-2018F8C18E37}.Debug|.NET.ActiveCfg = Debug|Any CPU
		{DAC5D35D-971A-49BD-AA64-2018F8C18E37}.Debug|Any CPU.ActiveCfg = Debug|Any CPU
		{DAC5D35D-971A-49BD-AA64-2018F8C18E37}.Debug|Any CPU.Build.0 = Debug|Any CPU
		{DAC5D35D-971A-49BD-AA64-2018F8C18E37}.Debug|Mixed Platforms.ActiveCfg = Debug|Any CPU
		{DAC5D35D-971A-49BD-AA64-2018F8C18E37}.Debug|Mixed Platforms.Build.0 = Debug|Any CPU
		{DAC5D35D-971A-49BD-AA64-2018F8C18E37}.Release|.NET.ActiveCfg = Release|Any CPU
		{DAC5D35D-971A-49BD-AA64-2018F8C18E37}.Release|Any CPU.ActiveCfg = Release|Any CPU
		{DAC5D35D-971A-49BD-AA64-2018F8C18E37}.Release|Any CPU.Build.0 = Release|Any CPU
		{DAC5D35D-971A-49BD-AA64-2018F8C18E37}.Release|Mixed Platforms.ActiveCfg = Release|Any CPU
		{DAC5D35D-971A-49BD-AA64-2018F8C18E37}.Release|Mixed Platforms.Build.0 = Release|Any CPU
		{1D81D88C-CB3C-43E0-A305-DA26DAD04DB9}.Debug|.NET.ActiveCfg = Debug|Any CPU
		{1D81D88C-CB3C-43E0-A305-DA26DAD04DB9}.Debug|Any CPU.ActiveCfg = Debug|Any CPU
		{1D81D88C-CB3C-43E0-A305-DA26DAD04DB9}.Debug|Any CPU.Build.0 = Debug|Any CPU
		{1D81D88C-CB3C-43E0-A305-DA26DAD04DB9}.Debug|Mixed Platforms.ActiveCfg = Debug|Any CPU
		{1D81D88C-CB3C-43E0-A305-DA26DAD04DB9}.Debug|Mixed Platforms.Build.0 = Debug|Any CPU
		{1D81D88C-CB3C-43E0-A305-DA26DAD04DB9}.Release|.NET.ActiveCfg = Release|Any CPU
		{1D81D88C-CB3C-43E0-A305-DA26DAD04DB9}.Release|Any CPU.ActiveCfg = Release|Any CPU
		{1D81D88C-CB3C-43E0-A305-DA26DAD04DB9}.Release|Any CPU.Build.0 = Release|Any CPU
		{1D81D88C-CB3C-43E0-A305-DA26DAD04DB9}.Release|Mixed Platforms.ActiveCfg = Release|Any CPU
		{1D81D88C-CB3C-43E0-A305-DA26DAD04DB9}.Release|Mixed Platforms.Build.0 = Release|Any CPU
		{95EF905E-1744-4C55-A766-970DFEBF4B21}.Debug|.NET.ActiveCfg = Debug|Any CPU
		{95EF905E-1744-4C55-A766-970DFEBF4B21}.Debug|Any CPU.ActiveCfg = Debug|Any CPU
		{95EF905E-1744-4C55-A766-970DFEBF4B21}.Debug|Any CPU.Build.0 = Debug|Any CPU
		{95EF905E-1744-4C55-A766-970DFEBF4B21}.Debug|Mixed Platforms.ActiveCfg = Debug|Any CPU
		{95EF905E-1744-4C55-A766-970DFEBF4B21}.Debug|Mixed Platforms.Build.0 = Debug|Any CPU
		{95EF905E-1744-4C55-A766-970DFEBF4B21}.Release|.NET.ActiveCfg = Release|Any CPU
		{95EF905E-1744-4C55-A766-970DFEBF4B21}.Release|Any CPU.ActiveCfg = Release|Any CPU
		{95EF905E-1744-4C55-A766-970DFEBF4B21}.Release|Any CPU.Build.0 = Release|Any CPU
		{95EF905E-1744-4C55-A766-970DFEBF4B21}.Release|Mixed Platforms.ActiveCfg = Release|Any CPU
		{95EF905E-1744-4C55-A766-970DFEBF4B21}.Release|Mixed Platforms.Build.0 = Release|Any CPU
		{D62E5B76-9561-48BC-864A-F934DA28736C}.Debug|.NET.ActiveCfg = Debug|Any CPU
		{D62E5B76-9561-48BC-864A-F934DA28736C}.Debug|Any CPU.ActiveCfg = Debug|Any CPU
		{D62E5B76-9561-48BC-864A-F934DA28736C}.Debug|Any CPU.Build.0 = Debug|Any CPU
		{D62E5B76-9561-48BC-864A-F934DA28736C}.Debug|Mixed Platforms.ActiveCfg = Debug|Any CPU
		{D62E5B76-9561-48BC-864A-F934DA28736C}.Debug|Mixed Platforms.Build.0 = Debug|Any CPU
		{D62E5B76-9561-48BC-864A-F934DA28736C}.Release|.NET.ActiveCfg = Release|Any CPU
		{D62E5B76-9561-48BC-864A-F934DA28736C}.Release|Any CPU.ActiveCfg = Release|Any CPU
		{D62E5B76-9561-48BC-864A-F934DA28736C}.Release|Any CPU.Build.0 = Release|Any CPU
		{D62E5B76-9561-48BC-864A-F934DA28736C}.Release|Mixed Platforms.ActiveCfg = Release|Any CPU
		{D62E5B76-9561-48BC-864A-F934DA28736C}.Release|Mixed Platforms.Build.0 = Release|Any CPU
		{2DF66133-1618-4935-921E-BFF784735C3A}.Debug|.NET.ActiveCfg = Debug|Any CPU
		{2DF66133-1618-4935-921E-BFF784735C3A}.Debug|Any CPU.ActiveCfg = Debug|Any CPU
		{2DF66133-1618-4935-921E-BFF784735C3A}.Debug|Any CPU.Build.0 = Debug|Any CPU
		{2DF66133-1618-4935-921E-BFF784735C3A}.Debug|Mixed Platforms.ActiveCfg = Debug|Any CPU
		{2DF66133-1618-4935-921E-BFF784735C3A}.Debug|Mixed Platforms.Build.0 = Debug|Any CPU
		{2DF66133-1618-4935-921E-BFF784735C3A}.Release|.NET.ActiveCfg = Release|Any CPU
		{2DF66133-1618-4935-921E-BFF784735C3A}.Release|Any CPU.ActiveCfg = Release|Any CPU
		{2DF66133-1618-4935-921E-BFF784735C3A}.Release|Any CPU.Build.0 = Release|Any CPU
		{2DF66133-1618-4935-921E-BFF784735C3A}.Release|Mixed Platforms.ActiveCfg = Release|Any CPU
		{2DF66133-1618-4935-921E-BFF784735C3A}.Release|Mixed Platforms.Build.0 = Release|Any CPU
		{52E712D4-946B-4DFE-B7AD-A1383AEE9146}.Debug|.NET.ActiveCfg = Debug|Any CPU
		{52E712D4-946B-4DFE-B7AD-A1383AEE9146}.Debug|Any CPU.ActiveCfg = Debug|Any CPU
		{52E712D4-946B-4DFE-B7AD-A1383AEE9146}.Debug|Any CPU.Build.0 = Debug|Any CPU
		{52E712D4-946B-4DFE-B7AD-A1383AEE9146}.Debug|Mixed Platforms.ActiveCfg = Debug|Any CPU
		{52E712D4-946B-4DFE-B7AD-A1383AEE9146}.Debug|Mixed Platforms.Build.0 = Debug|Any CPU
		{52E712D4-946B-4DFE-B7AD-A1383AEE9146}.Release|.NET.ActiveCfg = Release|Any CPU
		{52E712D4-946B-4DFE-B7AD-A1383AEE9146}.Release|Any CPU.ActiveCfg = Release|Any CPU
		{52E712D4-946B-4DFE-B7AD-A1383AEE9146}.Release|Any CPU.Build.0 = Release|Any CPU
		{52E712D4-946B-4DFE-B7AD-A1383AEE9146}.Release|Mixed Platforms.ActiveCfg = Release|Any CPU
		{52E712D4-946B-4DFE-B7AD-A1383AEE9146}.Release|Mixed Platforms.Build.0 = Release|Any CPU
		{DB0E4C93-A1E6-43DA-A068-8FDEAC9F30BE}.Debug|.NET.ActiveCfg = Debug|Any CPU
		{DB0E4C93-A1E6-43DA-A068-8FDEAC9F30BE}.Debug|Any CPU.ActiveCfg = Debug|Any CPU
		{DB0E4C93-A1E6-43DA-A068-8FDEAC9F30BE}.Debug|Any CPU.Build.0 = Debug|Any CPU
		{DB0E4C93-A1E6-43DA-A068-8FDEAC9F30BE}.Debug|Mixed Platforms.ActiveCfg = Debug|Any CPU
		{DB0E4C93-A1E6-43DA-A068-8FDEAC9F30BE}.Debug|Mixed Platforms.Build.0 = Debug|Any CPU
		{DB0E4C93-A1E6-43DA-A068-8FDEAC9F30BE}.Release|.NET.ActiveCfg = Release|Any CPU
		{DB0E4C93-A1E6-43DA-A068-8FDEAC9F30BE}.Release|Any CPU.ActiveCfg = Release|Any CPU
		{DB0E4C93-A1E6-43DA-A068-8FDEAC9F30BE}.Release|Any CPU.Build.0 = Release|Any CPU
		{DB0E4C93-A1E6-43DA-A068-8FDEAC9F30BE}.Release|Mixed Platforms.ActiveCfg = Release|Any CPU
		{DB0E4C93-A1E6-43DA-A068-8FDEAC9F30BE}.Release|Mixed Platforms.Build.0 = Release|Any CPU
		{FF0437D2-EA6D-4451-BE7A-666C7675B9EC}.Debug|.NET.ActiveCfg = Debug|Any CPU
		{FF0437D2-EA6D-4451-BE7A-666C7675B9EC}.Debug|Any CPU.ActiveCfg = Debug|Any CPU
		{FF0437D2-EA6D-4451-BE7A-666C7675B9EC}.Debug|Any CPU.Build.0 = Debug|Any CPU
		{FF0437D2-EA6D-4451-BE7A-666C7675B9EC}.Debug|Mixed Platforms.ActiveCfg = Debug|Any CPU
		{FF0437D2-EA6D-4451-BE7A-666C7675B9EC}.Debug|Mixed Platforms.Build.0 = Debug|Any CPU
		{FF0437D2-EA6D-4451-BE7A-666C7675B9EC}.Release|.NET.ActiveCfg = Release|Any CPU
		{FF0437D2-EA6D-4451-BE7A-666C7675B9EC}.Release|Any CPU.ActiveCfg = Release|Any CPU
		{FF0437D2-EA6D-4451-BE7A-666C7675B9EC}.Release|Any CPU.Build.0 = Release|Any CPU
		{FF0437D2-EA6D-4451-BE7A-666C7675B9EC}.Release|Mixed Platforms.ActiveCfg = Release|Any CPU
		{FF0437D2-EA6D-4451-BE7A-666C7675B9EC}.Release|Mixed Platforms.Build.0 = Release|Any CPU
		{4383BA85-3EF8-4B18-9CA1-5D5A9A93135A}.Debug|.NET.ActiveCfg = Debug|Any CPU
		{4383BA85-3EF8-4B18-9CA1-5D5A9A93135A}.Debug|Any CPU.ActiveCfg = Debug|Any CPU
		{4383BA85-3EF8-4B18-9CA1-5D5A9A93135A}.Debug|Any CPU.Build.0 = Debug|Any CPU
		{4383BA85-3EF8-4B18-9CA1-5D5A9A93135A}.Debug|Mixed Platforms.ActiveCfg = Debug|Any CPU
		{4383BA85-3EF8-4B18-9CA1-5D5A9A93135A}.Debug|Mixed Platforms.Build.0 = Debug|Any CPU
		{4383BA85-3EF8-4B18-9CA1-5D5A9A93135A}.Release|.NET.ActiveCfg = Release|Any CPU
		{4383BA85-3EF8-4B18-9CA1-5D5A9A93135A}.Release|Any CPU.ActiveCfg = Release|Any CPU
		{4383BA85-3EF8-4B18-9CA1-5D5A9A93135A}.Release|Any CPU.Build.0 = Release|Any CPU
		{4383BA85-3EF8-4B18-9CA1-5D5A9A93135A}.Release|Mixed Platforms.ActiveCfg = Release|Any CPU
		{4383BA85-3EF8-4B18-9CA1-5D5A9A93135A}.Release|Mixed Platforms.Build.0 = Release|Any CPU
		{86FD6898-29AE-4C6E-A3FA-D396345367CD}.Debug|.NET.ActiveCfg = Debug|Any CPU
		{86FD6898-29AE-4C6E-A3FA-D396345367CD}.Debug|Any CPU.ActiveCfg = Debug|Any CPU
		{86FD6898-29AE-4C6E-A3FA-D396345367CD}.Debug|Any CPU.Build.0 = Debug|Any CPU
		{86FD6898-29AE-4C6E-A3FA-D396345367CD}.Debug|Mixed Platforms.ActiveCfg = Debug|Any CPU
		{86FD6898-29AE-4C6E-A3FA-D396345367CD}.Debug|Mixed Platforms.Build.0 = Debug|Any CPU
		{86FD6898-29AE-4C6E-A3FA-D396345367CD}.Release|.NET.ActiveCfg = Release|Any CPU
		{86FD6898-29AE-4C6E-A3FA-D396345367CD}.Release|Any CPU.ActiveCfg = Release|Any CPU
		{86FD6898-29AE-4C6E-A3FA-D396345367CD}.Release|Any CPU.Build.0 = Release|Any CPU
		{86FD6898-29AE-4C6E-A3FA-D396345367CD}.Release|Mixed Platforms.ActiveCfg = Release|Any CPU
		{86FD6898-29AE-4C6E-A3FA-D396345367CD}.Release|Mixed Platforms.Build.0 = Release|Any CPU
		{ADC07038-4AAC-45E4-B652-75A971A413A5}.Debug|.NET.ActiveCfg = Debug|Any CPU
		{ADC07038-4AAC-45E4-B652-75A971A413A5}.Debug|Any CPU.ActiveCfg = Debug|Any CPU
		{ADC07038-4AAC-45E4-B652-75A971A413A5}.Debug|Any CPU.Build.0 = Debug|Any CPU
		{ADC07038-4AAC-45E4-B652-75A971A413A5}.Debug|Mixed Platforms.ActiveCfg = Debug|Any CPU
		{ADC07038-4AAC-45E4-B652-75A971A413A5}.Debug|Mixed Platforms.Build.0 = Debug|Any CPU
		{ADC07038-4AAC-45E4-B652-75A971A413A5}.Release|.NET.ActiveCfg = Release|Any CPU
		{ADC07038-4AAC-45E4-B652-75A971A413A5}.Release|Any CPU.ActiveCfg = Release|Any CPU
		{ADC07038-4AAC-45E4-B652-75A971A413A5}.Release|Any CPU.Build.0 = Release|Any CPU
		{ADC07038-4AAC-45E4-B652-75A971A413A5}.Release|Mixed Platforms.ActiveCfg = Release|Any CPU
		{ADC07038-4AAC-45E4-B652-75A971A413A5}.Release|Mixed Platforms.Build.0 = Release|Any CPU
		{1DE849F3-EA26-43A8-9D49-32B6FECBF0AA}.Debug|.NET.ActiveCfg = Debug|Any CPU
		{1DE849F3-EA26-43A8-9D49-32B6FECBF0AA}.Debug|Any CPU.ActiveCfg = Debug|Any CPU
		{1DE849F3-EA26-43A8-9D49-32B6FECBF0AA}.Debug|Any CPU.Build.0 = Debug|Any CPU
		{1DE849F3-EA26-43A8-9D49-32B6FECBF0AA}.Debug|Mixed Platforms.ActiveCfg = Debug|Any CPU
		{1DE849F3-EA26-43A8-9D49-32B6FECBF0AA}.Debug|Mixed Platforms.Build.0 = Debug|Any CPU
		{1DE849F3-EA26-43A8-9D49-32B6FECBF0AA}.Release|.NET.ActiveCfg = Release|Any CPU
		{1DE849F3-EA26-43A8-9D49-32B6FECBF0AA}.Release|Any CPU.ActiveCfg = Release|Any CPU
		{1DE849F3-EA26-43A8-9D49-32B6FECBF0AA}.Release|Any CPU.Build.0 = Release|Any CPU
		{1DE849F3-EA26-43A8-9D49-32B6FECBF0AA}.Release|Mixed Platforms.ActiveCfg = Release|Any CPU
		{1DE849F3-EA26-43A8-9D49-32B6FECBF0AA}.Release|Mixed Platforms.Build.0 = Release|Any CPU
		{8E00DA87-C4EC-4E72-AC41-801A1116AB96}.Debug|.NET.ActiveCfg = Debug|Any CPU
		{8E00DA87-C4EC-4E72-AC41-801A1116AB96}.Debug|Any CPU.ActiveCfg = Debug|Any CPU
		{8E00DA87-C4EC-4E72-AC41-801A1116AB96}.Debug|Any CPU.Build.0 = Debug|Any CPU
		{8E00DA87-C4EC-4E72-AC41-801A1116AB96}.Debug|Mixed Platforms.ActiveCfg = Debug|Any CPU
		{8E00DA87-C4EC-4E72-AC41-801A1116AB96}.Debug|Mixed Platforms.Build.0 = Debug|Any CPU
		{8E00DA87-C4EC-4E72-AC41-801A1116AB96}.Release|.NET.ActiveCfg = Release|Any CPU
		{8E00DA87-C4EC-4E72-AC41-801A1116AB96}.Release|Any CPU.ActiveCfg = Release|Any CPU
		{8E00DA87-C4EC-4E72-AC41-801A1116AB96}.Release|Any CPU.Build.0 = Release|Any CPU
		{8E00DA87-C4EC-4E72-AC41-801A1116AB96}.Release|Mixed Platforms.ActiveCfg = Release|Any CPU
		{8E00DA87-C4EC-4E72-AC41-801A1116AB96}.Release|Mixed Platforms.Build.0 = Release|Any CPU
		{70F14126-DC82-448F-9642-EF529DAC9C78}.Debug|.NET.ActiveCfg = Debug|Any CPU
		{70F14126-DC82-448F-9642-EF529DAC9C78}.Debug|Any CPU.ActiveCfg = Debug|Any CPU
		{70F14126-DC82-448F-9642-EF529DAC9C78}.Debug|Any CPU.Build.0 = Debug|Any CPU
		{70F14126-DC82-448F-9642-EF529DAC9C78}.Debug|Mixed Platforms.ActiveCfg = Debug|Any CPU
		{70F14126-DC82-448F-9642-EF529DAC9C78}.Debug|Mixed Platforms.Build.0 = Debug|Any CPU
		{70F14126-DC82-448F-9642-EF529DAC9C78}.Release|.NET.ActiveCfg = Release|Any CPU
		{70F14126-DC82-448F-9642-EF529DAC9C78}.Release|Any CPU.ActiveCfg = Release|Any CPU
		{70F14126-DC82-448F-9642-EF529DAC9C78}.Release|Any CPU.Build.0 = Release|Any CPU
		{70F14126-DC82-448F-9642-EF529DAC9C78}.Release|Mixed Platforms.ActiveCfg = Release|Any CPU
		{70F14126-DC82-448F-9642-EF529DAC9C78}.Release|Mixed Platforms.Build.0 = Release|Any CPU
		{F7AAF6FC-8DB9-4DA1-A06B-CEF47DC23355}.Debug|.NET.ActiveCfg = Debug|Any CPU
		{F7AAF6FC-8DB9-4DA1-A06B-CEF47DC23355}.Debug|Any CPU.ActiveCfg = Debug|Any CPU
		{F7AAF6FC-8DB9-4DA1-A06B-CEF47DC23355}.Debug|Any CPU.Build.0 = Debug|Any CPU
		{F7AAF6FC-8DB9-4DA1-A06B-CEF47DC23355}.Debug|Mixed Platforms.ActiveCfg = Debug|Any CPU
		{F7AAF6FC-8DB9-4DA1-A06B-CEF47DC23355}.Debug|Mixed Platforms.Build.0 = Debug|Any CPU
		{F7AAF6FC-8DB9-4DA1-A06B-CEF47DC23355}.Release|.NET.ActiveCfg = Release|Any CPU
		{F7AAF6FC-8DB9-4DA1-A06B-CEF47DC23355}.Release|Any CPU.ActiveCfg = Release|Any CPU
		{F7AAF6FC-8DB9-4DA1-A06B-CEF47DC23355}.Release|Any CPU.Build.0 = Release|Any CPU
		{F7AAF6FC-8DB9-4DA1-A06B-CEF47DC23355}.Release|Mixed Platforms.ActiveCfg = Release|Any CPU
		{F7AAF6FC-8DB9-4DA1-A06B-CEF47DC23355}.Release|Mixed Platforms.Build.0 = Release|Any CPU
		{22840ACF-2626-4F01-A6F4-9F7425387074}.Debug|.NET.ActiveCfg = Debug|Any CPU
		{22840ACF-2626-4F01-A6F4-9F7425387074}.Debug|Any CPU.ActiveCfg = Debug|Any CPU
		{22840ACF-2626-4F01-A6F4-9F7425387074}.Debug|Any CPU.Build.0 = Debug|Any CPU
		{22840ACF-2626-4F01-A6F4-9F7425387074}.Debug|Mixed Platforms.ActiveCfg = Debug|Any CPU
		{22840ACF-2626-4F01-A6F4-9F7425387074}.Debug|Mixed Platforms.Build.0 = Debug|Any CPU
		{22840ACF-2626-4F01-A6F4-9F7425387074}.Release|.NET.ActiveCfg = Release|Any CPU
		{22840ACF-2626-4F01-A6F4-9F7425387074}.Release|Any CPU.ActiveCfg = Release|Any CPU
		{22840ACF-2626-4F01-A6F4-9F7425387074}.Release|Any CPU.Build.0 = Release|Any CPU
		{22840ACF-2626-4F01-A6F4-9F7425387074}.Release|Mixed Platforms.ActiveCfg = Release|Any CPU
		{22840ACF-2626-4F01-A6F4-9F7425387074}.Release|Mixed Platforms.Build.0 = Release|Any CPU
		{13F8303C-64C6-4420-B957-E6F557BF4D43}.Debug|.NET.ActiveCfg = Debug|Any CPU
		{13F8303C-64C6-4420-B957-E6F557BF4D43}.Debug|Any CPU.ActiveCfg = Debug|Any CPU
		{13F8303C-64C6-4420-B957-E6F557BF4D43}.Debug|Any CPU.Build.0 = Debug|Any CPU
		{13F8303C-64C6-4420-B957-E6F557BF4D43}.Debug|Mixed Platforms.ActiveCfg = Debug|Any CPU
		{13F8303C-64C6-4420-B957-E6F557BF4D43}.Debug|Mixed Platforms.Build.0 = Debug|Any CPU
		{13F8303C-64C6-4420-B957-E6F557BF4D43}.Release|.NET.ActiveCfg = Release|Any CPU
		{13F8303C-64C6-4420-B957-E6F557BF4D43}.Release|Any CPU.ActiveCfg = Release|Any CPU
		{13F8303C-64C6-4420-B957-E6F557BF4D43}.Release|Any CPU.Build.0 = Release|Any CPU
		{13F8303C-64C6-4420-B957-E6F557BF4D43}.Release|Mixed Platforms.ActiveCfg = Release|Any CPU
		{13F8303C-64C6-4420-B957-E6F557BF4D43}.Release|Mixed Platforms.Build.0 = Release|Any CPU
		{C0B374F5-F9D9-4113-9C2D-6E50B1164388}.Debug|.NET.ActiveCfg = Debug|Any CPU
		{C0B374F5-F9D9-4113-9C2D-6E50B1164388}.Debug|Any CPU.ActiveCfg = Debug|Any CPU
		{C0B374F5-F9D9-4113-9C2D-6E50B1164388}.Debug|Any CPU.Build.0 = Debug|Any CPU
		{C0B374F5-F9D9-4113-9C2D-6E50B1164388}.Debug|Mixed Platforms.ActiveCfg = Debug|Any CPU
		{C0B374F5-F9D9-4113-9C2D-6E50B1164388}.Debug|Mixed Platforms.Build.0 = Debug|Any CPU
		{C0B374F5-F9D9-4113-9C2D-6E50B1164388}.Release|.NET.ActiveCfg = Release|Any CPU
		{C0B374F5-F9D9-4113-9C2D-6E50B1164388}.Release|Any CPU.ActiveCfg = Release|Any CPU
		{C0B374F5-F9D9-4113-9C2D-6E50B1164388}.Release|Any CPU.Build.0 = Release|Any CPU
		{C0B374F5-F9D9-4113-9C2D-6E50B1164388}.Release|Mixed Platforms.ActiveCfg = Release|Any CPU
		{C0B374F5-F9D9-4113-9C2D-6E50B1164388}.Release|Mixed Platforms.Build.0 = Release|Any CPU
		{9E28F403-67DD-430E-BF7E-5DC59CF78E14}.Debug|.NET.ActiveCfg = Debug|Any CPU
		{9E28F403-67DD-430E-BF7E-5DC59CF78E14}.Debug|Any CPU.ActiveCfg = Debug|Any CPU
		{9E28F403-67DD-430E-BF7E-5DC59CF78E14}.Debug|Any CPU.Build.0 = Debug|Any CPU
		{9E28F403-67DD-430E-BF7E-5DC59CF78E14}.Debug|Mixed Platforms.ActiveCfg = Debug|Any CPU
		{9E28F403-67DD-430E-BF7E-5DC59CF78E14}.Debug|Mixed Platforms.Build.0 = Debug|Any CPU
		{9E28F403-67DD-430E-BF7E-5DC59CF78E14}.Release|.NET.ActiveCfg = Release|Any CPU
		{9E28F403-67DD-430E-BF7E-5DC59CF78E14}.Release|Any CPU.ActiveCfg = Release|Any CPU
		{9E28F403-67DD-430E-BF7E-5DC59CF78E14}.Release|Any CPU.Build.0 = Release|Any CPU
		{9E28F403-67DD-430E-BF7E-5DC59CF78E14}.Release|Mixed Platforms.ActiveCfg = Release|Any CPU
		{9E28F403-67DD-430E-BF7E-5DC59CF78E14}.Release|Mixed Platforms.Build.0 = Release|Any CPU
		{9FBF63D5-1C80-43F0-8CDA-702A08ED3C58}.Debug|.NET.ActiveCfg = Debug|Any CPU
		{9FBF63D5-1C80-43F0-8CDA-702A08ED3C58}.Debug|Any CPU.ActiveCfg = Debug|Any CPU
		{9FBF63D5-1C80-43F0-8CDA-702A08ED3C58}.Debug|Any CPU.Build.0 = Debug|Any CPU
		{9FBF63D5-1C80-43F0-8CDA-702A08ED3C58}.Debug|Mixed Platforms.ActiveCfg = Debug|Any CPU
		{9FBF63D5-1C80-43F0-8CDA-702A08ED3C58}.Debug|Mixed Platforms.Build.0 = Debug|Any CPU
		{9FBF63D5-1C80-43F0-8CDA-702A08ED3C58}.Release|.NET.ActiveCfg = Release|Any CPU
		{9FBF63D5-1C80-43F0-8CDA-702A08ED3C58}.Release|Any CPU.ActiveCfg = Release|Any CPU
		{9FBF63D5-1C80-43F0-8CDA-702A08ED3C58}.Release|Any CPU.Build.0 = Release|Any CPU
		{9FBF63D5-1C80-43F0-8CDA-702A08ED3C58}.Release|Mixed Platforms.ActiveCfg = Release|Any CPU
		{9FBF63D5-1C80-43F0-8CDA-702A08ED3C58}.Release|Mixed Platforms.Build.0 = Release|Any CPU
		{752A863D-9C63-4788-AAD9-8FCE11F21871}.Debug|.NET.ActiveCfg = Debug|Any CPU
		{752A863D-9C63-4788-AAD9-8FCE11F21871}.Debug|Any CPU.ActiveCfg = Debug|Any CPU
		{752A863D-9C63-4788-AAD9-8FCE11F21871}.Debug|Any CPU.Build.0 = Debug|Any CPU
		{752A863D-9C63-4788-AAD9-8FCE11F21871}.Debug|Mixed Platforms.ActiveCfg = Debug|Any CPU
		{752A863D-9C63-4788-AAD9-8FCE11F21871}.Debug|Mixed Platforms.Build.0 = Debug|Any CPU
		{752A863D-9C63-4788-AAD9-8FCE11F21871}.Release|.NET.ActiveCfg = Release|Any CPU
		{752A863D-9C63-4788-AAD9-8FCE11F21871}.Release|Any CPU.ActiveCfg = Release|Any CPU
		{752A863D-9C63-4788-AAD9-8FCE11F21871}.Release|Any CPU.Build.0 = Release|Any CPU
		{752A863D-9C63-4788-AAD9-8FCE11F21871}.Release|Mixed Platforms.ActiveCfg = Release|Any CPU
		{752A863D-9C63-4788-AAD9-8FCE11F21871}.Release|Mixed Platforms.Build.0 = Release|Any CPU
		{0B806A13-4B08-4855-AE3A-578057DB09CD}.Debug|.NET.ActiveCfg = Debug|Any CPU
		{0B806A13-4B08-4855-AE3A-578057DB09CD}.Debug|Any CPU.ActiveCfg = Debug|Any CPU
		{0B806A13-4B08-4855-AE3A-578057DB09CD}.Debug|Any CPU.Build.0 = Debug|Any CPU
		{0B806A13-4B08-4855-AE3A-578057DB09CD}.Debug|Mixed Platforms.ActiveCfg = Debug|Any CPU
		{0B806A13-4B08-4855-AE3A-578057DB09CD}.Debug|Mixed Platforms.Build.0 = Debug|Any CPU
		{0B806A13-4B08-4855-AE3A-578057DB09CD}.Release|.NET.ActiveCfg = Release|Any CPU
		{0B806A13-4B08-4855-AE3A-578057DB09CD}.Release|Any CPU.ActiveCfg = Release|Any CPU
		{0B806A13-4B08-4855-AE3A-578057DB09CD}.Release|Any CPU.Build.0 = Release|Any CPU
		{0B806A13-4B08-4855-AE3A-578057DB09CD}.Release|Mixed Platforms.ActiveCfg = Release|Any CPU
		{0B806A13-4B08-4855-AE3A-578057DB09CD}.Release|Mixed Platforms.Build.0 = Release|Any CPU
		{2C573ADD-4B09-4CE1-9849-E25732938960}.Debug|.NET.ActiveCfg = Debug|Any CPU
		{2C573ADD-4B09-4CE1-9849-E25732938960}.Debug|Any CPU.ActiveCfg = Debug|Any CPU
		{2C573ADD-4B09-4CE1-9849-E25732938960}.Debug|Any CPU.Build.0 = Debug|Any CPU
		{2C573ADD-4B09-4CE1-9849-E25732938960}.Debug|Mixed Platforms.ActiveCfg = Debug|Any CPU
		{2C573ADD-4B09-4CE1-9849-E25732938960}.Debug|Mixed Platforms.Build.0 = Debug|Any CPU
		{2C573ADD-4B09-4CE1-9849-E25732938960}.Release|.NET.ActiveCfg = Release|Any CPU
		{2C573ADD-4B09-4CE1-9849-E25732938960}.Release|Any CPU.ActiveCfg = Release|Any CPU
		{2C573ADD-4B09-4CE1-9849-E25732938960}.Release|Any CPU.Build.0 = Release|Any CPU
		{2C573ADD-4B09-4CE1-9849-E25732938960}.Release|Mixed Platforms.ActiveCfg = Release|Any CPU
		{2C573ADD-4B09-4CE1-9849-E25732938960}.Release|Mixed Platforms.Build.0 = Release|Any CPU
		{23121FD0-FF0B-452C-85F5-47AF5CBD586C}.Debug|.NET.ActiveCfg = Debug|Any CPU
		{23121FD0-FF0B-452C-85F5-47AF5CBD586C}.Debug|Any CPU.ActiveCfg = Debug|Any CPU
		{23121FD0-FF0B-452C-85F5-47AF5CBD586C}.Debug|Any CPU.Build.0 = Debug|Any CPU
		{23121FD0-FF0B-452C-85F5-47AF5CBD586C}.Debug|Mixed Platforms.ActiveCfg = Debug|Any CPU
		{23121FD0-FF0B-452C-85F5-47AF5CBD586C}.Debug|Mixed Platforms.Build.0 = Debug|Any CPU
		{23121FD0-FF0B-452C-85F5-47AF5CBD586C}.Release|.NET.ActiveCfg = Release|Any CPU
		{23121FD0-FF0B-452C-85F5-47AF5CBD586C}.Release|Any CPU.ActiveCfg = Release|Any CPU
		{23121FD0-FF0B-452C-85F5-47AF5CBD586C}.Release|Any CPU.Build.0 = Release|Any CPU
		{23121FD0-FF0B-452C-85F5-47AF5CBD586C}.Release|Mixed Platforms.ActiveCfg = Release|Any CPU
		{23121FD0-FF0B-452C-85F5-47AF5CBD586C}.Release|Mixed Platforms.Build.0 = Release|Any CPU
		{44697772-09C1-4B28-B3F5-C28B693B06F7}.Debug|.NET.ActiveCfg = Debug|Any CPU
		{44697772-09C1-4B28-B3F5-C28B693B06F7}.Debug|Any CPU.ActiveCfg = Debug|Any CPU
		{44697772-09C1-4B28-B3F5-C28B693B06F7}.Debug|Any CPU.Build.0 = Debug|Any CPU
		{44697772-09C1-4B28-B3F5-C28B693B06F7}.Debug|Mixed Platforms.ActiveCfg = Debug|Any CPU
		{44697772-09C1-4B28-B3F5-C28B693B06F7}.Debug|Mixed Platforms.Build.0 = Debug|Any CPU
		{44697772-09C1-4B28-B3F5-C28B693B06F7}.Release|.NET.ActiveCfg = Release|Any CPU
		{44697772-09C1-4B28-B3F5-C28B693B06F7}.Release|Any CPU.ActiveCfg = Release|Any CPU
		{44697772-09C1-4B28-B3F5-C28B693B06F7}.Release|Any CPU.Build.0 = Release|Any CPU
		{44697772-09C1-4B28-B3F5-C28B693B06F7}.Release|Mixed Platforms.ActiveCfg = Release|Any CPU
		{44697772-09C1-4B28-B3F5-C28B693B06F7}.Release|Mixed Platforms.Build.0 = Release|Any CPU
		{036B2F92-F9C0-43CB-B00B-06A61B1C390D}.Debug|.NET.ActiveCfg = Debug|Any CPU
		{036B2F92-F9C0-43CB-B00B-06A61B1C390D}.Debug|Any CPU.ActiveCfg = Debug|Any CPU
		{036B2F92-F9C0-43CB-B00B-06A61B1C390D}.Debug|Any CPU.Build.0 = Debug|Any CPU
		{036B2F92-F9C0-43CB-B00B-06A61B1C390D}.Debug|Mixed Platforms.ActiveCfg = Debug|Any CPU
		{036B2F92-F9C0-43CB-B00B-06A61B1C390D}.Debug|Mixed Platforms.Build.0 = Debug|Any CPU
		{036B2F92-F9C0-43CB-B00B-06A61B1C390D}.Release|.NET.ActiveCfg = Release|Any CPU
		{036B2F92-F9C0-43CB-B00B-06A61B1C390D}.Release|Any CPU.ActiveCfg = Release|Any CPU
		{036B2F92-F9C0-43CB-B00B-06A61B1C390D}.Release|Any CPU.Build.0 = Release|Any CPU
		{036B2F92-F9C0-43CB-B00B-06A61B1C390D}.Release|Mixed Platforms.ActiveCfg = Release|Any CPU
		{036B2F92-F9C0-43CB-B00B-06A61B1C390D}.Release|Mixed Platforms.Build.0 = Release|Any CPU
		{4D26AD7F-0482-4B2D-A5A6-A1AE338B4F4D}.Debug|.NET.ActiveCfg = Debug|Any CPU
		{4D26AD7F-0482-4B2D-A5A6-A1AE338B4F4D}.Debug|Any CPU.ActiveCfg = Debug|Any CPU
		{4D26AD7F-0482-4B2D-A5A6-A1AE338B4F4D}.Debug|Any CPU.Build.0 = Debug|Any CPU
		{4D26AD7F-0482-4B2D-A5A6-A1AE338B4F4D}.Debug|Mixed Platforms.ActiveCfg = Debug|Any CPU
		{4D26AD7F-0482-4B2D-A5A6-A1AE338B4F4D}.Debug|Mixed Platforms.Build.0 = Debug|Any CPU
		{4D26AD7F-0482-4B2D-A5A6-A1AE338B4F4D}.Release|.NET.ActiveCfg = Release|Any CPU
		{4D26AD7F-0482-4B2D-A5A6-A1AE338B4F4D}.Release|Any CPU.ActiveCfg = Release|Any CPU
		{4D26AD7F-0482-4B2D-A5A6-A1AE338B4F4D}.Release|Any CPU.Build.0 = Release|Any CPU
		{4D26AD7F-0482-4B2D-A5A6-A1AE338B4F4D}.Release|Mixed Platforms.ActiveCfg = Release|Any CPU
		{4D26AD7F-0482-4B2D-A5A6-A1AE338B4F4D}.Release|Mixed Platforms.Build.0 = Release|Any CPU
		{B401F477-3472-4C70-B3FE-D094703709F8}.Debug|.NET.ActiveCfg = Debug|Any CPU
		{B401F477-3472-4C70-B3FE-D094703709F8}.Debug|Any CPU.ActiveCfg = Debug|Any CPU
		{B401F477-3472-4C70-B3FE-D094703709F8}.Debug|Any CPU.Build.0 = Debug|Any CPU
		{B401F477-3472-4C70-B3FE-D094703709F8}.Debug|Mixed Platforms.ActiveCfg = Debug|Any CPU
		{B401F477-3472-4C70-B3FE-D094703709F8}.Debug|Mixed Platforms.Build.0 = Debug|Any CPU
		{B401F477-3472-4C70-B3FE-D094703709F8}.Release|.NET.ActiveCfg = Release|Any CPU
		{B401F477-3472-4C70-B3FE-D094703709F8}.Release|Any CPU.ActiveCfg = Release|Any CPU
		{B401F477-3472-4C70-B3FE-D094703709F8}.Release|Any CPU.Build.0 = Release|Any CPU
		{B401F477-3472-4C70-B3FE-D094703709F8}.Release|Mixed Platforms.ActiveCfg = Release|Any CPU
		{B401F477-3472-4C70-B3FE-D094703709F8}.Release|Mixed Platforms.Build.0 = Release|Any CPU
		{082B65A7-CDC8-471B-88A9-BA017FC9E80F}.Debug|.NET.ActiveCfg = Debug|Any CPU
		{082B65A7-CDC8-471B-88A9-BA017FC9E80F}.Debug|Any CPU.ActiveCfg = Debug|Any CPU
		{082B65A7-CDC8-471B-88A9-BA017FC9E80F}.Debug|Any CPU.Build.0 = Debug|Any CPU
		{082B65A7-CDC8-471B-88A9-BA017FC9E80F}.Debug|Mixed Platforms.ActiveCfg = Debug|Any CPU
		{082B65A7-CDC8-471B-88A9-BA017FC9E80F}.Debug|Mixed Platforms.Build.0 = Debug|Any CPU
		{082B65A7-CDC8-471B-88A9-BA017FC9E80F}.Release|.NET.ActiveCfg = Release|Any CPU
		{082B65A7-CDC8-471B-88A9-BA017FC9E80F}.Release|Any CPU.ActiveCfg = Release|Any CPU
		{082B65A7-CDC8-471B-88A9-BA017FC9E80F}.Release|Any CPU.Build.0 = Release|Any CPU
		{082B65A7-CDC8-471B-88A9-BA017FC9E80F}.Release|Mixed Platforms.ActiveCfg = Release|Any CPU
		{082B65A7-CDC8-471B-88A9-BA017FC9E80F}.Release|Mixed Platforms.Build.0 = Release|Any CPU
		{7FB67A64-F5F3-482A-9FC3-B4C63072BA22}.Debug|.NET.ActiveCfg = Debug|Any CPU
		{7FB67A64-F5F3-482A-9FC3-B4C63072BA22}.Debug|Any CPU.ActiveCfg = Debug|Any CPU
		{7FB67A64-F5F3-482A-9FC3-B4C63072BA22}.Debug|Any CPU.Build.0 = Debug|Any CPU
		{7FB67A64-F5F3-482A-9FC3-B4C63072BA22}.Debug|Mixed Platforms.ActiveCfg = Debug|Any CPU
		{7FB67A64-F5F3-482A-9FC3-B4C63072BA22}.Debug|Mixed Platforms.Build.0 = Debug|Any CPU
		{7FB67A64-F5F3-482A-9FC3-B4C63072BA22}.Release|.NET.ActiveCfg = Release|Any CPU
		{7FB67A64-F5F3-482A-9FC3-B4C63072BA22}.Release|Any CPU.ActiveCfg = Release|Any CPU
		{7FB67A64-F5F3-482A-9FC3-B4C63072BA22}.Release|Any CPU.Build.0 = Release|Any CPU
		{7FB67A64-F5F3-482A-9FC3-B4C63072BA22}.Release|Mixed Platforms.ActiveCfg = Release|Any CPU
		{7FB67A64-F5F3-482A-9FC3-B4C63072BA22}.Release|Mixed Platforms.Build.0 = Release|Any CPU
		{72A5D78D-0714-4C8B-9A80-4E614CB9FFBE}.Debug|.NET.ActiveCfg = Debug|Any CPU
		{72A5D78D-0714-4C8B-9A80-4E614CB9FFBE}.Debug|Any CPU.ActiveCfg = Debug|Any CPU
		{72A5D78D-0714-4C8B-9A80-4E614CB9FFBE}.Debug|Any CPU.Build.0 = Debug|Any CPU
		{72A5D78D-0714-4C8B-9A80-4E614CB9FFBE}.Debug|Mixed Platforms.ActiveCfg = Debug|Any CPU
		{72A5D78D-0714-4C8B-9A80-4E614CB9FFBE}.Debug|Mixed Platforms.Build.0 = Debug|Any CPU
		{72A5D78D-0714-4C8B-9A80-4E614CB9FFBE}.Release|.NET.ActiveCfg = Release|Any CPU
		{72A5D78D-0714-4C8B-9A80-4E614CB9FFBE}.Release|Any CPU.ActiveCfg = Release|Any CPU
		{72A5D78D-0714-4C8B-9A80-4E614CB9FFBE}.Release|Any CPU.Build.0 = Release|Any CPU
		{72A5D78D-0714-4C8B-9A80-4E614CB9FFBE}.Release|Mixed Platforms.ActiveCfg = Release|Any CPU
		{72A5D78D-0714-4C8B-9A80-4E614CB9FFBE}.Release|Mixed Platforms.Build.0 = Release|Any CPU
		{E682693C-DC17-4C46-BB57-6DC2C2B02555}.Debug|.NET.ActiveCfg = Debug|Any CPU
		{E682693C-DC17-4C46-BB57-6DC2C2B02555}.Debug|Any CPU.ActiveCfg = Debug|Any CPU
		{E682693C-DC17-4C46-BB57-6DC2C2B02555}.Debug|Any CPU.Build.0 = Debug|Any CPU
		{E682693C-DC17-4C46-BB57-6DC2C2B02555}.Debug|Mixed Platforms.ActiveCfg = Debug|Any CPU
		{E682693C-DC17-4C46-BB57-6DC2C2B02555}.Debug|Mixed Platforms.Build.0 = Debug|Any CPU
		{E682693C-DC17-4C46-BB57-6DC2C2B02555}.Release|.NET.ActiveCfg = Release|Any CPU
		{E682693C-DC17-4C46-BB57-6DC2C2B02555}.Release|Any CPU.ActiveCfg = Release|Any CPU
		{E682693C-DC17-4C46-BB57-6DC2C2B02555}.Release|Any CPU.Build.0 = Release|Any CPU
		{E682693C-DC17-4C46-BB57-6DC2C2B02555}.Release|Mixed Platforms.ActiveCfg = Release|Any CPU
		{E682693C-DC17-4C46-BB57-6DC2C2B02555}.Release|Mixed Platforms.Build.0 = Release|Any CPU
		{A598DC05-2E62-4114-AC3E-A6E58E085AFF}.Debug|.NET.ActiveCfg = Debug|Any CPU
		{A598DC05-2E62-4114-AC3E-A6E58E085AFF}.Debug|Any CPU.ActiveCfg = Debug|Any CPU
		{A598DC05-2E62-4114-AC3E-A6E58E085AFF}.Debug|Any CPU.Build.0 = Debug|Any CPU
		{A598DC05-2E62-4114-AC3E-A6E58E085AFF}.Debug|Mixed Platforms.ActiveCfg = Debug|Any CPU
		{A598DC05-2E62-4114-AC3E-A6E58E085AFF}.Debug|Mixed Platforms.Build.0 = Debug|Any CPU
		{A598DC05-2E62-4114-AC3E-A6E58E085AFF}.Release|.NET.ActiveCfg = Release|Any CPU
		{A598DC05-2E62-4114-AC3E-A6E58E085AFF}.Release|Any CPU.ActiveCfg = Release|Any CPU
		{A598DC05-2E62-4114-AC3E-A6E58E085AFF}.Release|Any CPU.Build.0 = Release|Any CPU
		{A598DC05-2E62-4114-AC3E-A6E58E085AFF}.Release|Mixed Platforms.ActiveCfg = Release|Any CPU
		{A598DC05-2E62-4114-AC3E-A6E58E085AFF}.Release|Mixed Platforms.Build.0 = Release|Any CPU
		{D662F994-301C-4D43-9DD6-126A02344192}.Debug|.NET.ActiveCfg = Debug|Any CPU
		{D662F994-301C-4D43-9DD6-126A02344192}.Debug|Any CPU.ActiveCfg = Debug|Any CPU
		{D662F994-301C-4D43-9DD6-126A02344192}.Debug|Any CPU.Build.0 = Debug|Any CPU
		{D662F994-301C-4D43-9DD6-126A02344192}.Debug|Mixed Platforms.ActiveCfg = Debug|Any CPU
		{D662F994-301C-4D43-9DD6-126A02344192}.Debug|Mixed Platforms.Build.0 = Debug|Any CPU
		{D662F994-301C-4D43-9DD6-126A02344192}.Release|.NET.ActiveCfg = Release|Any CPU
		{D662F994-301C-4D43-9DD6-126A02344192}.Release|Any CPU.ActiveCfg = Release|Any CPU
		{D662F994-301C-4D43-9DD6-126A02344192}.Release|Any CPU.Build.0 = Release|Any CPU
		{D662F994-301C-4D43-9DD6-126A02344192}.Release|Mixed Platforms.ActiveCfg = Release|Any CPU
		{D662F994-301C-4D43-9DD6-126A02344192}.Release|Mixed Platforms.Build.0 = Release|Any CPU
		{A6680F19-D6F7-4DDC-9C8A-F9700872196B}.Debug|.NET.ActiveCfg = Debug|Any CPU
		{A6680F19-D6F7-4DDC-9C8A-F9700872196B}.Debug|Any CPU.ActiveCfg = Debug|Any CPU
		{A6680F19-D6F7-4DDC-9C8A-F9700872196B}.Debug|Any CPU.Build.0 = Debug|Any CPU
		{A6680F19-D6F7-4DDC-9C8A-F9700872196B}.Debug|Mixed Platforms.ActiveCfg = Debug|Any CPU
		{A6680F19-D6F7-4DDC-9C8A-F9700872196B}.Debug|Mixed Platforms.Build.0 = Debug|Any CPU
		{A6680F19-D6F7-4DDC-9C8A-F9700872196B}.Release|.NET.ActiveCfg = Release|Any CPU
		{A6680F19-D6F7-4DDC-9C8A-F9700872196B}.Release|Any CPU.ActiveCfg = Release|Any CPU
		{A6680F19-D6F7-4DDC-9C8A-F9700872196B}.Release|Any CPU.Build.0 = Release|Any CPU
		{A6680F19-D6F7-4DDC-9C8A-F9700872196B}.Release|Mixed Platforms.ActiveCfg = Release|Any CPU
		{A6680F19-D6F7-4DDC-9C8A-F9700872196B}.Release|Mixed Platforms.Build.0 = Release|Any CPU
		{D156F778-6950-4DA5-8363-30DACE29A720}.Debug|.NET.ActiveCfg = Debug|Any CPU
		{D156F778-6950-4DA5-8363-30DACE29A720}.Debug|Any CPU.ActiveCfg = Debug|Any CPU
		{D156F778-6950-4DA5-8363-30DACE29A720}.Debug|Any CPU.Build.0 = Debug|Any CPU
		{D156F778-6950-4DA5-8363-30DACE29A720}.Debug|Mixed Platforms.ActiveCfg = Debug|Any CPU
		{D156F778-6950-4DA5-8363-30DACE29A720}.Debug|Mixed Platforms.Build.0 = Debug|Any CPU
		{D156F778-6950-4DA5-8363-30DACE29A720}.Release|.NET.ActiveCfg = Release|Any CPU
		{D156F778-6950-4DA5-8363-30DACE29A720}.Release|Any CPU.ActiveCfg = Release|Any CPU
		{D156F778-6950-4DA5-8363-30DACE29A720}.Release|Any CPU.Build.0 = Release|Any CPU
		{D156F778-6950-4DA5-8363-30DACE29A720}.Release|Mixed Platforms.ActiveCfg = Release|Any CPU
		{D156F778-6950-4DA5-8363-30DACE29A720}.Release|Mixed Platforms.Build.0 = Release|Any CPU
		{372F2340-971F-4F59-AEF3-B303F2AABF35}.Debug|.NET.ActiveCfg = Debug|Any CPU
		{372F2340-971F-4F59-AEF3-B303F2AABF35}.Debug|Any CPU.ActiveCfg = Debug|Any CPU
		{372F2340-971F-4F59-AEF3-B303F2AABF35}.Debug|Any CPU.Build.0 = Debug|Any CPU
		{372F2340-971F-4F59-AEF3-B303F2AABF35}.Debug|Mixed Platforms.ActiveCfg = Debug|Any CPU
		{372F2340-971F-4F59-AEF3-B303F2AABF35}.Debug|Mixed Platforms.Build.0 = Debug|Any CPU
		{372F2340-971F-4F59-AEF3-B303F2AABF35}.Release|.NET.ActiveCfg = Release|Any CPU
		{372F2340-971F-4F59-AEF3-B303F2AABF35}.Release|Any CPU.ActiveCfg = Release|Any CPU
		{372F2340-971F-4F59-AEF3-B303F2AABF35}.Release|Any CPU.Build.0 = Release|Any CPU
		{372F2340-971F-4F59-AEF3-B303F2AABF35}.Release|Mixed Platforms.ActiveCfg = Release|Any CPU
		{372F2340-971F-4F59-AEF3-B303F2AABF35}.Release|Mixed Platforms.Build.0 = Release|Any CPU
		{075835EA-8B16-4CE9-A2B2-BAA167F4C58E}.Debug|.NET.ActiveCfg = Debug|Any CPU
		{075835EA-8B16-4CE9-A2B2-BAA167F4C58E}.Debug|Any CPU.ActiveCfg = Debug|Any CPU
		{075835EA-8B16-4CE9-A2B2-BAA167F4C58E}.Debug|Any CPU.Build.0 = Debug|Any CPU
		{075835EA-8B16-4CE9-A2B2-BAA167F4C58E}.Debug|Mixed Platforms.ActiveCfg = Debug|Any CPU
		{075835EA-8B16-4CE9-A2B2-BAA167F4C58E}.Debug|Mixed Platforms.Build.0 = Debug|Any CPU
		{075835EA-8B16-4CE9-A2B2-BAA167F4C58E}.Release|.NET.ActiveCfg = Release|Any CPU
		{075835EA-8B16-4CE9-A2B2-BAA167F4C58E}.Release|Any CPU.ActiveCfg = Release|Any CPU
		{075835EA-8B16-4CE9-A2B2-BAA167F4C58E}.Release|Any CPU.Build.0 = Release|Any CPU
		{075835EA-8B16-4CE9-A2B2-BAA167F4C58E}.Release|Mixed Platforms.ActiveCfg = Release|Any CPU
		{075835EA-8B16-4CE9-A2B2-BAA167F4C58E}.Release|Mixed Platforms.Build.0 = Release|Any CPU
		{0CF9F5E6-1F40-4CDB-9266-B17D89286610}.Debug|.NET.ActiveCfg = Debug|Any CPU
		{0CF9F5E6-1F40-4CDB-9266-B17D89286610}.Debug|Any CPU.ActiveCfg = Debug|Any CPU
		{0CF9F5E6-1F40-4CDB-9266-B17D89286610}.Debug|Any CPU.Build.0 = Debug|Any CPU
		{0CF9F5E6-1F40-4CDB-9266-B17D89286610}.Debug|Mixed Platforms.ActiveCfg = Debug|Any CPU
		{0CF9F5E6-1F40-4CDB-9266-B17D89286610}.Debug|Mixed Platforms.Build.0 = Debug|Any CPU
		{0CF9F5E6-1F40-4CDB-9266-B17D89286610}.Release|.NET.ActiveCfg = Release|Any CPU
		{0CF9F5E6-1F40-4CDB-9266-B17D89286610}.Release|Any CPU.ActiveCfg = Release|Any CPU
		{0CF9F5E6-1F40-4CDB-9266-B17D89286610}.Release|Any CPU.Build.0 = Release|Any CPU
		{0CF9F5E6-1F40-4CDB-9266-B17D89286610}.Release|Mixed Platforms.ActiveCfg = Release|Any CPU
		{0CF9F5E6-1F40-4CDB-9266-B17D89286610}.Release|Mixed Platforms.Build.0 = Release|Any CPU
		{A1BD27EF-DE16-4D03-AB76-F20899261FCC}.Debug|.NET.ActiveCfg = Debug|Any CPU
		{A1BD27EF-DE16-4D03-AB76-F20899261FCC}.Debug|Any CPU.ActiveCfg = Debug|Any CPU
		{A1BD27EF-DE16-4D03-AB76-F20899261FCC}.Debug|Any CPU.Build.0 = Debug|Any CPU
		{A1BD27EF-DE16-4D03-AB76-F20899261FCC}.Debug|Mixed Platforms.ActiveCfg = Debug|Any CPU
		{A1BD27EF-DE16-4D03-AB76-F20899261FCC}.Debug|Mixed Platforms.Build.0 = Debug|Any CPU
		{A1BD27EF-DE16-4D03-AB76-F20899261FCC}.Release|.NET.ActiveCfg = Release|Any CPU
		{A1BD27EF-DE16-4D03-AB76-F20899261FCC}.Release|Any CPU.ActiveCfg = Release|Any CPU
		{A1BD27EF-DE16-4D03-AB76-F20899261FCC}.Release|Any CPU.Build.0 = Release|Any CPU
		{A1BD27EF-DE16-4D03-AB76-F20899261FCC}.Release|Mixed Platforms.ActiveCfg = Release|Any CPU
		{A1BD27EF-DE16-4D03-AB76-F20899261FCC}.Release|Mixed Platforms.Build.0 = Release|Any CPU
		{12B4E3A7-8E7A-4686-BDA9-1AC544A4C793}.Debug|.NET.ActiveCfg = Debug|Any CPU
		{12B4E3A7-8E7A-4686-BDA9-1AC544A4C793}.Debug|Any CPU.ActiveCfg = Debug|Any CPU
		{12B4E3A7-8E7A-4686-BDA9-1AC544A4C793}.Debug|Any CPU.Build.0 = Debug|Any CPU
		{12B4E3A7-8E7A-4686-BDA9-1AC544A4C793}.Debug|Mixed Platforms.ActiveCfg = Debug|Any CPU
		{12B4E3A7-8E7A-4686-BDA9-1AC544A4C793}.Debug|Mixed Platforms.Build.0 = Debug|Any CPU
		{12B4E3A7-8E7A-4686-BDA9-1AC544A4C793}.Release|.NET.ActiveCfg = Release|Any CPU
		{12B4E3A7-8E7A-4686-BDA9-1AC544A4C793}.Release|Any CPU.ActiveCfg = Release|Any CPU
		{12B4E3A7-8E7A-4686-BDA9-1AC544A4C793}.Release|Any CPU.Build.0 = Release|Any CPU
		{12B4E3A7-8E7A-4686-BDA9-1AC544A4C793}.Release|Mixed Platforms.ActiveCfg = Release|Any CPU
		{12B4E3A7-8E7A-4686-BDA9-1AC544A4C793}.Release|Mixed Platforms.Build.0 = Release|Any CPU
		{CB167D55-3E0E-466D-99DF-A4C28CD052DD}.Debug|.NET.ActiveCfg = Debug|Any CPU
		{CB167D55-3E0E-466D-99DF-A4C28CD052DD}.Debug|Any CPU.ActiveCfg = Debug|Any CPU
		{CB167D55-3E0E-466D-99DF-A4C28CD052DD}.Debug|Any CPU.Build.0 = Debug|Any CPU
		{CB167D55-3E0E-466D-99DF-A4C28CD052DD}.Debug|Mixed Platforms.ActiveCfg = Debug|Any CPU
		{CB167D55-3E0E-466D-99DF-A4C28CD052DD}.Debug|Mixed Platforms.Build.0 = Debug|Any CPU
		{CB167D55-3E0E-466D-99DF-A4C28CD052DD}.Release|.NET.ActiveCfg = Release|Any CPU
		{CB167D55-3E0E-466D-99DF-A4C28CD052DD}.Release|Any CPU.ActiveCfg = Release|Any CPU
		{CB167D55-3E0E-466D-99DF-A4C28CD052DD}.Release|Any CPU.Build.0 = Release|Any CPU
		{CB167D55-3E0E-466D-99DF-A4C28CD052DD}.Release|Mixed Platforms.ActiveCfg = Release|Any CPU
		{CB167D55-3E0E-466D-99DF-A4C28CD052DD}.Release|Mixed Platforms.Build.0 = Release|Any CPU
		{64CBE647-2157-46B6-8AE5-0B742D2382D7}.Debug|.NET.ActiveCfg = Debug|Any CPU
		{64CBE647-2157-46B6-8AE5-0B742D2382D7}.Debug|Any CPU.ActiveCfg = Debug|Any CPU
		{64CBE647-2157-46B6-8AE5-0B742D2382D7}.Debug|Any CPU.Build.0 = Debug|Any CPU
		{64CBE647-2157-46B6-8AE5-0B742D2382D7}.Debug|Mixed Platforms.ActiveCfg = Debug|Any CPU
		{64CBE647-2157-46B6-8AE5-0B742D2382D7}.Debug|Mixed Platforms.Build.0 = Debug|Any CPU
		{64CBE647-2157-46B6-8AE5-0B742D2382D7}.Release|.NET.ActiveCfg = Release|Any CPU
		{64CBE647-2157-46B6-8AE5-0B742D2382D7}.Release|Any CPU.ActiveCfg = Release|Any CPU
		{64CBE647-2157-46B6-8AE5-0B742D2382D7}.Release|Any CPU.Build.0 = Release|Any CPU
		{64CBE647-2157-46B6-8AE5-0B742D2382D7}.Release|Mixed Platforms.ActiveCfg = Release|Any CPU
		{64CBE647-2157-46B6-8AE5-0B742D2382D7}.Release|Mixed Platforms.Build.0 = Release|Any CPU
		{8057ED68-10FE-4D57-B260-74C7644534E9}.Debug|.NET.ActiveCfg = Debug|Any CPU
		{8057ED68-10FE-4D57-B260-74C7644534E9}.Debug|Any CPU.ActiveCfg = Debug|Any CPU
		{8057ED68-10FE-4D57-B260-74C7644534E9}.Debug|Any CPU.Build.0 = Debug|Any CPU
		{8057ED68-10FE-4D57-B260-74C7644534E9}.Debug|Mixed Platforms.ActiveCfg = Debug|Any CPU
		{8057ED68-10FE-4D57-B260-74C7644534E9}.Debug|Mixed Platforms.Build.0 = Debug|Any CPU
		{8057ED68-10FE-4D57-B260-74C7644534E9}.Release|.NET.ActiveCfg = Release|Any CPU
		{8057ED68-10FE-4D57-B260-74C7644534E9}.Release|Any CPU.ActiveCfg = Release|Any CPU
		{8057ED68-10FE-4D57-B260-74C7644534E9}.Release|Any CPU.Build.0 = Release|Any CPU
		{8057ED68-10FE-4D57-B260-74C7644534E9}.Release|Mixed Platforms.ActiveCfg = Release|Any CPU
		{8057ED68-10FE-4D57-B260-74C7644534E9}.Release|Mixed Platforms.Build.0 = Release|Any CPU
		{9780997C-8255-47E4-A802-EF2ADFC6A002}.Debug|.NET.ActiveCfg = Debug|Any CPU
		{9780997C-8255-47E4-A802-EF2ADFC6A002}.Debug|Any CPU.ActiveCfg = Debug|Any CPU
		{9780997C-8255-47E4-A802-EF2ADFC6A002}.Debug|Any CPU.Build.0 = Debug|Any CPU
		{9780997C-8255-47E4-A802-EF2ADFC6A002}.Debug|Mixed Platforms.ActiveCfg = Debug|Any CPU
		{9780997C-8255-47E4-A802-EF2ADFC6A002}.Debug|Mixed Platforms.Build.0 = Debug|Any CPU
		{9780997C-8255-47E4-A802-EF2ADFC6A002}.Release|.NET.ActiveCfg = Release|Any CPU
		{9780997C-8255-47E4-A802-EF2ADFC6A002}.Release|Any CPU.ActiveCfg = Release|Any CPU
		{9780997C-8255-47E4-A802-EF2ADFC6A002}.Release|Any CPU.Build.0 = Release|Any CPU
		{9780997C-8255-47E4-A802-EF2ADFC6A002}.Release|Mixed Platforms.ActiveCfg = Release|Any CPU
		{9780997C-8255-47E4-A802-EF2ADFC6A002}.Release|Mixed Platforms.Build.0 = Release|Any CPU
		{4B27500B-CA15-46DC-8CF8-5C8607691F3C}.Debug|.NET.ActiveCfg = Debug|Any CPU
		{4B27500B-CA15-46DC-8CF8-5C8607691F3C}.Debug|Any CPU.ActiveCfg = Debug|Any CPU
		{4B27500B-CA15-46DC-8CF8-5C8607691F3C}.Debug|Any CPU.Build.0 = Debug|Any CPU
		{4B27500B-CA15-46DC-8CF8-5C8607691F3C}.Debug|Mixed Platforms.ActiveCfg = Debug|Any CPU
		{4B27500B-CA15-46DC-8CF8-5C8607691F3C}.Debug|Mixed Platforms.Build.0 = Debug|Any CPU
		{4B27500B-CA15-46DC-8CF8-5C8607691F3C}.Release|.NET.ActiveCfg = Release|Any CPU
		{4B27500B-CA15-46DC-8CF8-5C8607691F3C}.Release|Any CPU.ActiveCfg = Release|Any CPU
		{4B27500B-CA15-46DC-8CF8-5C8607691F3C}.Release|Any CPU.Build.0 = Release|Any CPU
		{4B27500B-CA15-46DC-8CF8-5C8607691F3C}.Release|Mixed Platforms.ActiveCfg = Release|Any CPU
		{4B27500B-CA15-46DC-8CF8-5C8607691F3C}.Release|Mixed Platforms.Build.0 = Release|Any CPU
		{45CD5C03-6B0A-44BB-A365-5963F7DC8A7F}.Debug|.NET.ActiveCfg = Debug|Any CPU
		{45CD5C03-6B0A-44BB-A365-5963F7DC8A7F}.Debug|Any CPU.ActiveCfg = Debug|Any CPU
		{45CD5C03-6B0A-44BB-A365-5963F7DC8A7F}.Debug|Any CPU.Build.0 = Debug|Any CPU
		{45CD5C03-6B0A-44BB-A365-5963F7DC8A7F}.Debug|Mixed Platforms.ActiveCfg = Debug|Any CPU
		{45CD5C03-6B0A-44BB-A365-5963F7DC8A7F}.Debug|Mixed Platforms.Build.0 = Debug|Any CPU
		{45CD5C03-6B0A-44BB-A365-5963F7DC8A7F}.Release|.NET.ActiveCfg = Release|Any CPU
		{45CD5C03-6B0A-44BB-A365-5963F7DC8A7F}.Release|Any CPU.ActiveCfg = Release|Any CPU
		{45CD5C03-6B0A-44BB-A365-5963F7DC8A7F}.Release|Any CPU.Build.0 = Release|Any CPU
		{45CD5C03-6B0A-44BB-A365-5963F7DC8A7F}.Release|Mixed Platforms.ActiveCfg = Release|Any CPU
		{45CD5C03-6B0A-44BB-A365-5963F7DC8A7F}.Release|Mixed Platforms.Build.0 = Release|Any CPU
		{6068514A-0F73-4478-A1AA-8120CE1057F8}.Debug|.NET.ActiveCfg = Debug|Any CPU
		{6068514A-0F73-4478-A1AA-8120CE1057F8}.Debug|Any CPU.ActiveCfg = Debug|Any CPU
		{6068514A-0F73-4478-A1AA-8120CE1057F8}.Debug|Any CPU.Build.0 = Debug|Any CPU
		{6068514A-0F73-4478-A1AA-8120CE1057F8}.Debug|Mixed Platforms.ActiveCfg = Debug|Any CPU
		{6068514A-0F73-4478-A1AA-8120CE1057F8}.Debug|Mixed Platforms.Build.0 = Debug|Any CPU
		{6068514A-0F73-4478-A1AA-8120CE1057F8}.Release|.NET.ActiveCfg = Release|Any CPU
		{6068514A-0F73-4478-A1AA-8120CE1057F8}.Release|Any CPU.ActiveCfg = Release|Any CPU
		{6068514A-0F73-4478-A1AA-8120CE1057F8}.Release|Any CPU.Build.0 = Release|Any CPU
		{6068514A-0F73-4478-A1AA-8120CE1057F8}.Release|Mixed Platforms.ActiveCfg = Release|Any CPU
		{6068514A-0F73-4478-A1AA-8120CE1057F8}.Release|Mixed Platforms.Build.0 = Release|Any CPU
		{E0567226-B2DD-468F-AC17-34EB60D117F3}.Debug|.NET.ActiveCfg = Debug|Any CPU
		{E0567226-B2DD-468F-AC17-34EB60D117F3}.Debug|Any CPU.ActiveCfg = Debug|Any CPU
		{E0567226-B2DD-468F-AC17-34EB60D117F3}.Debug|Any CPU.Build.0 = Debug|Any CPU
		{E0567226-B2DD-468F-AC17-34EB60D117F3}.Debug|Mixed Platforms.ActiveCfg = Debug|Any CPU
		{E0567226-B2DD-468F-AC17-34EB60D117F3}.Debug|Mixed Platforms.Build.0 = Debug|Any CPU
		{E0567226-B2DD-468F-AC17-34EB60D117F3}.Release|.NET.ActiveCfg = Release|Any CPU
		{E0567226-B2DD-468F-AC17-34EB60D117F3}.Release|Any CPU.ActiveCfg = Release|Any CPU
		{E0567226-B2DD-468F-AC17-34EB60D117F3}.Release|Any CPU.Build.0 = Release|Any CPU
		{E0567226-B2DD-468F-AC17-34EB60D117F3}.Release|Mixed Platforms.ActiveCfg = Release|Any CPU
		{E0567226-B2DD-468F-AC17-34EB60D117F3}.Release|Mixed Platforms.Build.0 = Release|Any CPU
		{597C63E1-D88B-4E27-9093-2963860FE905}.Debug|.NET.ActiveCfg = Debug|Any CPU
		{597C63E1-D88B-4E27-9093-2963860FE905}.Debug|Any CPU.ActiveCfg = Debug|Any CPU
		{597C63E1-D88B-4E27-9093-2963860FE905}.Debug|Any CPU.Build.0 = Debug|Any CPU
		{597C63E1-D88B-4E27-9093-2963860FE905}.Debug|Mixed Platforms.ActiveCfg = Debug|Any CPU
		{597C63E1-D88B-4E27-9093-2963860FE905}.Debug|Mixed Platforms.Build.0 = Debug|Any CPU
		{597C63E1-D88B-4E27-9093-2963860FE905}.Release|.NET.ActiveCfg = Release|Any CPU
		{597C63E1-D88B-4E27-9093-2963860FE905}.Release|Any CPU.ActiveCfg = Release|Any CPU
		{597C63E1-D88B-4E27-9093-2963860FE905}.Release|Any CPU.Build.0 = Release|Any CPU
		{597C63E1-D88B-4E27-9093-2963860FE905}.Release|Mixed Platforms.ActiveCfg = Release|Any CPU
		{597C63E1-D88B-4E27-9093-2963860FE905}.Release|Mixed Platforms.Build.0 = Release|Any CPU
		{F7F08A65-1412-4FF7-B869-5B0407AE6915}.Debug|.NET.ActiveCfg = Debug|Any CPU
		{F7F08A65-1412-4FF7-B869-5B0407AE6915}.Debug|Any CPU.ActiveCfg = Debug|Any CPU
		{F7F08A65-1412-4FF7-B869-5B0407AE6915}.Debug|Any CPU.Build.0 = Debug|Any CPU
		{F7F08A65-1412-4FF7-B869-5B0407AE6915}.Debug|Mixed Platforms.ActiveCfg = Debug|Any CPU
		{F7F08A65-1412-4FF7-B869-5B0407AE6915}.Debug|Mixed Platforms.Build.0 = Debug|Any CPU
		{F7F08A65-1412-4FF7-B869-5B0407AE6915}.Release|.NET.ActiveCfg = Release|Any CPU
		{F7F08A65-1412-4FF7-B869-5B0407AE6915}.Release|Any CPU.ActiveCfg = Release|Any CPU
		{F7F08A65-1412-4FF7-B869-5B0407AE6915}.Release|Any CPU.Build.0 = Release|Any CPU
		{F7F08A65-1412-4FF7-B869-5B0407AE6915}.Release|Mixed Platforms.ActiveCfg = Release|Any CPU
		{F7F08A65-1412-4FF7-B869-5B0407AE6915}.Release|Mixed Platforms.Build.0 = Release|Any CPU
		{834E2826-C5D8-4C3F-8B79-51CB2BE462CA}.Debug|.NET.ActiveCfg = Debug|Any CPU
		{834E2826-C5D8-4C3F-8B79-51CB2BE462CA}.Debug|Any CPU.ActiveCfg = Debug|Any CPU
		{834E2826-C5D8-4C3F-8B79-51CB2BE462CA}.Debug|Any CPU.Build.0 = Debug|Any CPU
		{834E2826-C5D8-4C3F-8B79-51CB2BE462CA}.Debug|Mixed Platforms.ActiveCfg = Debug|Any CPU
		{834E2826-C5D8-4C3F-8B79-51CB2BE462CA}.Debug|Mixed Platforms.Build.0 = Debug|Any CPU
		{834E2826-C5D8-4C3F-8B79-51CB2BE462CA}.Release|.NET.ActiveCfg = Release|Any CPU
		{834E2826-C5D8-4C3F-8B79-51CB2BE462CA}.Release|Any CPU.ActiveCfg = Release|Any CPU
		{834E2826-C5D8-4C3F-8B79-51CB2BE462CA}.Release|Any CPU.Build.0 = Release|Any CPU
		{834E2826-C5D8-4C3F-8B79-51CB2BE462CA}.Release|Mixed Platforms.ActiveCfg = Release|Any CPU
		{834E2826-C5D8-4C3F-8B79-51CB2BE462CA}.Release|Mixed Platforms.Build.0 = Release|Any CPU
		{7116F638-B9B6-454D-A12D-A81118023DFB}.Debug|.NET.ActiveCfg = Debug|Any CPU
		{7116F638-B9B6-454D-A12D-A81118023DFB}.Debug|Any CPU.ActiveCfg = Debug|Any CPU
		{7116F638-B9B6-454D-A12D-A81118023DFB}.Debug|Any CPU.Build.0 = Debug|Any CPU
		{7116F638-B9B6-454D-A12D-A81118023DFB}.Debug|Mixed Platforms.ActiveCfg = Debug|Any CPU
		{7116F638-B9B6-454D-A12D-A81118023DFB}.Debug|Mixed Platforms.Build.0 = Debug|Any CPU
		{7116F638-B9B6-454D-A12D-A81118023DFB}.Release|.NET.ActiveCfg = Release|Any CPU
		{7116F638-B9B6-454D-A12D-A81118023DFB}.Release|Any CPU.ActiveCfg = Release|Any CPU
		{7116F638-B9B6-454D-A12D-A81118023DFB}.Release|Any CPU.Build.0 = Release|Any CPU
		{7116F638-B9B6-454D-A12D-A81118023DFB}.Release|Mixed Platforms.ActiveCfg = Release|Any CPU
		{7116F638-B9B6-454D-A12D-A81118023DFB}.Release|Mixed Platforms.Build.0 = Release|Any CPU
		{2E7C1D59-84AF-4E2A-870A-9D627AD68F56}.Debug|.NET.ActiveCfg = Debug|Any CPU
		{2E7C1D59-84AF-4E2A-870A-9D627AD68F56}.Debug|Any CPU.ActiveCfg = Debug|Any CPU
		{2E7C1D59-84AF-4E2A-870A-9D627AD68F56}.Debug|Any CPU.Build.0 = Debug|Any CPU
		{2E7C1D59-84AF-4E2A-870A-9D627AD68F56}.Debug|Mixed Platforms.ActiveCfg = Debug|Any CPU
		{2E7C1D59-84AF-4E2A-870A-9D627AD68F56}.Debug|Mixed Platforms.Build.0 = Debug|Any CPU
		{2E7C1D59-84AF-4E2A-870A-9D627AD68F56}.Release|.NET.ActiveCfg = Release|Any CPU
		{2E7C1D59-84AF-4E2A-870A-9D627AD68F56}.Release|Any CPU.ActiveCfg = Release|Any CPU
		{2E7C1D59-84AF-4E2A-870A-9D627AD68F56}.Release|Any CPU.Build.0 = Release|Any CPU
		{2E7C1D59-84AF-4E2A-870A-9D627AD68F56}.Release|Mixed Platforms.ActiveCfg = Release|Any CPU
		{2E7C1D59-84AF-4E2A-870A-9D627AD68F56}.Release|Mixed Platforms.Build.0 = Release|Any CPU
		{B91A4CB2-D8AF-4784-BED3-CF166FA5B7AD}.Debug|.NET.ActiveCfg = Debug|Any CPU
		{B91A4CB2-D8AF-4784-BED3-CF166FA5B7AD}.Debug|Any CPU.ActiveCfg = Debug|Any CPU
		{B91A4CB2-D8AF-4784-BED3-CF166FA5B7AD}.Debug|Any CPU.Build.0 = Debug|Any CPU
		{B91A4CB2-D8AF-4784-BED3-CF166FA5B7AD}.Debug|Mixed Platforms.ActiveCfg = Debug|Any CPU
		{B91A4CB2-D8AF-4784-BED3-CF166FA5B7AD}.Debug|Mixed Platforms.Build.0 = Debug|Any CPU
		{B91A4CB2-D8AF-4784-BED3-CF166FA5B7AD}.Release|.NET.ActiveCfg = Release|Any CPU
		{B91A4CB2-D8AF-4784-BED3-CF166FA5B7AD}.Release|Any CPU.ActiveCfg = Release|Any CPU
		{B91A4CB2-D8AF-4784-BED3-CF166FA5B7AD}.Release|Any CPU.Build.0 = Release|Any CPU
		{B91A4CB2-D8AF-4784-BED3-CF166FA5B7AD}.Release|Mixed Platforms.ActiveCfg = Release|Any CPU
		{B91A4CB2-D8AF-4784-BED3-CF166FA5B7AD}.Release|Mixed Platforms.Build.0 = Release|Any CPU
		{2BD730CA-42B9-4BEE-8D89-963CA55BB74B}.Debug|.NET.ActiveCfg = Debug|Any CPU
		{2BD730CA-42B9-4BEE-8D89-963CA55BB74B}.Debug|Any CPU.ActiveCfg = Debug|Any CPU
		{2BD730CA-42B9-4BEE-8D89-963CA55BB74B}.Debug|Any CPU.Build.0 = Debug|Any CPU
		{2BD730CA-42B9-4BEE-8D89-963CA55BB74B}.Debug|Mixed Platforms.ActiveCfg = Debug|Any CPU
		{2BD730CA-42B9-4BEE-8D89-963CA55BB74B}.Debug|Mixed Platforms.Build.0 = Debug|Any CPU
		{2BD730CA-42B9-4BEE-8D89-963CA55BB74B}.Release|.NET.ActiveCfg = Release|Any CPU
		{2BD730CA-42B9-4BEE-8D89-963CA55BB74B}.Release|Any CPU.ActiveCfg = Release|Any CPU
		{2BD730CA-42B9-4BEE-8D89-963CA55BB74B}.Release|Any CPU.Build.0 = Release|Any CPU
		{2BD730CA-42B9-4BEE-8D89-963CA55BB74B}.Release|Mixed Platforms.ActiveCfg = Release|Any CPU
		{2BD730CA-42B9-4BEE-8D89-963CA55BB74B}.Release|Mixed Platforms.Build.0 = Release|Any CPU
	EndGlobalSection
	GlobalSection(SolutionProperties) = preSolution
		HideSolutionNode = FALSE
	EndGlobalSection
	GlobalSection(NestedProjects) = preSolution
		{9DE22C67-7C2A-4321-8501-68F024E541D5} = {4CFBCFAB-08CD-4F5B-99FA-5BA79252B520}
		{DAC5D35D-971A-49BD-AA64-2018F8C18E37} = {4CFBCFAB-08CD-4F5B-99FA-5BA79252B520}
		{1D81D88C-CB3C-43E0-A305-DA26DAD04DB9} = {4CFBCFAB-08CD-4F5B-99FA-5BA79252B520}
		{95EF905E-1744-4C55-A766-970DFEBF4B21} = {4CFBCFAB-08CD-4F5B-99FA-5BA79252B520}
		{D62E5B76-9561-48BC-864A-F934DA28736C} = {4CFBCFAB-08CD-4F5B-99FA-5BA79252B520}
		{2DF66133-1618-4935-921E-BFF784735C3A} = {4CFBCFAB-08CD-4F5B-99FA-5BA79252B520}
		{52E712D4-946B-4DFE-B7AD-A1383AEE9146} = {4CFBCFAB-08CD-4F5B-99FA-5BA79252B520}
		{C0B374F5-F9D9-4113-9C2D-6E50B1164388} = {4CFBCFAB-08CD-4F5B-99FA-5BA79252B520}
		{9E28F403-67DD-430E-BF7E-5DC59CF78E14} = {4CFBCFAB-08CD-4F5B-99FA-5BA79252B520}
		{9FBF63D5-1C80-43F0-8CDA-702A08ED3C58} = {4CFBCFAB-08CD-4F5B-99FA-5BA79252B520}
		{752A863D-9C63-4788-AAD9-8FCE11F21871} = {4CFBCFAB-08CD-4F5B-99FA-5BA79252B520}
		{0B806A13-4B08-4855-AE3A-578057DB09CD} = {4CFBCFAB-08CD-4F5B-99FA-5BA79252B520}
		{2C573ADD-4B09-4CE1-9849-E25732938960} = {4CFBCFAB-08CD-4F5B-99FA-5BA79252B520}
		{23121FD0-FF0B-452C-85F5-47AF5CBD586C} = {4CFBCFAB-08CD-4F5B-99FA-5BA79252B520}
		{72A5D78D-0714-4C8B-9A80-4E614CB9FFBE} = {4CFBCFAB-08CD-4F5B-99FA-5BA79252B520}
		{A6680F19-D6F7-4DDC-9C8A-F9700872196B} = {4CFBCFAB-08CD-4F5B-99FA-5BA79252B520}
		{D156F778-6950-4DA5-8363-30DACE29A720} = {4CFBCFAB-08CD-4F5B-99FA-5BA79252B520}
		{075835EA-8B16-4CE9-A2B2-BAA167F4C58E} = {4CFBCFAB-08CD-4F5B-99FA-5BA79252B520}
		{0CF9F5E6-1F40-4CDB-9266-B17D89286610} = {4CFBCFAB-08CD-4F5B-99FA-5BA79252B520}
		{A1BD27EF-DE16-4D03-AB76-F20899261FCC} = {4CFBCFAB-08CD-4F5B-99FA-5BA79252B520}
		{12B4E3A7-8E7A-4686-BDA9-1AC544A4C793} = {4CFBCFAB-08CD-4F5B-99FA-5BA79252B520}
		{CB167D55-3E0E-466D-99DF-A4C28CD052DD} = {4CFBCFAB-08CD-4F5B-99FA-5BA79252B520}
		{64CBE647-2157-46B6-8AE5-0B742D2382D7} = {4CFBCFAB-08CD-4F5B-99FA-5BA79252B520}
		{8057ED68-10FE-4D57-B260-74C7644534E9} = {4CFBCFAB-08CD-4F5B-99FA-5BA79252B520}
		{9780997C-8255-47E4-A802-EF2ADFC6A002} = {4CFBCFAB-08CD-4F5B-99FA-5BA79252B520}
		{4B27500B-CA15-46DC-8CF8-5C8607691F3C} = {4CFBCFAB-08CD-4F5B-99FA-5BA79252B520}
		{45CD5C03-6B0A-44BB-A365-5963F7DC8A7F} = {4CFBCFAB-08CD-4F5B-99FA-5BA79252B520}
		{6068514A-0F73-4478-A1AA-8120CE1057F8} = {4CFBCFAB-08CD-4F5B-99FA-5BA79252B520}
		{E0567226-B2DD-468F-AC17-34EB60D117F3} = {4CFBCFAB-08CD-4F5B-99FA-5BA79252B520}
		{597C63E1-D88B-4E27-9093-2963860FE905} = {4CFBCFAB-08CD-4F5B-99FA-5BA79252B520}
		{F7F08A65-1412-4FF7-B869-5B0407AE6915} = {4CFBCFAB-08CD-4F5B-99FA-5BA79252B520}
		{834E2826-C5D8-4C3F-8B79-51CB2BE462CA} = {4CFBCFAB-08CD-4F5B-99FA-5BA79252B520}
		{7116F638-B9B6-454D-A12D-A81118023DFB} = {4CFBCFAB-08CD-4F5B-99FA-5BA79252B520}
		{2BD730CA-42B9-4BEE-8D89-963CA55BB74B} = {4CFBCFAB-08CD-4F5B-99FA-5BA79252B520}
		{DB0E4C93-A1E6-43DA-A068-8FDEAC9F30BE} = {07C16165-F4BA-4344-AEDE-A1DA33CEDB4C}
		{FF0437D2-EA6D-4451-BE7A-666C7675B9EC} = {07C16165-F4BA-4344-AEDE-A1DA33CEDB4C}
		{4383BA85-3EF8-4B18-9CA1-5D5A9A93135A} = {07C16165-F4BA-4344-AEDE-A1DA33CEDB4C}
		{86FD6898-29AE-4C6E-A3FA-D396345367CD} = {07C16165-F4BA-4344-AEDE-A1DA33CEDB4C}
		{8E00DA87-C4EC-4E72-AC41-801A1116AB96} = {07C16165-F4BA-4344-AEDE-A1DA33CEDB4C}
		{70F14126-DC82-448F-9642-EF529DAC9C78} = {07C16165-F4BA-4344-AEDE-A1DA33CEDB4C}
		{B401F477-3472-4C70-B3FE-D094703709F8} = {07C16165-F4BA-4344-AEDE-A1DA33CEDB4C}
		{7FB67A64-F5F3-482A-9FC3-B4C63072BA22} = {07C16165-F4BA-4344-AEDE-A1DA33CEDB4C}
		{D662F994-301C-4D43-9DD6-126A02344192} = {07C16165-F4BA-4344-AEDE-A1DA33CEDB4C}
		{372F2340-971F-4F59-AEF3-B303F2AABF35} = {07C16165-F4BA-4344-AEDE-A1DA33CEDB4C}
		{F7AAF6FC-8DB9-4DA1-A06B-CEF47DC23355} = {753EB1D7-133F-48AC-A14F-AE083BA0A9D2}
		{22840ACF-2626-4F01-A6F4-9F7425387074} = {753EB1D7-133F-48AC-A14F-AE083BA0A9D2}
		{13F8303C-64C6-4420-B957-E6F557BF4D43} = {753EB1D7-133F-48AC-A14F-AE083BA0A9D2}
		{082B65A7-CDC8-471B-88A9-BA017FC9E80F} = {753EB1D7-133F-48AC-A14F-AE083BA0A9D2}
		{EDF31192-A159-48DA-A737-9935A8A5BC18} = {A3E1635B-ECA0-46B2-B9BD-CA9340A23257}
		{ADC07038-4AAC-45E4-B652-75A971A413A5} = {A3E1635B-ECA0-46B2-B9BD-CA9340A23257}
		{1DE849F3-EA26-43A8-9D49-32B6FECBF0AA} = {A3E1635B-ECA0-46B2-B9BD-CA9340A23257}
		{44697772-09C1-4B28-B3F5-C28B693B06F7} = {A3E1635B-ECA0-46B2-B9BD-CA9340A23257}
		{4D26AD7F-0482-4B2D-A5A6-A1AE338B4F4D} = {A3E1635B-ECA0-46B2-B9BD-CA9340A23257}
		{E682693C-DC17-4C46-BB57-6DC2C2B02555} = {A3E1635B-ECA0-46B2-B9BD-CA9340A23257}
		{A598DC05-2E62-4114-AC3E-A6E58E085AFF} = {A3E1635B-ECA0-46B2-B9BD-CA9340A23257}
		{2E7C1D59-84AF-4E2A-870A-9D627AD68F56} = {A3E1635B-ECA0-46B2-B9BD-CA9340A23257}
		{B91A4CB2-D8AF-4784-BED3-CF166FA5B7AD} = {A3E1635B-ECA0-46B2-B9BD-CA9340A23257}
	EndGlobalSection
EndGlobal
