
Microsoft Visual Studio Solution File, Format Version 11.00
# Visual Studio 2010
Project("{2150E333-8FDC-42A3-9474-1A3956D46DE8}") = "Libraries", "Libraries", "{E4ACA93B-D3DE-4557-B069-F1DB42925A4B}"
EndProject
Project("{2150E333-8FDC-42A3-9474-1A3956D46DE8}") = "Presentation", "Presentation", "{B09156FB-8291-46A2-AF37-67CE97CFB5A6}"
EndProject
Project("{FAE04EC0-301F-11D3-BF4B-00C04F79EFBC}") = "Nop.Core", "Libraries\Nop.Core\Nop.Core.csproj", "{6BDA8332-939F-45B7-A25E-7A797260AE59}"
EndProject
Project("{FAE04EC0-301F-11D3-BF4B-00C04F79EFBC}") = "Nop.Data", "Libraries\Nop.Data\Nop.Data.csproj", "{CCD7F2C9-6A2C-4CF0-8E89-076B8FC0F144}"
EndProject
Project("{FAE04EC0-301F-11D3-BF4B-00C04F79EFBC}") = "Nop.Services", "Libraries\Nop.Services\Nop.Services.csproj", "{210541AD-F659-47DA-8763-16F36C5CD2F4}"
EndProject
Project("{FAE04EC0-301F-11D3-BF4B-00C04F79EFBC}") = "Nop.Web.Framework", "Presentation\Nop.Web.Framework\Nop.Web.Framework.csproj", "{75FD4163-333C-4DD5-854D-2EF294E45D94}"
EndProject
Project("{2150E333-8FDC-42A3-9474-1A3956D46DE8}") = "Tests", "Tests", "{A340B280-C12B-47E7-90B7-89C650F8AAFC}"
EndProject
Project("{FAE04EC0-301F-11D3-BF4B-00C04F79EFBC}") = "Nop.Data.Tests", "Tests\Nop.Data.Tests\Nop.Data.Tests.csproj", "{0D303E2D-0367-4F66-AC03-F1658FBBB24D}"
EndProject
Project("{FAE04EC0-301F-11D3-BF4B-00C04F79EFBC}") = "Nop.Services.Tests", "Tests\Nop.Services.Tests\Nop.Services.Tests.csproj", "{5DCBE5B1-1A02-48E7-9853-5FCEF2A36805}"
EndProject
Project("{FAE04EC0-301F-11D3-BF4B-00C04F79EFBC}") = "Nop.Core.Tests", "Tests\Nop.Core.Tests\Nop.Core.Tests.csproj", "{7A9BDC6A-F880-43D5-9B2A-59C1674CE449}"
EndProject
Project("{FAE04EC0-301F-11D3-BF4B-00C04F79EFBC}") = "Nop.Tests", "Tests\Nop.Tests\Nop.Tests.csproj", "{1D9EB579-3630-468A-BE94-49E7DF4F6E1D}"
EndProject
Project("{FAE04EC0-301F-11D3-BF4B-00C04F79EFBC}") = "Nop.Web.MVC", "Presentation\Nop.Web.MVC\Nop.Web.MVC.csproj", "{4341F4DD-D603-45E6-8F48-F6394DA13696}"
EndProject
Project("{2150E333-8FDC-42A3-9474-1A3956D46DE8}") = "Tax", "Tax", "{5A163323-210C-4453-910C-342B8EC265F5}"
EndProject
Project("{FAE04EC0-301F-11D3-BF4B-00C04F79EFBC}") = "Nop.Tax.FreeTaxProvider", "Tax\Nop.Tax.FreeTaxProvider\Nop.Tax.FreeTaxProvider.csproj", "{FE702128-53A5-462B-A62E-14786993DE96}"
EndProject
Project("{FAE04EC0-301F-11D3-BF4B-00C04F79EFBC}") = "Nop.Tax.FixedRateTaxProvider", "Tax\Nop.Tax.FixedRateTaxProvider\Nop.Tax.FixedRateTaxProvider.csproj", "{F18A3746-9B5E-4423-8EA3-D95D43B94E4F}"
EndProject
Project("{2150E333-8FDC-42A3-9474-1A3956D46DE8}") = "Shipping", "Shipping", "{03AE1193-8265-4F5D-BD1F-B30FE12CB52B}"
EndProject
Project("{FAE04EC0-301F-11D3-BF4B-00C04F79EFBC}") = "Nop.Shipping.AustraliaPost", "Shipping\Nop.Shipping.AustraliaPost\Nop.Shipping.AustraliaPost.csproj", "{C62337E5-F5D0-487C-B1BA-E434D28942AF}"
EndProject
Project("{FAE04EC0-301F-11D3-BF4B-00C04F79EFBC}") = "Nop.Shipping.FixedRateShipping", "Shipping\Nop.Shipping.FixedRateShipping\Nop.Shipping.FixedRateShipping.csproj", "{97130438-0008-4D7A-8DD1-EF89348AB016}"
EndProject
Global
	GlobalSection(SolutionConfigurationPlatforms) = preSolution
		Debug|Any CPU = Debug|Any CPU
		Debug|Mixed Platforms = Debug|Mixed Platforms
		Debug|x86 = Debug|x86
		Release|Any CPU = Release|Any CPU
		Release|Mixed Platforms = Release|Mixed Platforms
		Release|x86 = Release|x86
	EndGlobalSection
	GlobalSection(ProjectConfigurationPlatforms) = postSolution
		{6BDA8332-939F-45B7-A25E-7A797260AE59}.Debug|Any CPU.ActiveCfg = Debug|Any CPU
		{6BDA8332-939F-45B7-A25E-7A797260AE59}.Debug|Any CPU.Build.0 = Debug|Any CPU
		{6BDA8332-939F-45B7-A25E-7A797260AE59}.Debug|Mixed Platforms.ActiveCfg = Debug|Any CPU
		{6BDA8332-939F-45B7-A25E-7A797260AE59}.Debug|Mixed Platforms.Build.0 = Debug|Any CPU
		{6BDA8332-939F-45B7-A25E-7A797260AE59}.Debug|x86.ActiveCfg = Debug|Any CPU
		{6BDA8332-939F-45B7-A25E-7A797260AE59}.Release|Any CPU.ActiveCfg = Release|Any CPU
		{6BDA8332-939F-45B7-A25E-7A797260AE59}.Release|Any CPU.Build.0 = Release|Any CPU
		{6BDA8332-939F-45B7-A25E-7A797260AE59}.Release|Mixed Platforms.ActiveCfg = Release|Any CPU
		{6BDA8332-939F-45B7-A25E-7A797260AE59}.Release|Mixed Platforms.Build.0 = Release|Any CPU
		{6BDA8332-939F-45B7-A25E-7A797260AE59}.Release|x86.ActiveCfg = Release|Any CPU
		{CCD7F2C9-6A2C-4CF0-8E89-076B8FC0F144}.Debug|Any CPU.ActiveCfg = Debug|Any CPU
		{CCD7F2C9-6A2C-4CF0-8E89-076B8FC0F144}.Debug|Any CPU.Build.0 = Debug|Any CPU
		{CCD7F2C9-6A2C-4CF0-8E89-076B8FC0F144}.Debug|Mixed Platforms.ActiveCfg = Debug|Any CPU
		{CCD7F2C9-6A2C-4CF0-8E89-076B8FC0F144}.Debug|Mixed Platforms.Build.0 = Debug|Any CPU
		{CCD7F2C9-6A2C-4CF0-8E89-076B8FC0F144}.Debug|x86.ActiveCfg = Debug|Any CPU
		{CCD7F2C9-6A2C-4CF0-8E89-076B8FC0F144}.Release|Any CPU.ActiveCfg = Release|Any CPU
		{CCD7F2C9-6A2C-4CF0-8E89-076B8FC0F144}.Release|Any CPU.Build.0 = Release|Any CPU
		{CCD7F2C9-6A2C-4CF0-8E89-076B8FC0F144}.Release|Mixed Platforms.ActiveCfg = Release|Any CPU
		{CCD7F2C9-6A2C-4CF0-8E89-076B8FC0F144}.Release|Mixed Platforms.Build.0 = Release|Any CPU
		{CCD7F2C9-6A2C-4CF0-8E89-076B8FC0F144}.Release|x86.ActiveCfg = Release|Any CPU
		{210541AD-F659-47DA-8763-16F36C5CD2F4}.Debug|Any CPU.ActiveCfg = Debug|Any CPU
		{210541AD-F659-47DA-8763-16F36C5CD2F4}.Debug|Any CPU.Build.0 = Debug|Any CPU
		{210541AD-F659-47DA-8763-16F36C5CD2F4}.Debug|Mixed Platforms.ActiveCfg = Debug|Any CPU
		{210541AD-F659-47DA-8763-16F36C5CD2F4}.Debug|Mixed Platforms.Build.0 = Debug|Any CPU
		{210541AD-F659-47DA-8763-16F36C5CD2F4}.Debug|x86.ActiveCfg = Debug|Any CPU
		{210541AD-F659-47DA-8763-16F36C5CD2F4}.Release|Any CPU.ActiveCfg = Release|Any CPU
		{210541AD-F659-47DA-8763-16F36C5CD2F4}.Release|Any CPU.Build.0 = Release|Any CPU
		{210541AD-F659-47DA-8763-16F36C5CD2F4}.Release|Mixed Platforms.ActiveCfg = Release|Any CPU
		{210541AD-F659-47DA-8763-16F36C5CD2F4}.Release|Mixed Platforms.Build.0 = Release|Any CPU
		{210541AD-F659-47DA-8763-16F36C5CD2F4}.Release|x86.ActiveCfg = Release|Any CPU
		{75FD4163-333C-4DD5-854D-2EF294E45D94}.Debug|Any CPU.ActiveCfg = Debug|Any CPU
		{75FD4163-333C-4DD5-854D-2EF294E45D94}.Debug|Any CPU.Build.0 = Debug|Any CPU
		{75FD4163-333C-4DD5-854D-2EF294E45D94}.Debug|Mixed Platforms.ActiveCfg = Debug|Any CPU
		{75FD4163-333C-4DD5-854D-2EF294E45D94}.Debug|Mixed Platforms.Build.0 = Debug|Any CPU
		{75FD4163-333C-4DD5-854D-2EF294E45D94}.Debug|x86.ActiveCfg = Debug|Any CPU
		{75FD4163-333C-4DD5-854D-2EF294E45D94}.Release|Any CPU.ActiveCfg = Release|Any CPU
		{75FD4163-333C-4DD5-854D-2EF294E45D94}.Release|Any CPU.Build.0 = Release|Any CPU
		{75FD4163-333C-4DD5-854D-2EF294E45D94}.Release|Mixed Platforms.ActiveCfg = Release|Any CPU
		{75FD4163-333C-4DD5-854D-2EF294E45D94}.Release|Mixed Platforms.Build.0 = Release|Any CPU
		{75FD4163-333C-4DD5-854D-2EF294E45D94}.Release|x86.ActiveCfg = Release|Any CPU
		{0D303E2D-0367-4F66-AC03-F1658FBBB24D}.Debug|Any CPU.ActiveCfg = Debug|Any CPU
		{0D303E2D-0367-4F66-AC03-F1658FBBB24D}.Debug|Any CPU.Build.0 = Debug|Any CPU
		{0D303E2D-0367-4F66-AC03-F1658FBBB24D}.Debug|Mixed Platforms.ActiveCfg = Debug|Any CPU
		{0D303E2D-0367-4F66-AC03-F1658FBBB24D}.Debug|Mixed Platforms.Build.0 = Debug|Any CPU
		{0D303E2D-0367-4F66-AC03-F1658FBBB24D}.Debug|x86.ActiveCfg = Debug|Any CPU
		{0D303E2D-0367-4F66-AC03-F1658FBBB24D}.Release|Any CPU.ActiveCfg = Release|Any CPU
		{0D303E2D-0367-4F66-AC03-F1658FBBB24D}.Release|Any CPU.Build.0 = Release|Any CPU
		{0D303E2D-0367-4F66-AC03-F1658FBBB24D}.Release|Mixed Platforms.ActiveCfg = Release|Any CPU
		{0D303E2D-0367-4F66-AC03-F1658FBBB24D}.Release|Mixed Platforms.Build.0 = Release|Any CPU
		{0D303E2D-0367-4F66-AC03-F1658FBBB24D}.Release|x86.ActiveCfg = Release|Any CPU
		{5DCBE5B1-1A02-48E7-9853-5FCEF2A36805}.Debug|Any CPU.ActiveCfg = Debug|Any CPU
		{5DCBE5B1-1A02-48E7-9853-5FCEF2A36805}.Debug|Any CPU.Build.0 = Debug|Any CPU
		{5DCBE5B1-1A02-48E7-9853-5FCEF2A36805}.Debug|Mixed Platforms.ActiveCfg = Debug|Any CPU
		{5DCBE5B1-1A02-48E7-9853-5FCEF2A36805}.Debug|Mixed Platforms.Build.0 = Debug|Any CPU
		{5DCBE5B1-1A02-48E7-9853-5FCEF2A36805}.Debug|x86.ActiveCfg = Debug|Any CPU
		{5DCBE5B1-1A02-48E7-9853-5FCEF2A36805}.Release|Any CPU.ActiveCfg = Release|Any CPU
		{5DCBE5B1-1A02-48E7-9853-5FCEF2A36805}.Release|Any CPU.Build.0 = Release|Any CPU
		{5DCBE5B1-1A02-48E7-9853-5FCEF2A36805}.Release|Mixed Platforms.ActiveCfg = Release|Any CPU
		{5DCBE5B1-1A02-48E7-9853-5FCEF2A36805}.Release|Mixed Platforms.Build.0 = Release|Any CPU
		{5DCBE5B1-1A02-48E7-9853-5FCEF2A36805}.Release|x86.ActiveCfg = Release|Any CPU
		{7A9BDC6A-F880-43D5-9B2A-59C1674CE449}.Debug|Any CPU.ActiveCfg = Debug|Any CPU
		{7A9BDC6A-F880-43D5-9B2A-59C1674CE449}.Debug|Any CPU.Build.0 = Debug|Any CPU
		{7A9BDC6A-F880-43D5-9B2A-59C1674CE449}.Debug|Mixed Platforms.ActiveCfg = Debug|Any CPU
		{7A9BDC6A-F880-43D5-9B2A-59C1674CE449}.Debug|Mixed Platforms.Build.0 = Debug|Any CPU
		{7A9BDC6A-F880-43D5-9B2A-59C1674CE449}.Debug|x86.ActiveCfg = Debug|Any CPU
		{7A9BDC6A-F880-43D5-9B2A-59C1674CE449}.Release|Any CPU.ActiveCfg = Release|Any CPU
		{7A9BDC6A-F880-43D5-9B2A-59C1674CE449}.Release|Any CPU.Build.0 = Release|Any CPU
		{7A9BDC6A-F880-43D5-9B2A-59C1674CE449}.Release|Mixed Platforms.ActiveCfg = Release|Any CPU
		{7A9BDC6A-F880-43D5-9B2A-59C1674CE449}.Release|Mixed Platforms.Build.0 = Release|Any CPU
		{7A9BDC6A-F880-43D5-9B2A-59C1674CE449}.Release|x86.ActiveCfg = Release|Any CPU
		{1D9EB579-3630-468A-BE94-49E7DF4F6E1D}.Debug|Any CPU.ActiveCfg = Debug|Any CPU
		{1D9EB579-3630-468A-BE94-49E7DF4F6E1D}.Debug|Any CPU.Build.0 = Debug|Any CPU
		{1D9EB579-3630-468A-BE94-49E7DF4F6E1D}.Debug|Mixed Platforms.ActiveCfg = Debug|Any CPU
		{1D9EB579-3630-468A-BE94-49E7DF4F6E1D}.Debug|Mixed Platforms.Build.0 = Debug|Any CPU
		{1D9EB579-3630-468A-BE94-49E7DF4F6E1D}.Debug|x86.ActiveCfg = Debug|Any CPU
		{1D9EB579-3630-468A-BE94-49E7DF4F6E1D}.Release|Any CPU.ActiveCfg = Release|Any CPU
		{1D9EB579-3630-468A-BE94-49E7DF4F6E1D}.Release|Any CPU.Build.0 = Release|Any CPU
		{1D9EB579-3630-468A-BE94-49E7DF4F6E1D}.Release|Mixed Platforms.ActiveCfg = Release|Any CPU
		{1D9EB579-3630-468A-BE94-49E7DF4F6E1D}.Release|Mixed Platforms.Build.0 = Release|Any CPU
		{1D9EB579-3630-468A-BE94-49E7DF4F6E1D}.Release|x86.ActiveCfg = Release|Any CPU
		{4341F4DD-D603-45E6-8F48-F6394DA13696}.Debug|Any CPU.ActiveCfg = Debug|Any CPU
		{4341F4DD-D603-45E6-8F48-F6394DA13696}.Debug|Any CPU.Build.0 = Debug|Any CPU
		{4341F4DD-D603-45E6-8F48-F6394DA13696}.Debug|Mixed Platforms.ActiveCfg = Debug|Any CPU
		{4341F4DD-D603-45E6-8F48-F6394DA13696}.Debug|Mixed Platforms.Build.0 = Debug|Any CPU
		{4341F4DD-D603-45E6-8F48-F6394DA13696}.Debug|x86.ActiveCfg = Debug|Any CPU
		{4341F4DD-D603-45E6-8F48-F6394DA13696}.Release|Any CPU.ActiveCfg = Release|Any CPU
		{4341F4DD-D603-45E6-8F48-F6394DA13696}.Release|Any CPU.Build.0 = Release|Any CPU
		{4341F4DD-D603-45E6-8F48-F6394DA13696}.Release|Mixed Platforms.ActiveCfg = Release|Any CPU
		{4341F4DD-D603-45E6-8F48-F6394DA13696}.Release|Mixed Platforms.Build.0 = Release|Any CPU
		{4341F4DD-D603-45E6-8F48-F6394DA13696}.Release|x86.ActiveCfg = Release|Any CPU
		{FE702128-53A5-462B-A62E-14786993DE96}.Debug|Any CPU.ActiveCfg = Debug|Any CPU
		{FE702128-53A5-462B-A62E-14786993DE96}.Debug|Any CPU.Build.0 = Debug|Any CPU
		{FE702128-53A5-462B-A62E-14786993DE96}.Debug|Mixed Platforms.ActiveCfg = Debug|Any CPU
		{FE702128-53A5-462B-A62E-14786993DE96}.Debug|Mixed Platforms.Build.0 = Debug|Any CPU
		{FE702128-53A5-462B-A62E-14786993DE96}.Debug|x86.ActiveCfg = Debug|Any CPU
		{FE702128-53A5-462B-A62E-14786993DE96}.Release|Any CPU.ActiveCfg = Release|Any CPU
		{FE702128-53A5-462B-A62E-14786993DE96}.Release|Any CPU.Build.0 = Release|Any CPU
		{FE702128-53A5-462B-A62E-14786993DE96}.Release|Mixed Platforms.ActiveCfg = Release|Any CPU
		{FE702128-53A5-462B-A62E-14786993DE96}.Release|Mixed Platforms.Build.0 = Release|Any CPU
		{FE702128-53A5-462B-A62E-14786993DE96}.Release|x86.ActiveCfg = Release|Any CPU
		{F18A3746-9B5E-4423-8EA3-D95D43B94E4F}.Debug|Any CPU.ActiveCfg = Debug|Any CPU
		{F18A3746-9B5E-4423-8EA3-D95D43B94E4F}.Debug|Any CPU.Build.0 = Debug|Any CPU
		{F18A3746-9B5E-4423-8EA3-D95D43B94E4F}.Debug|Mixed Platforms.ActiveCfg = Debug|Any CPU
		{F18A3746-9B5E-4423-8EA3-D95D43B94E4F}.Debug|Mixed Platforms.Build.0 = Debug|Any CPU
		{F18A3746-9B5E-4423-8EA3-D95D43B94E4F}.Debug|x86.ActiveCfg = Debug|Any CPU
		{F18A3746-9B5E-4423-8EA3-D95D43B94E4F}.Release|Any CPU.ActiveCfg = Release|Any CPU
		{F18A3746-9B5E-4423-8EA3-D95D43B94E4F}.Release|Any CPU.Build.0 = Release|Any CPU
		{F18A3746-9B5E-4423-8EA3-D95D43B94E4F}.Release|Mixed Platforms.ActiveCfg = Release|Any CPU
		{F18A3746-9B5E-4423-8EA3-D95D43B94E4F}.Release|Mixed Platforms.Build.0 = Release|Any CPU
		{F18A3746-9B5E-4423-8EA3-D95D43B94E4F}.Release|x86.ActiveCfg = Release|Any CPU
		{C62337E5-F5D0-487C-B1BA-E434D28942AF}.Debug|Any CPU.ActiveCfg = Debug|Any CPU
		{C62337E5-F5D0-487C-B1BA-E434D28942AF}.Debug|Any CPU.Build.0 = Debug|Any CPU
		{C62337E5-F5D0-487C-B1BA-E434D28942AF}.Debug|Mixed Platforms.ActiveCfg = Debug|Any CPU
		{C62337E5-F5D0-487C-B1BA-E434D28942AF}.Debug|Mixed Platforms.Build.0 = Debug|Any CPU
		{C62337E5-F5D0-487C-B1BA-E434D28942AF}.Debug|x86.ActiveCfg = Debug|Any CPU
		{C62337E5-F5D0-487C-B1BA-E434D28942AF}.Release|Any CPU.ActiveCfg = Release|Any CPU
		{C62337E5-F5D0-487C-B1BA-E434D28942AF}.Release|Any CPU.Build.0 = Release|Any CPU
		{C62337E5-F5D0-487C-B1BA-E434D28942AF}.Release|Mixed Platforms.ActiveCfg = Release|Any CPU
		{C62337E5-F5D0-487C-B1BA-E434D28942AF}.Release|Mixed Platforms.Build.0 = Release|Any CPU
		{C62337E5-F5D0-487C-B1BA-E434D28942AF}.Release|x86.ActiveCfg = Release|Any CPU
		{97130438-0008-4D7A-8DD1-EF89348AB016}.Debug|Any CPU.ActiveCfg = Debug|Any CPU
		{97130438-0008-4D7A-8DD1-EF89348AB016}.Debug|Any CPU.Build.0 = Debug|Any CPU
		{97130438-0008-4D7A-8DD1-EF89348AB016}.Debug|Mixed Platforms.ActiveCfg = Debug|Any CPU
		{97130438-0008-4D7A-8DD1-EF89348AB016}.Debug|Mixed Platforms.Build.0 = Debug|Any CPU
		{97130438-0008-4D7A-8DD1-EF89348AB016}.Debug|x86.ActiveCfg = Debug|Any CPU
		{97130438-0008-4D7A-8DD1-EF89348AB016}.Release|Any CPU.ActiveCfg = Release|Any CPU
		{97130438-0008-4D7A-8DD1-EF89348AB016}.Release|Any CPU.Build.0 = Release|Any CPU
		{97130438-0008-4D7A-8DD1-EF89348AB016}.Release|Mixed Platforms.ActiveCfg = Release|Any CPU
		{97130438-0008-4D7A-8DD1-EF89348AB016}.Release|Mixed Platforms.Build.0 = Release|Any CPU
		{97130438-0008-4D7A-8DD1-EF89348AB016}.Release|x86.ActiveCfg = Release|Any CPU
	EndGlobalSection
	GlobalSection(SolutionProperties) = preSolution
		HideSolutionNode = FALSE
	EndGlobalSection
	GlobalSection(NestedProjects) = preSolution
		{6BDA8332-939F-45B7-A25E-7A797260AE59} = {E4ACA93B-D3DE-4557-B069-F1DB42925A4B}
		{CCD7F2C9-6A2C-4CF0-8E89-076B8FC0F144} = {E4ACA93B-D3DE-4557-B069-F1DB42925A4B}
		{210541AD-F659-47DA-8763-16F36C5CD2F4} = {E4ACA93B-D3DE-4557-B069-F1DB42925A4B}
		{75FD4163-333C-4DD5-854D-2EF294E45D94} = {B09156FB-8291-46A2-AF37-67CE97CFB5A6}
		{4341F4DD-D603-45E6-8F48-F6394DA13696} = {B09156FB-8291-46A2-AF37-67CE97CFB5A6}
		{0D303E2D-0367-4F66-AC03-F1658FBBB24D} = {A340B280-C12B-47E7-90B7-89C650F8AAFC}
		{5DCBE5B1-1A02-48E7-9853-5FCEF2A36805} = {A340B280-C12B-47E7-90B7-89C650F8AAFC}
		{7A9BDC6A-F880-43D5-9B2A-59C1674CE449} = {A340B280-C12B-47E7-90B7-89C650F8AAFC}
		{1D9EB579-3630-468A-BE94-49E7DF4F6E1D} = {A340B280-C12B-47E7-90B7-89C650F8AAFC}
		{FE702128-53A5-462B-A62E-14786993DE96} = {5A163323-210C-4453-910C-342B8EC265F5}
		{F18A3746-9B5E-4423-8EA3-D95D43B94E4F} = {5A163323-210C-4453-910C-342B8EC265F5}
		{C62337E5-F5D0-487C-B1BA-E434D28942AF} = {03AE1193-8265-4F5D-BD1F-B30FE12CB52B}
		{97130438-0008-4D7A-8DD1-EF89348AB016} = {03AE1193-8265-4F5D-BD1F-B30FE12CB52B}
	EndGlobalSection
EndGlobal
