
Microsoft Visual Studio Solution File, Format Version 12.00
# Visual Studio Version 18
VisualStudioVersion = 18.2.11415.280
MinimumVisualStudioVersion = 10.0.40219.1
Project("{2150E333-8FDC-42A3-9474-1A3956D46DE8}") = "Libraries", "Libraries", "{E4ACA93B-D3DE-4557-B069-F1DB42925A4B}"
EndProject
Project("{2150E333-8FDC-42A3-9474-1A3956D46DE8}") = "Presentation", "Presentation", "{B09156FB-8291-46A2-AF37-67CE97CFB5A6}"
EndProject
Project("{2150E333-8FDC-42A3-9474-1A3956D46DE8}") = "Plugins", "Plugins", "{7881B112-7843-4542-B1F7-F99553FB9BB7}"
EndProject
Project("{9A19103F-16F7-4668-BE54-9A1E7A4F7556}") = "Nop.Web", "Presentation\Nop.Web\Nop.Web.csproj", "{4F1F649C-1020-45BE-A487-F416D9297FF3}"
EndProject
Project("{9A19103F-16F7-4668-BE54-9A1E7A4F7556}") = "Nop.Core", "Libraries\Nop.Core\Nop.Core.csproj", "{6BDA8332-939F-45B7-A25E-7A797260AE59}"
EndProject
Project("{9A19103F-16F7-4668-BE54-9A1E7A4F7556}") = "Nop.Data", "Libraries\Nop.Data\Nop.Data.csproj", "{CCD7F2C9-6A2C-4CF0-8E89-076B8FC0F144}"
EndProject
Project("{9A19103F-16F7-4668-BE54-9A1E7A4F7556}") = "Nop.Services", "Libraries\Nop.Services\Nop.Services.csproj", "{210541AD-F659-47DA-8763-16F36C5CD2F4}"
EndProject
Project("{9A19103F-16F7-4668-BE54-9A1E7A4F7556}") = "Nop.Web.Framework", "Presentation\Nop.Web.Framework\Nop.Web.Framework.csproj", "{75FD4163-333C-4DD5-854D-2EF294E45D94}"
EndProject
Project("{9A19103F-16F7-4668-BE54-9A1E7A4F7556}") = "Nop.Plugin.DiscountRules.CustomerRoles", "Plugins\Nop.Plugin.DiscountRules.CustomerRoles\Nop.Plugin.DiscountRules.CustomerRoles.csproj", "{4C0C889A-A3B2-43FA-824A-F529402C1BBF}"
EndProject
Project("{2150E333-8FDC-42A3-9474-1A3956D46DE8}") = "Tests", "Tests", "{E8FC6874-E230-468A-9685-4747354B92FF}"
EndProject
Project("{9A19103F-16F7-4668-BE54-9A1E7A4F7556}") = "Nop.Tests", "Tests\Nop.Tests\Nop.Tests.csproj", "{FD31C133-B4DE-4BB2-B327-1D0E2F2C95D4}"
EndProject
Project("{FAE04EC0-301F-11D3-BF4B-00C04F79EFBC}") = "Nop.Plugin.Misc.Forums", "Plugins\Nop.Plugin.Misc.Forums\Nop.Plugin.Misc.Forums.csproj", "{7F388E1B-598D-49C0-9AED-BC8B64D02D67}"
EndProject
Project("{FAE04EC0-301F-11D3-BF4B-00C04F79EFBC}") = "Nop.Plugin.Api.Rest", "Plugins\Nop.Plugin.Api.Rest\Nop.Plugin.Api.Rest.csproj", "{AE27E4AC-3D64-4AB0-9957-312897655E20}"
EndProject
Project("{FAE04EC0-301F-11D3-BF4B-00C04F79EFBC}") = "Nop.Plugin.Tax.FixedOrByCountryStateZip", "Plugins\Nop.Plugin.Tax.FixedOrByCountryStateZip\Nop.Plugin.Tax.FixedOrByCountryStateZip.csproj", "{96F6C2B2-6265-64F0-7FD1-363C41B678C2}"
EndProject
Project("{FAE04EC0-301F-11D3-BF4B-00C04F79EFBC}") = "Nop.Plugin.Misc.Polls", "Plugins\Nop.Plugin.Misc.Polls\Nop.Plugin.Misc.Polls.csproj", "{0F3F0FB1-FE8F-3390-4558-9BB2B0A807DF}"
EndProject
Project("{FAE04EC0-301F-11D3-BF4B-00C04F79EFBC}") = "Nop.Plugin.Misc.PunchOut", "Plugins\Nop.Plugin.Misc.PunchOut\Nop.Plugin.Misc.PunchOut.csproj", "{350207D3-5CD7-DEBC-19FD-59D187574035}"
EndProject
Project("{FAE04EC0-301F-11D3-BF4B-00C04F79EFBC}") = "Nop.Plugin.Misc.RFQ", "Plugins\Nop.Plugin.Misc.RFQ\Nop.Plugin.Misc.RFQ.csproj", "{7373057B-2790-22FF-0C17-608AD712C0F1}"
EndProject
Project("{FAE04EC0-301F-11D3-BF4B-00C04F79EFBC}") = "Nop.Plugin.Payments.CheckMoneyOrder", "Plugins\Nop.Plugin.Payments.CheckMoneyOrder\Nop.Plugin.Payments.CheckMoneyOrder.csproj", "{66E77797-4D5C-995F-D696-71CFE8C9FE65}"
EndProject
Project("{FAE04EC0-301F-11D3-BF4B-00C04F79EFBC}") = "Nop.Plugin.Pickup.PickupInStore", "Plugins\Nop.Plugin.Pickup.PickupInStore\Nop.Plugin.Pickup.PickupInStore.csproj", "{2666B8FA-C92E-FF59-0BD0-AE68CFBAB80A}"
EndProject
Project("{FAE04EC0-301F-11D3-BF4B-00C04F79EFBC}") = "Nop.Plugin.Shipping.FixedByWeightByTotal", "Plugins\Nop.Plugin.Shipping.FixedByWeightByTotal\Nop.Plugin.Shipping.FixedByWeightByTotal.csproj", "{0E70E837-80B4-D87A-1076-5BF263A21A59}"
EndProject
Global
	GlobalSection(SolutionConfigurationPlatforms) = preSolution
		Debug|Any CPU = Debug|Any CPU
		Debug|Mixed Platforms = Debug|Mixed Platforms
		Debug|x86 = Debug|x86
		Release|Any CPU = Release|Any CPU
		Release|Mixed Platforms = Release|Mixed Platforms
		Release|x86 = Release|x86
	EndGlobalSection
	GlobalSection(ProjectConfigurationPlatforms) = postSolution
		{4F1F649C-1020-45BE-A487-F416D9297FF3}.Debug|Any CPU.ActiveCfg = Debug|Any CPU
		{4F1F649C-1020-45BE-A487-F416D9297FF3}.Debug|Any CPU.Build.0 = Debug|Any CPU
		{4F1F649C-1020-45BE-A487-F416D9297FF3}.Debug|Mixed Platforms.ActiveCfg = Debug|Any CPU
		{4F1F649C-1020-45BE-A487-F416D9297FF3}.Debug|Mixed Platforms.Build.0 = Debug|Any CPU
		{4F1F649C-1020-45BE-A487-F416D9297FF3}.Debug|x86.ActiveCfg = Debug|Any CPU
		{4F1F649C-1020-45BE-A487-F416D9297FF3}.Release|Any CPU.ActiveCfg = Release|Any CPU
		{4F1F649C-1020-45BE-A487-F416D9297FF3}.Release|Any CPU.Build.0 = Release|Any CPU
		{4F1F649C-1020-45BE-A487-F416D9297FF3}.Release|Mixed Platforms.ActiveCfg = Release|Any CPU
		{4F1F649C-1020-45BE-A487-F416D9297FF3}.Release|Mixed Platforms.Build.0 = Release|Any CPU
		{4F1F649C-1020-45BE-A487-F416D9297FF3}.Release|x86.ActiveCfg = Release|Any CPU
		{6BDA8332-939F-45B7-A25E-7A797260AE59}.Debug|Any CPU.ActiveCfg = Debug|Any CPU
		{6BDA8332-939F-45B7-A25E-7A797260AE59}.Debug|Any CPU.Build.0 = Debug|Any CPU
		{6BDA8332-939F-45B7-A25E-7A797260AE59}.Debug|Mixed Platforms.ActiveCfg = Debug|Any CPU
		{6BDA8332-939F-45B7-A25E-7A797260AE59}.Debug|Mixed Platforms.Build.0 = Debug|Any CPU
		{6BDA8332-939F-45B7-A25E-7A797260AE59}.Debug|x86.ActiveCfg = Debug|Any CPU
		{6BDA8332-939F-45B7-A25E-7A797260AE59}.Release|Any CPU.ActiveCfg = Release|Any CPU
		{6BDA8332-939F-45B7-A25E-7A797260AE59}.Release|Any CPU.Build.0 = Release|Any CPU
		{6BDA8332-939F-45B7-A25E-7A797260AE59}.Release|Mixed Platforms.ActiveCfg = Release|Any CPU
		{6BDA8332-939F-45B7-A25E-7A797260AE59}.Release|Mixed Platforms.Build.0 = Release|Any CPU
		{6BDA8332-939F-45B7-A25E-7A797260AE59}.Release|x86.ActiveCfg = Release|Any CPU
		{CCD7F2C9-6A2C-4CF0-8E89-076B8FC0F144}.Debug|Any CPU.ActiveCfg = Debug|Any CPU
		{CCD7F2C9-6A2C-4CF0-8E89-076B8FC0F144}.Debug|Any CPU.Build.0 = Debug|Any CPU
		{CCD7F2C9-6A2C-4CF0-8E89-076B8FC0F144}.Debug|Mixed Platforms.ActiveCfg = Debug|Any CPU
		{CCD7F2C9-6A2C-4CF0-8E89-076B8FC0F144}.Debug|Mixed Platforms.Build.0 = Debug|Any CPU
		{CCD7F2C9-6A2C-4CF0-8E89-076B8FC0F144}.Debug|x86.ActiveCfg = Debug|Any CPU
		{CCD7F2C9-6A2C-4CF0-8E89-076B8FC0F144}.Release|Any CPU.ActiveCfg = Release|Any CPU
		{CCD7F2C9-6A2C-4CF0-8E89-076B8FC0F144}.Release|Any CPU.Build.0 = Release|Any CPU
		{CCD7F2C9-6A2C-4CF0-8E89-076B8FC0F144}.Release|Mixed Platforms.ActiveCfg = Release|Any CPU
		{CCD7F2C9-6A2C-4CF0-8E89-076B8FC0F144}.Release|Mixed Platforms.Build.0 = Release|Any CPU
		{CCD7F2C9-6A2C-4CF0-8E89-076B8FC0F144}.Release|x86.ActiveCfg = Release|Any CPU
		{210541AD-F659-47DA-8763-16F36C5CD2F4}.Debug|Any CPU.ActiveCfg = Debug|Any CPU
		{210541AD-F659-47DA-8763-16F36C5CD2F4}.Debug|Any CPU.Build.0 = Debug|Any CPU
		{210541AD-F659-47DA-8763-16F36C5CD2F4}.Debug|Mixed Platforms.ActiveCfg = Debug|Any CPU
		{210541AD-F659-47DA-8763-16F36C5CD2F4}.Debug|Mixed Platforms.Build.0 = Debug|Any CPU
		{210541AD-F659-47DA-8763-16F36C5CD2F4}.Debug|x86.ActiveCfg = Debug|Any CPU
		{210541AD-F659-47DA-8763-16F36C5CD2F4}.Release|Any CPU.ActiveCfg = Release|Any CPU
		{210541AD-F659-47DA-8763-16F36C5CD2F4}.Release|Any CPU.Build.0 = Release|Any CPU
		{210541AD-F659-47DA-8763-16F36C5CD2F4}.Release|Mixed Platforms.ActiveCfg = Release|Any CPU
		{210541AD-F659-47DA-8763-16F36C5CD2F4}.Release|Mixed Platforms.Build.0 = Release|Any CPU
		{210541AD-F659-47DA-8763-16F36C5CD2F4}.Release|x86.ActiveCfg = Release|Any CPU
		{75FD4163-333C-4DD5-854D-2EF294E45D94}.Debug|Any CPU.ActiveCfg = Debug|Any CPU
		{75FD4163-333C-4DD5-854D-2EF294E45D94}.Debug|Any CPU.Build.0 = Debug|Any CPU
		{75FD4163-333C-4DD5-854D-2EF294E45D94}.Debug|Mixed Platforms.ActiveCfg = Debug|Any CPU
		{75FD4163-333C-4DD5-854D-2EF294E45D94}.Debug|Mixed Platforms.Build.0 = Debug|Any CPU
		{75FD4163-333C-4DD5-854D-2EF294E45D94}.Debug|x86.ActiveCfg = Debug|Any CPU
		{75FD4163-333C-4DD5-854D-2EF294E45D94}.Release|Any CPU.ActiveCfg = Release|Any CPU
		{75FD4163-333C-4DD5-854D-2EF294E45D94}.Release|Any CPU.Build.0 = Release|Any CPU
		{75FD4163-333C-4DD5-854D-2EF294E45D94}.Release|Mixed Platforms.ActiveCfg = Release|Any CPU
		{75FD4163-333C-4DD5-854D-2EF294E45D94}.Release|Mixed Platforms.Build.0 = Release|Any CPU
		{75FD4163-333C-4DD5-854D-2EF294E45D94}.Release|x86.ActiveCfg = Release|Any CPU
		{4C0C889A-A3B2-43FA-824A-F529402C1BBF}.Debug|Any CPU.ActiveCfg = Debug|Any CPU
		{4C0C889A-A3B2-43FA-824A-F529402C1BBF}.Debug|Any CPU.Build.0 = Debug|Any CPU
		{4C0C889A-A3B2-43FA-824A-F529402C1BBF}.Debug|Mixed Platforms.ActiveCfg = Debug|Any CPU
		{4C0C889A-A3B2-43FA-824A-F529402C1BBF}.Debug|Mixed Platforms.Build.0 = Debug|Any CPU
		{4C0C889A-A3B2-43FA-824A-F529402C1BBF}.Debug|x86.ActiveCfg = Debug|Any CPU
		{4C0C889A-A3B2-43FA-824A-F529402C1BBF}.Debug|x86.Build.0 = Debug|Any CPU
		{4C0C889A-A3B2-43FA-824A-F529402C1BBF}.Release|Any CPU.ActiveCfg = Release|Any CPU
		{4C0C889A-A3B2-43FA-824A-F529402C1BBF}.Release|Any CPU.Build.0 = Release|Any CPU
		{4C0C889A-A3B2-43FA-824A-F529402C1BBF}.Release|Mixed Platforms.ActiveCfg = Release|Any CPU
		{4C0C889A-A3B2-43FA-824A-F529402C1BBF}.Release|Mixed Platforms.Build.0 = Release|Any CPU
		{4C0C889A-A3B2-43FA-824A-F529402C1BBF}.Release|x86.ActiveCfg = Release|Any CPU
		{4C0C889A-A3B2-43FA-824A-F529402C1BBF}.Release|x86.Build.0 = Release|Any CPU
		{FD31C133-B4DE-4BB2-B327-1D0E2F2C95D4}.Debug|Any CPU.ActiveCfg = Debug|Any CPU
		{FD31C133-B4DE-4BB2-B327-1D0E2F2C95D4}.Debug|Any CPU.Build.0 = Debug|Any CPU
		{FD31C133-B4DE-4BB2-B327-1D0E2F2C95D4}.Debug|Mixed Platforms.ActiveCfg = Debug|Any CPU
		{FD31C133-B4DE-4BB2-B327-1D0E2F2C95D4}.Debug|Mixed Platforms.Build.0 = Debug|Any CPU
		{FD31C133-B4DE-4BB2-B327-1D0E2F2C95D4}.Debug|x86.ActiveCfg = Debug|Any CPU
		{FD31C133-B4DE-4BB2-B327-1D0E2F2C95D4}.Debug|x86.Build.0 = Debug|Any CPU
		{FD31C133-B4DE-4BB2-B327-1D0E2F2C95D4}.Release|Any CPU.ActiveCfg = Release|Any CPU
		{FD31C133-B4DE-4BB2-B327-1D0E2F2C95D4}.Release|Any CPU.Build.0 = Release|Any CPU
		{FD31C133-B4DE-4BB2-B327-1D0E2F2C95D4}.Release|Mixed Platforms.ActiveCfg = Release|Any CPU
		{FD31C133-B4DE-4BB2-B327-1D0E2F2C95D4}.Release|Mixed Platforms.Build.0 = Release|Any CPU
		{FD31C133-B4DE-4BB2-B327-1D0E2F2C95D4}.Release|x86.ActiveCfg = Release|Any CPU
		{FD31C133-B4DE-4BB2-B327-1D0E2F2C95D4}.Release|x86.Build.0 = Release|Any CPU
		{7F388E1B-598D-49C0-9AED-BC8B64D02D67}.Debug|Any CPU.ActiveCfg = Debug|Any CPU
		{7F388E1B-598D-49C0-9AED-BC8B64D02D67}.Debug|Any CPU.Build.0 = Debug|Any CPU
		{7F388E1B-598D-49C0-9AED-BC8B64D02D67}.Debug|Mixed Platforms.ActiveCfg = Debug|Any CPU
		{7F388E1B-598D-49C0-9AED-BC8B64D02D67}.Debug|Mixed Platforms.Build.0 = Debug|Any CPU
		{7F388E1B-598D-49C0-9AED-BC8B64D02D67}.Debug|x86.ActiveCfg = Debug|Any CPU
		{7F388E1B-598D-49C0-9AED-BC8B64D02D67}.Debug|x86.Build.0 = Debug|Any CPU
		{7F388E1B-598D-49C0-9AED-BC8B64D02D67}.Release|Any CPU.ActiveCfg = Release|Any CPU
		{7F388E1B-598D-49C0-9AED-BC8B64D02D67}.Release|Any CPU.Build.0 = Release|Any CPU
		{7F388E1B-598D-49C0-9AED-BC8B64D02D67}.Release|Mixed Platforms.ActiveCfg = Release|Any CPU
		{7F388E1B-598D-49C0-9AED-BC8B64D02D67}.Release|Mixed Platforms.Build.0 = Release|Any CPU
		{7F388E1B-598D-49C0-9AED-BC8B64D02D67}.Release|x86.ActiveCfg = Release|Any CPU
		{7F388E1B-598D-49C0-9AED-BC8B64D02D67}.Release|x86.Build.0 = Release|Any CPU
		{AE27E4AC-3D64-4AB0-9957-312897655E20}.Debug|Any CPU.ActiveCfg = Debug|Any CPU
		{AE27E4AC-3D64-4AB0-9957-312897655E20}.Debug|Any CPU.Build.0 = Debug|Any CPU
		{AE27E4AC-3D64-4AB0-9957-312897655E20}.Debug|Mixed Platforms.ActiveCfg = Debug|Any CPU
		{AE27E4AC-3D64-4AB0-9957-312897655E20}.Debug|Mixed Platforms.Build.0 = Debug|Any CPU
		{AE27E4AC-3D64-4AB0-9957-312897655E20}.Debug|x86.ActiveCfg = Debug|Any CPU
		{AE27E4AC-3D64-4AB0-9957-312897655E20}.Debug|x86.Build.0 = Debug|Any CPU
		{AE27E4AC-3D64-4AB0-9957-312897655E20}.Release|Any CPU.ActiveCfg = Release|Any CPU
		{AE27E4AC-3D64-4AB0-9957-312897655E20}.Release|Any CPU.Build.0 = Release|Any CPU
		{AE27E4AC-3D64-4AB0-9957-312897655E20}.Release|Mixed Platforms.ActiveCfg = Release|Any CPU
		{AE27E4AC-3D64-4AB0-9957-312897655E20}.Release|Mixed Platforms.Build.0 = Release|Any CPU
		{AE27E4AC-3D64-4AB0-9957-312897655E20}.Release|x86.ActiveCfg = Release|Any CPU
		{AE27E4AC-3D64-4AB0-9957-312897655E20}.Release|x86.Build.0 = Release|Any CPU
		{96F6C2B2-6265-64F0-7FD1-363C41B678C2}.Debug|Any CPU.ActiveCfg = Debug|Any CPU
		{96F6C2B2-6265-64F0-7FD1-363C41B678C2}.Debug|Any CPU.Build.0 = Debug|Any CPU
		{96F6C2B2-6265-64F0-7FD1-363C41B678C2}.Debug|Mixed Platforms.ActiveCfg = Debug|Any CPU
		{96F6C2B2-6265-64F0-7FD1-363C41B678C2}.Debug|Mixed Platforms.Build.0 = Debug|Any CPU
		{96F6C2B2-6265-64F0-7FD1-363C41B678C2}.Debug|x86.ActiveCfg = Debug|Any CPU
		{96F6C2B2-6265-64F0-7FD1-363C41B678C2}.Debug|x86.Build.0 = Debug|Any CPU
		{96F6C2B2-6265-64F0-7FD1-363C41B678C2}.Release|Any CPU.ActiveCfg = Release|Any CPU
		{96F6C2B2-6265-64F0-7FD1-363C41B678C2}.Release|Any CPU.Build.0 = Release|Any CPU
		{96F6C2B2-6265-64F0-7FD1-363C41B678C2}.Release|Mixed Platforms.ActiveCfg = Release|Any CPU
		{96F6C2B2-6265-64F0-7FD1-363C41B678C2}.Release|Mixed Platforms.Build.0 = Release|Any CPU
		{96F6C2B2-6265-64F0-7FD1-363C41B678C2}.Release|x86.ActiveCfg = Release|Any CPU
		{96F6C2B2-6265-64F0-7FD1-363C41B678C2}.Release|x86.Build.0 = Release|Any CPU
		{0F3F0FB1-FE8F-3390-4558-9BB2B0A807DF}.Debug|Any CPU.ActiveCfg = Debug|Any CPU
		{0F3F0FB1-FE8F-3390-4558-9BB2B0A807DF}.Debug|Any CPU.Build.0 = Debug|Any CPU
		{0F3F0FB1-FE8F-3390-4558-9BB2B0A807DF}.Debug|Mixed Platforms.ActiveCfg = Debug|Any CPU
		{0F3F0FB1-FE8F-3390-4558-9BB2B0A807DF}.Debug|Mixed Platforms.Build.0 = Debug|Any CPU
		{0F3F0FB1-FE8F-3390-4558-9BB2B0A807DF}.Debug|x86.ActiveCfg = Debug|Any CPU
		{0F3F0FB1-FE8F-3390-4558-9BB2B0A807DF}.Debug|x86.Build.0 = Debug|Any CPU
		{0F3F0FB1-FE8F-3390-4558-9BB2B0A807DF}.Release|Any CPU.ActiveCfg = Release|Any CPU
		{0F3F0FB1-FE8F-3390-4558-9BB2B0A807DF}.Release|Any CPU.Build.0 = Release|Any CPU
		{0F3F0FB1-FE8F-3390-4558-9BB2B0A807DF}.Release|Mixed Platforms.ActiveCfg = Release|Any CPU
		{0F3F0FB1-FE8F-3390-4558-9BB2B0A807DF}.Release|Mixed Platforms.Build.0 = Release|Any CPU
		{0F3F0FB1-FE8F-3390-4558-9BB2B0A807DF}.Release|x86.ActiveCfg = Release|Any CPU
		{0F3F0FB1-FE8F-3390-4558-9BB2B0A807DF}.Release|x86.Build.0 = Release|Any CPU
		{350207D3-5CD7-DEBC-19FD-59D187574035}.Debug|Any CPU.ActiveCfg = Debug|Any CPU
		{350207D3-5CD7-DEBC-19FD-59D187574035}.Debug|Any CPU.Build.0 = Debug|Any CPU
		{350207D3-5CD7-DEBC-19FD-59D187574035}.Debug|Mixed Platforms.ActiveCfg = Debug|Any CPU
		{350207D3-5CD7-DEBC-19FD-59D187574035}.Debug|Mixed Platforms.Build.0 = Debug|Any CPU
		{350207D3-5CD7-DEBC-19FD-59D187574035}.Debug|x86.ActiveCfg = Debug|Any CPU
		{350207D3-5CD7-DEBC-19FD-59D187574035}.Debug|x86.Build.0 = Debug|Any CPU
		{350207D3-5CD7-DEBC-19FD-59D187574035}.Release|Any CPU.ActiveCfg = Release|Any CPU
		{350207D3-5CD7-DEBC-19FD-59D187574035}.Release|Any CPU.Build.0 = Release|Any CPU
		{350207D3-5CD7-DEBC-19FD-59D187574035}.Release|Mixed Platforms.ActiveCfg = Release|Any CPU
		{350207D3-5CD7-DEBC-19FD-59D187574035}.Release|Mixed Platforms.Build.0 = Release|Any CPU
		{350207D3-5CD7-DEBC-19FD-59D187574035}.Release|x86.ActiveCfg = Release|Any CPU
		{350207D3-5CD7-DEBC-19FD-59D187574035}.Release|x86.Build.0 = Release|Any CPU
		{7373057B-2790-22FF-0C17-608AD712C0F1}.Debug|Any CPU.ActiveCfg = Debug|Any CPU
		{7373057B-2790-22FF-0C17-608AD712C0F1}.Debug|Any CPU.Build.0 = Debug|Any CPU
		{7373057B-2790-22FF-0C17-608AD712C0F1}.Debug|Mixed Platforms.ActiveCfg = Debug|Any CPU
		{7373057B-2790-22FF-0C17-608AD712C0F1}.Debug|Mixed Platforms.Build.0 = Debug|Any CPU
		{7373057B-2790-22FF-0C17-608AD712C0F1}.Debug|x86.ActiveCfg = Debug|Any CPU
		{7373057B-2790-22FF-0C17-608AD712C0F1}.Debug|x86.Build.0 = Debug|Any CPU
		{7373057B-2790-22FF-0C17-608AD712C0F1}.Release|Any CPU.ActiveCfg = Release|Any CPU
		{7373057B-2790-22FF-0C17-608AD712C0F1}.Release|Any CPU.Build.0 = Release|Any CPU
		{7373057B-2790-22FF-0C17-608AD712C0F1}.Release|Mixed Platforms.ActiveCfg = Release|Any CPU
		{7373057B-2790-22FF-0C17-608AD712C0F1}.Release|Mixed Platforms.Build.0 = Release|Any CPU
		{7373057B-2790-22FF-0C17-608AD712C0F1}.Release|x86.ActiveCfg = Release|Any CPU
		{7373057B-2790-22FF-0C17-608AD712C0F1}.Release|x86.Build.0 = Release|Any CPU
		{66E77797-4D5C-995F-D696-71CFE8C9FE65}.Debug|Any CPU.ActiveCfg = Debug|Any CPU
		{66E77797-4D5C-995F-D696-71CFE8C9FE65}.Debug|Any CPU.Build.0 = Debug|Any CPU
		{66E77797-4D5C-995F-D696-71CFE8C9FE65}.Debug|Mixed Platforms.ActiveCfg = Debug|Any CPU
		{66E77797-4D5C-995F-D696-71CFE8C9FE65}.Debug|Mixed Platforms.Build.0 = Debug|Any CPU
		{66E77797-4D5C-995F-D696-71CFE8C9FE65}.Debug|x86.ActiveCfg = Debug|Any CPU
		{66E77797-4D5C-995F-D696-71CFE8C9FE65}.Debug|x86.Build.0 = Debug|Any CPU
		{66E77797-4D5C-995F-D696-71CFE8C9FE65}.Release|Any CPU.ActiveCfg = Release|Any CPU
		{66E77797-4D5C-995F-D696-71CFE8C9FE65}.Release|Any CPU.Build.0 = Release|Any CPU
		{66E77797-4D5C-995F-D696-71CFE8C9FE65}.Release|Mixed Platforms.ActiveCfg = Release|Any CPU
		{66E77797-4D5C-995F-D696-71CFE8C9FE65}.Release|Mixed Platforms.Build.0 = Release|Any CPU
		{66E77797-4D5C-995F-D696-71CFE8C9FE65}.Release|x86.ActiveCfg = Release|Any CPU
		{66E77797-4D5C-995F-D696-71CFE8C9FE65}.Release|x86.Build.0 = Release|Any CPU
		{2666B8FA-C92E-FF59-0BD0-AE68CFBAB80A}.Debug|Any CPU.ActiveCfg = Debug|Any CPU
		{2666B8FA-C92E-FF59-0BD0-AE68CFBAB80A}.Debug|Any CPU.Build.0 = Debug|Any CPU
		{2666B8FA-C92E-FF59-0BD0-AE68CFBAB80A}.Debug|Mixed Platforms.ActiveCfg = Debug|Any CPU
		{2666B8FA-C92E-FF59-0BD0-AE68CFBAB80A}.Debug|Mixed Platforms.Build.0 = Debug|Any CPU
		{2666B8FA-C92E-FF59-0BD0-AE68CFBAB80A}.Debug|x86.ActiveCfg = Debug|Any CPU
		{2666B8FA-C92E-FF59-0BD0-AE68CFBAB80A}.Debug|x86.Build.0 = Debug|Any CPU
		{2666B8FA-C92E-FF59-0BD0-AE68CFBAB80A}.Release|Any CPU.ActiveCfg = Release|Any CPU
		{2666B8FA-C92E-FF59-0BD0-AE68CFBAB80A}.Release|Any CPU.Build.0 = Release|Any CPU
		{2666B8FA-C92E-FF59-0BD0-AE68CFBAB80A}.Release|Mixed Platforms.ActiveCfg = Release|Any CPU
		{2666B8FA-C92E-FF59-0BD0-AE68CFBAB80A}.Release|Mixed Platforms.Build.0 = Release|Any CPU
		{2666B8FA-C92E-FF59-0BD0-AE68CFBAB80A}.Release|x86.ActiveCfg = Release|Any CPU
		{2666B8FA-C92E-FF59-0BD0-AE68CFBAB80A}.Release|x86.Build.0 = Release|Any CPU
		{0E70E837-80B4-D87A-1076-5BF263A21A59}.Debug|Any CPU.ActiveCfg = Debug|Any CPU
		{0E70E837-80B4-D87A-1076-5BF263A21A59}.Debug|Any CPU.Build.0 = Debug|Any CPU
		{0E70E837-80B4-D87A-1076-5BF263A21A59}.Debug|Mixed Platforms.ActiveCfg = Debug|Any CPU
		{0E70E837-80B4-D87A-1076-5BF263A21A59}.Debug|Mixed Platforms.Build.0 = Debug|Any CPU
		{0E70E837-80B4-D87A-1076-5BF263A21A59}.Debug|x86.ActiveCfg = Debug|Any CPU
		{0E70E837-80B4-D87A-1076-5BF263A21A59}.Debug|x86.Build.0 = Debug|Any CPU
		{0E70E837-80B4-D87A-1076-5BF263A21A59}.Release|Any CPU.ActiveCfg = Release|Any CPU
		{0E70E837-80B4-D87A-1076-5BF263A21A59}.Release|Any CPU.Build.0 = Release|Any CPU
		{0E70E837-80B4-D87A-1076-5BF263A21A59}.Release|Mixed Platforms.ActiveCfg = Release|Any CPU
		{0E70E837-80B4-D87A-1076-5BF263A21A59}.Release|Mixed Platforms.Build.0 = Release|Any CPU
		{0E70E837-80B4-D87A-1076-5BF263A21A59}.Release|x86.ActiveCfg = Release|Any CPU
		{0E70E837-80B4-D87A-1076-5BF263A21A59}.Release|x86.Build.0 = Release|Any CPU
	EndGlobalSection
	GlobalSection(SolutionProperties) = preSolution
		HideSolutionNode = FALSE
	EndGlobalSection
	GlobalSection(NestedProjects) = preSolution
		{4F1F649C-1020-45BE-A487-F416D9297FF3} = {B09156FB-8291-46A2-AF37-67CE97CFB5A6}
		{6BDA8332-939F-45B7-A25E-7A797260AE59} = {E4ACA93B-D3DE-4557-B069-F1DB42925A4B}
		{CCD7F2C9-6A2C-4CF0-8E89-076B8FC0F144} = {E4ACA93B-D3DE-4557-B069-F1DB42925A4B}
		{210541AD-F659-47DA-8763-16F36C5CD2F4} = {E4ACA93B-D3DE-4557-B069-F1DB42925A4B}
		{75FD4163-333C-4DD5-854D-2EF294E45D94} = {B09156FB-8291-46A2-AF37-67CE97CFB5A6}
		{4C0C889A-A3B2-43FA-824A-F529402C1BBF} = {7881B112-7843-4542-B1F7-F99553FB9BB7}
		{FD31C133-B4DE-4BB2-B327-1D0E2F2C95D4} = {E8FC6874-E230-468A-9685-4747354B92FF}
		{7F388E1B-598D-49C0-9AED-BC8B64D02D67} = {7881B112-7843-4542-B1F7-F99553FB9BB7}
		{AE27E4AC-3D64-4AB0-9957-312897655E20} = {7881B112-7843-4542-B1F7-F99553FB9BB7}
		{96F6C2B2-6265-64F0-7FD1-363C41B678C2} = {7881B112-7843-4542-B1F7-F99553FB9BB7}
		{0F3F0FB1-FE8F-3390-4558-9BB2B0A807DF} = {7881B112-7843-4542-B1F7-F99553FB9BB7}
		{350207D3-5CD7-DEBC-19FD-59D187574035} = {7881B112-7843-4542-B1F7-F99553FB9BB7}
		{7373057B-2790-22FF-0C17-608AD712C0F1} = {7881B112-7843-4542-B1F7-F99553FB9BB7}
		{66E77797-4D5C-995F-D696-71CFE8C9FE65} = {7881B112-7843-4542-B1F7-F99553FB9BB7}
		{2666B8FA-C92E-FF59-0BD0-AE68CFBAB80A} = {7881B112-7843-4542-B1F7-F99553FB9BB7}
		{0E70E837-80B4-D87A-1076-5BF263A21A59} = {7881B112-7843-4542-B1F7-F99553FB9BB7}
	EndGlobalSection
	GlobalSection(ExtensibilityGlobals) = postSolution
		SolutionGuid = {EE72A8B2-332A-4175-9319-6726D36E9D25}
	EndGlobalSection
	GlobalSection(NDepend) = preSolution
		Project = ".\NopCommerce.ndproj"
	EndGlobalSection
EndGlobal
