
Microsoft Visual Studio Solution File, Format Version 12.00
# Visual Studio Version 16
VisualStudioVersion = 16.0.29009.5
MinimumVisualStudioVersion = 10.0.40219.1
Project("{2150E333-8FDC-42A3-9474-1A3956D46DE8}") = "Libraries", "Libraries", "{0E6988B7-8CD8-456F-9C91-C65F27C4B9B5}"
EndProject
Project("{2150E333-8FDC-42A3-9474-1A3956D46DE8}") = "Plugins", "Plugins", "{77CF831F-42A1-4BF6-84B0-6125B4CED354}"
EndProject
Project("{2150E333-8FDC-42A3-9474-1A3956D46DE8}") = "Presentation", "Presentation", "{FCB7D4CA-7739-40C8-BA07-FE3F42363D59}"
EndProject
Project("{2150E333-8FDC-42A3-9474-1A3956D46DE8}") = "Tests", "Tests", "{4B1982BF-159F-48E1-89BB-EA54754065A5}"
EndProject
Project("{9A19103F-16F7-4668-BE54-9A1E7A4F7556}") = "Nop.Core", "..\Libraries\Nop.Core\Nop.Core.csproj", "{314293D7-84C8-4182-96BE-B102D5A171B3}"
EndProject
Project("{9A19103F-16F7-4668-BE54-9A1E7A4F7556}") = "Nop.Data", "..\Libraries\Nop.Data\Nop.Data.csproj", "{0A95B24B-1705-4602-9D19-BCABA39A4B90}"
EndProject
Project("{9A19103F-16F7-4668-BE54-9A1E7A4F7556}") = "Nop.Services", "..\Libraries\Nop.Services\Nop.Services.csproj", "{2CF48B67-5D1B-4138-A12F-966FC9B6FEDE}"
EndProject
Project("{9A19103F-16F7-4668-BE54-9A1E7A4F7556}") = "Nop.Web.Framework", "..\Presentation\Nop.Web.Framework\Nop.Web.Framework.csproj", "{274FA2DC-350F-407F-AF34-0807C4A60862}"
EndProject
Project("{9A19103F-16F7-4668-BE54-9A1E7A4F7556}") = "Nop.Web", "..\Presentation\Nop.Web\Nop.Web.csproj", "{851C14C1-7624-48C8-9182-AFFE65BC0E8C}"
EndProject
Project("{9A19103F-16F7-4668-BE54-9A1E7A4F7556}") = "Nop.Core.Tests", "..\Tests\Nop.Core.Tests\Nop.Core.Tests.csproj", "{D0AC66DA-5AD1-4D4B-A418-2F732B4C6B44}"
EndProject
Project("{9A19103F-16F7-4668-BE54-9A1E7A4F7556}") = "Nop.Services.Tests", "..\Tests\Nop.Services.Tests\Nop.Services.Tests.csproj", "{4ACED371-CA7D-4F5E-AF76-D42047C5A2F4}"
EndProject
Project("{9A19103F-16F7-4668-BE54-9A1E7A4F7556}") = "Nop.Tests", "..\Tests\Nop.Tests\Nop.Tests.csproj", "{2E35AED7-656F-4293-B6D7-D2EDFDD432B2}"
EndProject
Project("{9A19103F-16F7-4668-BE54-9A1E7A4F7556}") = "Nop.Web.MVC.Tests", "..\Tests\Nop.Web.MVC.Tests\Nop.Web.MVC.Tests.csproj", "{9AC3A818-2A8B-4CA5-BD79-8EB26EFC2E1E}"
EndProject
Project("{9A19103F-16F7-4668-BE54-9A1E7A4F7556}") = "Nop.Plugin.Payments.MercadoPago", "..\Plugins\Nop.Plugin.Payments.MercadoPago\Nop.Plugin.Payments.MercadoPago.csproj", "{99F35387-278B-44CB-88EB-6B533CB67774}"
EndProject
Project("{9A19103F-16F7-4668-BE54-9A1E7A4F7556}") = "Nop.Plugin.Payments.PayPalStandard", "..\Plugins\Nop.Plugin.Payments.PayPalStandard\Nop.Plugin.Payments.PayPalStandard.csproj", "{3070EE81-899D-44DE-9184-84C206CB5F5E}"
EndProject
Project("{9A19103F-16F7-4668-BE54-9A1E7A4F7556}") = "NopBrasil.Plugin.Payments.PagSeguro", "..\Plugins\NopBrasil.Plugin.Payments.PagSeguro\NopBrasil.Plugin.Payments.PagSeguro.csproj", "{B4266163-4278-4BA3-9E90-452C0C47BD2D}"
EndProject
Project("{9A19103F-16F7-4668-BE54-9A1E7A4F7556}") = "Nop.Plugin.Payments.CheckMoneyOrder", "..\Plugins\Nop.Plugin.Payments.CheckMoneyOrder\Nop.Plugin.Payments.CheckMoneyOrder.csproj", "{7B394229-0E76-405F-A02A-4941C8019CA6}"
EndProject
Project("{9A19103F-16F7-4668-BE54-9A1E7A4F7556}") = "Nop.Plugin.Payments.Manual", "..\Plugins\Nop.Plugin.Payments.Manual\Nop.Plugin.Payments.Manual.csproj", "{7C15466B-E000-4ED4-98B9-163967D825D8}"
EndProject
Project("{9A19103F-16F7-4668-BE54-9A1E7A4F7556}") = "Nop.Plugin.Payments.Qualpay", "..\Plugins\Nop.Plugin.Payments.Qualpay\Nop.Plugin.Payments.Qualpay.csproj", "{C2196BF1-3BB0-4389-9395-BFDBB1392B9C}"
EndProject
Project("{9A19103F-16F7-4668-BE54-9A1E7A4F7556}") = "Nop.Plugin.Payments.Square", "..\Plugins\Nop.Plugin.Payments.Square\Nop.Plugin.Payments.Square.csproj", "{CFA99573-A067-4FA1-959E-53D89320FAE7}"
EndProject
Global
	GlobalSection(SolutionConfigurationPlatforms) = preSolution
		Debug|Any CPU = Debug|Any CPU
		Release|Any CPU = Release|Any CPU
	EndGlobalSection
	GlobalSection(ProjectConfigurationPlatforms) = postSolution
		{314293D7-84C8-4182-96BE-B102D5A171B3}.Debug|Any CPU.ActiveCfg = Debug|Any CPU
		{314293D7-84C8-4182-96BE-B102D5A171B3}.Debug|Any CPU.Build.0 = Debug|Any CPU
		{314293D7-84C8-4182-96BE-B102D5A171B3}.Release|Any CPU.ActiveCfg = Release|Any CPU
		{314293D7-84C8-4182-96BE-B102D5A171B3}.Release|Any CPU.Build.0 = Release|Any CPU
		{0A95B24B-1705-4602-9D19-BCABA39A4B90}.Debug|Any CPU.ActiveCfg = Debug|Any CPU
		{0A95B24B-1705-4602-9D19-BCABA39A4B90}.Debug|Any CPU.Build.0 = Debug|Any CPU
		{0A95B24B-1705-4602-9D19-BCABA39A4B90}.Release|Any CPU.ActiveCfg = Release|Any CPU
		{0A95B24B-1705-4602-9D19-BCABA39A4B90}.Release|Any CPU.Build.0 = Release|Any CPU
		{2CF48B67-5D1B-4138-A12F-966FC9B6FEDE}.Debug|Any CPU.ActiveCfg = Debug|Any CPU
		{2CF48B67-5D1B-4138-A12F-966FC9B6FEDE}.Debug|Any CPU.Build.0 = Debug|Any CPU
		{2CF48B67-5D1B-4138-A12F-966FC9B6FEDE}.Release|Any CPU.ActiveCfg = Release|Any CPU
		{2CF48B67-5D1B-4138-A12F-966FC9B6FEDE}.Release|Any CPU.Build.0 = Release|Any CPU
		{274FA2DC-350F-407F-AF34-0807C4A60862}.Debug|Any CPU.ActiveCfg = Debug|Any CPU
		{274FA2DC-350F-407F-AF34-0807C4A60862}.Debug|Any CPU.Build.0 = Debug|Any CPU
		{274FA2DC-350F-407F-AF34-0807C4A60862}.Release|Any CPU.ActiveCfg = Release|Any CPU
		{274FA2DC-350F-407F-AF34-0807C4A60862}.Release|Any CPU.Build.0 = Release|Any CPU
		{851C14C1-7624-48C8-9182-AFFE65BC0E8C}.Debug|Any CPU.ActiveCfg = Debug|Any CPU
		{851C14C1-7624-48C8-9182-AFFE65BC0E8C}.Debug|Any CPU.Build.0 = Debug|Any CPU
		{851C14C1-7624-48C8-9182-AFFE65BC0E8C}.Release|Any CPU.ActiveCfg = Release|Any CPU
		{851C14C1-7624-48C8-9182-AFFE65BC0E8C}.Release|Any CPU.Build.0 = Release|Any CPU
		{D0AC66DA-5AD1-4D4B-A418-2F732B4C6B44}.Debug|Any CPU.ActiveCfg = Debug|Any CPU
		{D0AC66DA-5AD1-4D4B-A418-2F732B4C6B44}.Release|Any CPU.ActiveCfg = Release|Any CPU
		{D0AC66DA-5AD1-4D4B-A418-2F732B4C6B44}.Release|Any CPU.Build.0 = Release|Any CPU
		{4ACED371-CA7D-4F5E-AF76-D42047C5A2F4}.Debug|Any CPU.ActiveCfg = Debug|Any CPU
		{4ACED371-CA7D-4F5E-AF76-D42047C5A2F4}.Release|Any CPU.ActiveCfg = Release|Any CPU
		{4ACED371-CA7D-4F5E-AF76-D42047C5A2F4}.Release|Any CPU.Build.0 = Release|Any CPU
		{2E35AED7-656F-4293-B6D7-D2EDFDD432B2}.Debug|Any CPU.ActiveCfg = Debug|Any CPU
		{2E35AED7-656F-4293-B6D7-D2EDFDD432B2}.Release|Any CPU.ActiveCfg = Release|Any CPU
		{2E35AED7-656F-4293-B6D7-D2EDFDD432B2}.Release|Any CPU.Build.0 = Release|Any CPU
		{9AC3A818-2A8B-4CA5-BD79-8EB26EFC2E1E}.Debug|Any CPU.ActiveCfg = Debug|Any CPU
		{9AC3A818-2A8B-4CA5-BD79-8EB26EFC2E1E}.Release|Any CPU.ActiveCfg = Release|Any CPU
		{9AC3A818-2A8B-4CA5-BD79-8EB26EFC2E1E}.Release|Any CPU.Build.0 = Release|Any CPU
		{99F35387-278B-44CB-88EB-6B533CB67774}.Debug|Any CPU.ActiveCfg = Debug|Any CPU
		{99F35387-278B-44CB-88EB-6B533CB67774}.Release|Any CPU.ActiveCfg = Release|Any CPU
		{99F35387-278B-44CB-88EB-6B533CB67774}.Release|Any CPU.Build.0 = Release|Any CPU
		{3070EE81-899D-44DE-9184-84C206CB5F5E}.Debug|Any CPU.ActiveCfg = Debug|Any CPU
		{3070EE81-899D-44DE-9184-84C206CB5F5E}.Release|Any CPU.ActiveCfg = Release|Any CPU
		{3070EE81-899D-44DE-9184-84C206CB5F5E}.Release|Any CPU.Build.0 = Release|Any CPU
		{B4266163-4278-4BA3-9E90-452C0C47BD2D}.Debug|Any CPU.ActiveCfg = Debug|Any CPU
		{B4266163-4278-4BA3-9E90-452C0C47BD2D}.Release|Any CPU.ActiveCfg = Release|Any CPU
		{B4266163-4278-4BA3-9E90-452C0C47BD2D}.Release|Any CPU.Build.0 = Release|Any CPU
		{7B394229-0E76-405F-A02A-4941C8019CA6}.Debug|Any CPU.ActiveCfg = Debug|Any CPU
		{7B394229-0E76-405F-A02A-4941C8019CA6}.Debug|Any CPU.Build.0 = Debug|Any CPU
		{7B394229-0E76-405F-A02A-4941C8019CA6}.Release|Any CPU.ActiveCfg = Release|Any CPU
		{7B394229-0E76-405F-A02A-4941C8019CA6}.Release|Any CPU.Build.0 = Release|Any CPU
		{7C15466B-E000-4ED4-98B9-163967D825D8}.Debug|Any CPU.ActiveCfg = Debug|Any CPU
		{7C15466B-E000-4ED4-98B9-163967D825D8}.Debug|Any CPU.Build.0 = Debug|Any CPU
		{7C15466B-E000-4ED4-98B9-163967D825D8}.Release|Any CPU.ActiveCfg = Release|Any CPU
		{7C15466B-E000-4ED4-98B9-163967D825D8}.Release|Any CPU.Build.0 = Release|Any CPU
		{C2196BF1-3BB0-4389-9395-BFDBB1392B9C}.Debug|Any CPU.ActiveCfg = Debug|Any CPU
		{C2196BF1-3BB0-4389-9395-BFDBB1392B9C}.Debug|Any CPU.Build.0 = Debug|Any CPU
		{C2196BF1-3BB0-4389-9395-BFDBB1392B9C}.Release|Any CPU.ActiveCfg = Release|Any CPU
		{C2196BF1-3BB0-4389-9395-BFDBB1392B9C}.Release|Any CPU.Build.0 = Release|Any CPU
		{CFA99573-A067-4FA1-959E-53D89320FAE7}.Debug|Any CPU.ActiveCfg = Debug|Any CPU
		{CFA99573-A067-4FA1-959E-53D89320FAE7}.Debug|Any CPU.Build.0 = Debug|Any CPU
		{CFA99573-A067-4FA1-959E-53D89320FAE7}.Release|Any CPU.ActiveCfg = Release|Any CPU
		{CFA99573-A067-4FA1-959E-53D89320FAE7}.Release|Any CPU.Build.0 = Release|Any CPU
	EndGlobalSection
	GlobalSection(SolutionProperties) = preSolution
		HideSolutionNode = FALSE
	EndGlobalSection
	GlobalSection(NestedProjects) = preSolution
		{314293D7-84C8-4182-96BE-B102D5A171B3} = {0E6988B7-8CD8-456F-9C91-C65F27C4B9B5}
		{0A95B24B-1705-4602-9D19-BCABA39A4B90} = {0E6988B7-8CD8-456F-9C91-C65F27C4B9B5}
		{2CF48B67-5D1B-4138-A12F-966FC9B6FEDE} = {0E6988B7-8CD8-456F-9C91-C65F27C4B9B5}
		{274FA2DC-350F-407F-AF34-0807C4A60862} = {FCB7D4CA-7739-40C8-BA07-FE3F42363D59}
		{851C14C1-7624-48C8-9182-AFFE65BC0E8C} = {FCB7D4CA-7739-40C8-BA07-FE3F42363D59}
		{D0AC66DA-5AD1-4D4B-A418-2F732B4C6B44} = {4B1982BF-159F-48E1-89BB-EA54754065A5}
		{4ACED371-CA7D-4F5E-AF76-D42047C5A2F4} = {4B1982BF-159F-48E1-89BB-EA54754065A5}
		{2E35AED7-656F-4293-B6D7-D2EDFDD432B2} = {4B1982BF-159F-48E1-89BB-EA54754065A5}
		{9AC3A818-2A8B-4CA5-BD79-8EB26EFC2E1E} = {4B1982BF-159F-48E1-89BB-EA54754065A5}
		{99F35387-278B-44CB-88EB-6B533CB67774} = {77CF831F-42A1-4BF6-84B0-6125B4CED354}
		{3070EE81-899D-44DE-9184-84C206CB5F5E} = {77CF831F-42A1-4BF6-84B0-6125B4CED354}
		{B4266163-4278-4BA3-9E90-452C0C47BD2D} = {77CF831F-42A1-4BF6-84B0-6125B4CED354}
		{7B394229-0E76-405F-A02A-4941C8019CA6} = {77CF831F-42A1-4BF6-84B0-6125B4CED354}
		{7C15466B-E000-4ED4-98B9-163967D825D8} = {77CF831F-42A1-4BF6-84B0-6125B4CED354}
		{C2196BF1-3BB0-4389-9395-BFDBB1392B9C} = {77CF831F-42A1-4BF6-84B0-6125B4CED354}
		{CFA99573-A067-4FA1-959E-53D89320FAE7} = {77CF831F-42A1-4BF6-84B0-6125B4CED354}
	EndGlobalSection
	GlobalSection(ExtensibilityGlobals) = postSolution
		SolutionGuid = {1A2D81E4-0D20-4F35-8C90-699C74ADA12C}
	EndGlobalSection
EndGlobal
